// !$*UTF8*$!
{
	archiveVersion = 1;
	classes = {
	};
	objectVersion = 46;
	objects = {

/* Begin PBXBuildFile section */
		29133456149646BB006D8A8C /* Foundation.framework in Frameworks */ = {isa = PBXBuildFile; fileRef = 29133455149646BB006D8A8C /* Foundation.framework */; };
		291334AD149648C2006D8A8C /* ASIAuthenticationDialog.h in Headers */ = {isa = PBXBuildFile; fileRef = 29133463149648C2006D8A8C /* ASIAuthenticationDialog.h */; };
		291334AE149648C2006D8A8C /* ASIAuthenticationDialog.m in Sources */ = {isa = PBXBuildFile; fileRef = 29133464149648C2006D8A8C /* ASIAuthenticationDialog.m */; };
		291334AF149648C2006D8A8C /* ASICacheDelegate.h in Headers */ = {isa = PBXBuildFile; fileRef = 29133465149648C2006D8A8C /* ASICacheDelegate.h */; };
		291334B0149648C2006D8A8C /* ASIDataCompressor.h in Headers */ = {isa = PBXBuildFile; fileRef = 29133466149648C2006D8A8C /* ASIDataCompressor.h */; };
		291334B1149648C2006D8A8C /* ASIDataCompressor.m in Sources */ = {isa = PBXBuildFile; fileRef = 29133467149648C2006D8A8C /* ASIDataCompressor.m */; };
		291334B2149648C2006D8A8C /* ASIDataDecompressor.h in Headers */ = {isa = PBXBuildFile; fileRef = 29133468149648C2006D8A8C /* ASIDataDecompressor.h */; };
		291334B3149648C2006D8A8C /* ASIDataDecompressor.m in Sources */ = {isa = PBXBuildFile; fileRef = 29133469149648C2006D8A8C /* ASIDataDecompressor.m */; };
		291334B4149648C2006D8A8C /* ASIDownloadCache.h in Headers */ = {isa = PBXBuildFile; fileRef = 2913346A149648C2006D8A8C /* ASIDownloadCache.h */; };
		291334B5149648C2006D8A8C /* ASIDownloadCache.m in Sources */ = {isa = PBXBuildFile; fileRef = 2913346B149648C2006D8A8C /* ASIDownloadCache.m */; };
		291334B6149648C2006D8A8C /* ASIFormDataRequest.h in Headers */ = {isa = PBXBuildFile; fileRef = 2913346C149648C2006D8A8C /* ASIFormDataRequest.h */; };
		291334B7149648C2006D8A8C /* ASIFormDataRequest.m in Sources */ = {isa = PBXBuildFile; fileRef = 2913346D149648C2006D8A8C /* ASIFormDataRequest.m */; };
		291334B8149648C2006D8A8C /* ASIHTTPRequest.h in Headers */ = {isa = PBXBuildFile; fileRef = 2913346E149648C2006D8A8C /* ASIHTTPRequest.h */; };
		291334B9149648C2006D8A8C /* ASIHTTPRequest.m in Sources */ = {isa = PBXBuildFile; fileRef = 2913346F149648C2006D8A8C /* ASIHTTPRequest.m */; };
		291334BA149648C2006D8A8C /* ASIHTTPRequestConfig.h in Headers */ = {isa = PBXBuildFile; fileRef = 29133470149648C2006D8A8C /* ASIHTTPRequestConfig.h */; };
		291334BB149648C2006D8A8C /* ASIHTTPRequestDelegate.h in Headers */ = {isa = PBXBuildFile; fileRef = 29133471149648C2006D8A8C /* ASIHTTPRequestDelegate.h */; };
		291334BC149648C2006D8A8C /* ASIInputStream.h in Headers */ = {isa = PBXBuildFile; fileRef = 29133472149648C2006D8A8C /* ASIInputStream.h */; };
		291334BD149648C2006D8A8C /* ASIInputStream.m in Sources */ = {isa = PBXBuildFile; fileRef = 29133473149648C2006D8A8C /* ASIInputStream.m */; };
		291334BE149648C2006D8A8C /* ASINetworkQueue.h in Headers */ = {isa = PBXBuildFile; fileRef = 29133474149648C2006D8A8C /* ASINetworkQueue.h */; };
		291334BF149648C2006D8A8C /* ASINetworkQueue.m in Sources */ = {isa = PBXBuildFile; fileRef = 29133475149648C2006D8A8C /* ASINetworkQueue.m */; };
		291334C0149648C2006D8A8C /* ASIProgressDelegate.h in Headers */ = {isa = PBXBuildFile; fileRef = 29133476149648C2006D8A8C /* ASIProgressDelegate.h */; };
		291334C1149648C2006D8A8C /* Reachability.h in Headers */ = {isa = PBXBuildFile; fileRef = 29133478149648C2006D8A8C /* Reachability.h */; };
		291334C2149648C2006D8A8C /* Reachability.m in Sources */ = {isa = PBXBuildFile; fileRef = 29133479149648C2006D8A8C /* Reachability.m */; };
		291334C3149648C2006D8A8C /* KalturaClient.h in Headers */ = {isa = PBXBuildFile; fileRef = 2913347A149648C2006D8A8C /* KalturaClient.h */; };
		291334C4149648C2006D8A8C /* KalturaClient.m in Sources */ = {isa = PBXBuildFile; fileRef = 2913347B149648C2006D8A8C /* KalturaClient.m */; };
		291334C5149648C2006D8A8C /* KalturaClientBase.h in Headers */ = {isa = PBXBuildFile; fileRef = 2913347C149648C2006D8A8C /* KalturaClientBase.h */; };
		291334C6149648C2006D8A8C /* KalturaClientBase.m in Sources */ = {isa = PBXBuildFile; fileRef = 2913347D149648C2006D8A8C /* KalturaClientBase.m */; };
		291334F3149648C2006D8A8C /* KalturaXmlParsers.h in Headers */ = {isa = PBXBuildFile; fileRef = 291334AB149648C2006D8A8C /* KalturaXmlParsers.h */; };
		291334F4149648C2006D8A8C /* KalturaXmlParsers.m in Sources */ = {isa = PBXBuildFile; fileRef = 291334AC149648C2006D8A8C /* KalturaXmlParsers.m */; };
		036FAB27DE2BF123468D68F5 /* KalturaMetadataClientPlugin.h in Headers */ = {isa = PBXBuildFile; fileRef = A271349CD085DE733D53FFAB /* KalturaMetadataClientPlugin.h */; };
		D105B07EB6F0E4EA01B739E2 /* KalturaMetadataClientPlugin.m in Sources */ = {isa = PBXBuildFile; fileRef = 25686C1402EE4EDE56EE3A19 /* KalturaMetadataClientPlugin.m */; };
		C02AE9BCC5B676CE6763E028 /* KalturaDocumentClientPlugin.h in Headers */ = {isa = PBXBuildFile; fileRef = 9E5DB1BE3D15A9CEA0AF0D8E /* KalturaDocumentClientPlugin.h */; };
		BF6F6BD173B896E91AAF001B /* KalturaDocumentClientPlugin.m in Sources */ = {isa = PBXBuildFile; fileRef = DF62D9D52EB5497C794CBB70 /* KalturaDocumentClientPlugin.m */; };
		BABCA06820450778A8BE2576 /* KalturaFileSyncClientPlugin.h in Headers */ = {isa = PBXBuildFile; fileRef = 3FDD2FBCB07966127A74FD7E /* KalturaFileSyncClientPlugin.h */; };
		CA6F74C1ACA06AB8F1B0062F /* KalturaFileSyncClientPlugin.m in Sources */ = {isa = PBXBuildFile; fileRef = 66F522C3F1062A3AD20046DB /* KalturaFileSyncClientPlugin.m */; };
		5B45E8654A4966CC93C60338 /* KalturaSystemPartnerClientPlugin.h in Headers */ = {isa = PBXBuildFile; fileRef = CE1E9229072937D5C22BF021 /* KalturaSystemPartnerClientPlugin.h */; };
		6250CFD77B63254BBECA405D /* KalturaSystemPartnerClientPlugin.m in Sources */ = {isa = PBXBuildFile; fileRef = 4BEE1CFCC39CCB37A4271FE7 /* KalturaSystemPartnerClientPlugin.m */; };
		41086F3D2EA6ACDF831CCEEB /* KalturaAdminConsoleClientPlugin.h in Headers */ = {isa = PBXBuildFile; fileRef = 08DD4B711D15F55AD67FA6FB /* KalturaAdminConsoleClientPlugin.h */; };
		1AD5C34B7959C53A86084100 /* KalturaAdminConsoleClientPlugin.m in Sources */ = {isa = PBXBuildFile; fileRef = B6AA916A25ABF56292A1DFF0 /* KalturaAdminConsoleClientPlugin.m */; };
		D2AF5A68AB0FB3DFB178DAE8 /* KalturaKalturaInternalToolsClientPlugin.h in Headers */ = {isa = PBXBuildFile; fileRef = F9E3015FB81B0B592078D7A3 /* KalturaKalturaInternalToolsClientPlugin.h */; };
		554D509943C2D0213B10B6DD /* KalturaKalturaInternalToolsClientPlugin.m in Sources */ = {isa = PBXBuildFile; fileRef = 8CBDD53A1B20723D20D9AB96 /* KalturaKalturaInternalToolsClientPlugin.m */; };
		DE04F85DBB0E8AADE2B55417 /* KalturaVirusScanClientPlugin.h in Headers */ = {isa = PBXBuildFile; fileRef = 0BCCA23DB9711C4B178DF946 /* KalturaVirusScanClientPlugin.h */; };
		DCC785DCC3D311F9626065CF /* KalturaVirusScanClientPlugin.m in Sources */ = {isa = PBXBuildFile; fileRef = 19295EF8345C7551ACAC5F2F /* KalturaVirusScanClientPlugin.m */; };
		EB02D3A30D53159939E12568 /* KalturaContentDistributionClientPlugin.h in Headers */ = {isa = PBXBuildFile; fileRef = BB4651F57F5356C398F51C38 /* KalturaContentDistributionClientPlugin.h */; };
		6105F0B04AA2AE8054C1A90B /* KalturaContentDistributionClientPlugin.m in Sources */ = {isa = PBXBuildFile; fileRef = CB1F5AFD4E2A1524D389EE09 /* KalturaContentDistributionClientPlugin.m */; };
		248DFAFF129AC5195C989BEF /* KalturaCuePointClientPlugin.h in Headers */ = {isa = PBXBuildFile; fileRef = E85BE4F5CEB5746DFE2324ED /* KalturaCuePointClientPlugin.h */; };
		D37BD3C4436A3A72E8737E06 /* KalturaCuePointClientPlugin.m in Sources */ = {isa = PBXBuildFile; fileRef = 3BE6D3E0291E593E05FB5217 /* KalturaCuePointClientPlugin.m */; };
		65CAF5CFCCAB9E6085756407 /* KalturaEventCuePointClientPlugin.h in Headers */ = {isa = PBXBuildFile; fileRef = 3D966618E85B8617B732DCE4 /* KalturaEventCuePointClientPlugin.h */; };
		99802F750EC34D681CEB86B1 /* KalturaEventCuePointClientPlugin.m in Sources */ = {isa = PBXBuildFile; fileRef = 761143870AE5E52C57670C4D /* KalturaEventCuePointClientPlugin.m */; };
		0D0990077550DB3C0A71D759 /* KalturaAdCuePointClientPlugin.h in Headers */ = {isa = PBXBuildFile; fileRef = 90065959190DAA672278603D /* KalturaAdCuePointClientPlugin.h */; };
		B3842E3FC8EEBB1728439F75 /* KalturaAdCuePointClientPlugin.m in Sources */ = {isa = PBXBuildFile; fileRef = A7FF6B2EAD92E6AF4854E083 /* KalturaAdCuePointClientPlugin.m */; };
		E5EABC06EAD496D78F86E359 /* KalturaCodeCuePointClientPlugin.h in Headers */ = {isa = PBXBuildFile; fileRef = 3B27D730515E87CC0F46B3CC /* KalturaCodeCuePointClientPlugin.h */; };
		E065A49A8798E51E61FF6565 /* KalturaCodeCuePointClientPlugin.m in Sources */ = {isa = PBXBuildFile; fileRef = A4FC415189371C6656644781 /* KalturaCodeCuePointClientPlugin.m */; };
		EBB020F99D23376320DEF0EF /* KalturaThumbCuePointClientPlugin.h in Headers */ = {isa = PBXBuildFile; fileRef = AB90CC40D8A933876B6D64F4 /* KalturaThumbCuePointClientPlugin.h */; };
		C7604C810FF279C9CAA3A45D /* KalturaThumbCuePointClientPlugin.m in Sources */ = {isa = PBXBuildFile; fileRef = 0A21A8ED5DCDBB5F2E8C393A /* KalturaThumbCuePointClientPlugin.m */; };
		72C42391074984FE89A9F36A /* KalturaAnnotationClientPlugin.h in Headers */ = {isa = PBXBuildFile; fileRef = 632D6ACA0F95E4187FB812AA /* KalturaAnnotationClientPlugin.h */; };
		AF96F709326D887F4265727E /* KalturaAnnotationClientPlugin.m in Sources */ = {isa = PBXBuildFile; fileRef = 3206D5D286B643B64BF42B74 /* KalturaAnnotationClientPlugin.m */; };
		C715336F2D793559DC65212C /* KalturaQuizClientPlugin.h in Headers */ = {isa = PBXBuildFile; fileRef = 9F76AF1695152ED2DF5BCA0B /* KalturaQuizClientPlugin.h */; };
		E3CC9E3804AD9EAEA6D4D2BF /* KalturaQuizClientPlugin.m in Sources */ = {isa = PBXBuildFile; fileRef = 390EE1CF5CBFBCFA91326D3B /* KalturaQuizClientPlugin.m */; };
		0C15213330B1F7C60DA37914 /* KalturaShortLinkClientPlugin.h in Headers */ = {isa = PBXBuildFile; fileRef = 7669988C5531EFFABA8065B8 /* KalturaShortLinkClientPlugin.h */; };
		16CD07610012E704FC1673F9 /* KalturaShortLinkClientPlugin.m in Sources */ = {isa = PBXBuildFile; fileRef = 48B50F1C1449B98D35869278 /* KalturaShortLinkClientPlugin.m */; };
		3CE7384CDE13EEEED3C03FE9 /* KalturaBulkUploadClientPlugin.h in Headers */ = {isa = PBXBuildFile; fileRef = 68C439477A81BB1A235CB9F4 /* KalturaBulkUploadClientPlugin.h */; };
		F94BE50C0AD8A74DB913CF2C /* KalturaBulkUploadClientPlugin.m in Sources */ = {isa = PBXBuildFile; fileRef = F6BE5F6FBCDFBC8405ABFDE8 /* KalturaBulkUploadClientPlugin.m */; };
		691F1D323E88770DDD888BBC /* KalturaBulkUploadCsvClientPlugin.h in Headers */ = {isa = PBXBuildFile; fileRef = 2E8AF06718EF6062B09E01EF /* KalturaBulkUploadCsvClientPlugin.h */; };
		A04E84700BB89B5383D47A63 /* KalturaBulkUploadCsvClientPlugin.m in Sources */ = {isa = PBXBuildFile; fileRef = F123E9028E139D1304D8CD02 /* KalturaBulkUploadCsvClientPlugin.m */; };
		E8636801032071674DE36617 /* KalturaBulkUploadXmlClientPlugin.h in Headers */ = {isa = PBXBuildFile; fileRef = DA1C8EF7DCC0F3B448AD3CAB /* KalturaBulkUploadXmlClientPlugin.h */; };
		5274AAA3A5D1D55A8E3995F2 /* KalturaBulkUploadXmlClientPlugin.m in Sources */ = {isa = PBXBuildFile; fileRef = 1AFAAF1A407E21769559BFCD /* KalturaBulkUploadXmlClientPlugin.m */; };
		EAEF27EDBE95FF22A8682D7D /* KalturaBulkUploadFilterClientPlugin.h in Headers */ = {isa = PBXBuildFile; fileRef = 0E866C1F2034CA11550C860A /* KalturaBulkUploadFilterClientPlugin.h */; };
		38FB62525467CB991EC2E298 /* KalturaBulkUploadFilterClientPlugin.m in Sources */ = {isa = PBXBuildFile; fileRef = DFD785389234E904EB324DE1 /* KalturaBulkUploadFilterClientPlugin.m */; };
		ABF4281EAD05FEF25D7B368E /* KalturaDropFolderClientPlugin.h in Headers */ = {isa = PBXBuildFile; fileRef = 14CA4B614175DDA3B1649BAA /* KalturaDropFolderClientPlugin.h */; };
		02DE70BD67E8278543900FC7 /* KalturaDropFolderClientPlugin.m in Sources */ = {isa = PBXBuildFile; fileRef = AC23CF24E5597C91C9039236 /* KalturaDropFolderClientPlugin.m */; };
		5EFD08DADF5C90341E81E8FE /* KalturaDropFolderXmlBulkUploadClientPlugin.h in Headers */ = {isa = PBXBuildFile; fileRef = 1BDD9B4FAD5892C3563B3D30 /* KalturaDropFolderXmlBulkUploadClientPlugin.h */; };
		9574B1E29CC9281B7A601303 /* KalturaDropFolderXmlBulkUploadClientPlugin.m in Sources */ = {isa = PBXBuildFile; fileRef = E8478F09D80461FA7B5CF128 /* KalturaDropFolderXmlBulkUploadClientPlugin.m */; };
		60C6369F237743FE59A1CD55 /* KalturaCaptionClientPlugin.h in Headers */ = {isa = PBXBuildFile; fileRef = CE5365CAAAEB80CD7FFDC257 /* KalturaCaptionClientPlugin.h */; };
		B7202A2110E588414AFFBA69 /* KalturaCaptionClientPlugin.m in Sources */ = {isa = PBXBuildFile; fileRef = EB64E32A0E6AD51FE61D5DE0 /* KalturaCaptionClientPlugin.m */; };
		5516E37D440F81FC53676C7D /* KalturaCaptionSearchClientPlugin.h in Headers */ = {isa = PBXBuildFile; fileRef = 401FC6A83E37BF2CDDEFD39A /* KalturaCaptionSearchClientPlugin.h */; };
		4220A6FB38545BFAA2B960AD /* KalturaCaptionSearchClientPlugin.m in Sources */ = {isa = PBXBuildFile; fileRef = E66D823E46BEA54739C6FAF8 /* KalturaCaptionSearchClientPlugin.m */; };
		388F4350929008A58450721F /* KalturaAttachmentClientPlugin.h in Headers */ = {isa = PBXBuildFile; fileRef = B7E743DA5D2B1BBA9109E237 /* KalturaAttachmentClientPlugin.h */; };
		8894989B64E6432673C06AB5 /* KalturaAttachmentClientPlugin.m in Sources */ = {isa = PBXBuildFile; fileRef = DBEFEC8EF33D9B7C966BDD7A /* KalturaAttachmentClientPlugin.m */; };
		3F63A9E35B1503EAAAE43674 /* KalturaTagSearchClientPlugin.h in Headers */ = {isa = PBXBuildFile; fileRef = 7E8C9AE9968B65C483043FE6 /* KalturaTagSearchClientPlugin.h */; };
		D9739AF16C4EAD7F4C4F6694 /* KalturaTagSearchClientPlugin.m in Sources */ = {isa = PBXBuildFile; fileRef = 42843811CD033399600E6B06 /* KalturaTagSearchClientPlugin.m */; };
		D75678F22C17F4AB97B095B0 /* KalturaLikeClientPlugin.h in Headers */ = {isa = PBXBuildFile; fileRef = 985CE3AF03557BB939D99937 /* KalturaLikeClientPlugin.h */; };
		A890671097993D47BEBEBC2B /* KalturaLikeClientPlugin.m in Sources */ = {isa = PBXBuildFile; fileRef = D6139621E9D21237FCED63DF /* KalturaLikeClientPlugin.m */; };
		F5B05BDE1C0EDF2A75E71BB4 /* KalturaVarConsoleClientPlugin.h in Headers */ = {isa = PBXBuildFile; fileRef = AF20C19DE65498CE791374B9 /* KalturaVarConsoleClientPlugin.h */; };
		AC358509A8AE623B826CA633 /* KalturaVarConsoleClientPlugin.m in Sources */ = {isa = PBXBuildFile; fileRef = 395E904F55775BC7E25FAC3C /* KalturaVarConsoleClientPlugin.m */; };
		9DC4AD4DF1B169F7CA4A78CF /* KalturaEventNotificationClientPlugin.h in Headers */ = {isa = PBXBuildFile; fileRef = 823912B5F40A56296C053A73 /* KalturaEventNotificationClientPlugin.h */; };
		1BA07A622F3D5CC1473CC701 /* KalturaEventNotificationClientPlugin.m in Sources */ = {isa = PBXBuildFile; fileRef = D5D489FF488953E7C21914FF /* KalturaEventNotificationClientPlugin.m */; };
		3F065BF79B0C6759943B0F77 /* KalturaEmailNotificationClientPlugin.h in Headers */ = {isa = PBXBuildFile; fileRef = DA8CCE1C08B4A3D016C7CAFA /* KalturaEmailNotificationClientPlugin.h */; };
		D4BE8C96D884B61E32814D7B /* KalturaEmailNotificationClientPlugin.m in Sources */ = {isa = PBXBuildFile; fileRef = 5663D00F81C3550577A29600 /* KalturaEmailNotificationClientPlugin.m */; };
		C2DE9697BE8C37283AC24BCF /* KalturaHttpNotificationClientPlugin.h in Headers */ = {isa = PBXBuildFile; fileRef = 59825AE7D4941F76C8D21742 /* KalturaHttpNotificationClientPlugin.h */; };
		ECBDA5D21D3C29226B4FC51D /* KalturaHttpNotificationClientPlugin.m in Sources */ = {isa = PBXBuildFile; fileRef = E73BB4CEDC73925565961420 /* KalturaHttpNotificationClientPlugin.m */; };
		5F0C6D51AE0B6FF9FE7CF9BF /* KalturaExternalMediaClientPlugin.h in Headers */ = {isa = PBXBuildFile; fileRef = EBD70F8704E1343CE64E2826 /* KalturaExternalMediaClientPlugin.h */; };
		764B66258E6624CDF82BBDDD /* KalturaExternalMediaClientPlugin.m in Sources */ = {isa = PBXBuildFile; fileRef = AA4CD681A6858E80B541AF91 /* KalturaExternalMediaClientPlugin.m */; };
		6E04E853BCF866CD226CA4A4 /* KalturaKontikiClientPlugin.h in Headers */ = {isa = PBXBuildFile; fileRef = 604B3EBD065C2764A12B9E79 /* KalturaKontikiClientPlugin.h */; };
		00EDECF5367858DB05D354D2 /* KalturaKontikiClientPlugin.m in Sources */ = {isa = PBXBuildFile; fileRef = 1E006ED208EFC246C5CE3B27 /* KalturaKontikiClientPlugin.m */; };
		E31CA6796D5FB272C77CECF8 /* KalturaVelocixClientPlugin.h in Headers */ = {isa = PBXBuildFile; fileRef = D178C3866EE1BC55ADBFAFC7 /* KalturaVelocixClientPlugin.h */; };
		A3B182BF5FCF0B61C8551C16 /* KalturaVelocixClientPlugin.m in Sources */ = {isa = PBXBuildFile; fileRef = 4D3163F9EB919A61DE6C836E /* KalturaVelocixClientPlugin.m */; };
		13516FF49F48145CF8EE7C49 /* KalturaScheduledTaskClientPlugin.h in Headers */ = {isa = PBXBuildFile; fileRef = 0BC40217C8D5E9783ACEB9D1 /* KalturaScheduledTaskClientPlugin.h */; };
		1308BAE1443B02E7A20F8505 /* KalturaScheduledTaskClientPlugin.m in Sources */ = {isa = PBXBuildFile; fileRef = 7BBA20EA26A1B89C2FFAAD9D /* KalturaScheduledTaskClientPlugin.m */; };
		46B650C096B053090AECDCDC /* KalturaScheduledTaskMetadataClientPlugin.h in Headers */ = {isa = PBXBuildFile; fileRef = DCD9FA149A9157261A4D875D /* KalturaScheduledTaskMetadataClientPlugin.h */; };
		6C56FF0617DBE1BDFD4C46D5 /* KalturaScheduledTaskMetadataClientPlugin.m in Sources */ = {isa = PBXBuildFile; fileRef = FAD6EC0EA63CE2605E01D765 /* KalturaScheduledTaskMetadataClientPlugin.m */; };
		8360BA367F53D7A72E018079 /* KalturaScheduledTaskEventNotificationClientPlugin.h in Headers */ = {isa = PBXBuildFile; fileRef = 360A31408271E22B520FB515 /* KalturaScheduledTaskEventNotificationClientPlugin.h */; };
		B44CEB3A39BABA1599664BE6 /* KalturaScheduledTaskEventNotificationClientPlugin.m in Sources */ = {isa = PBXBuildFile; fileRef = 96635FF2CD4B6AA326783849 /* KalturaScheduledTaskEventNotificationClientPlugin.m */; };
		1523383D4B1F397CC0838EE6 /* KalturaScheduledTaskContentDistributionClientPlugin.h in Headers */ = {isa = PBXBuildFile; fileRef = 443A7C5B674DBD13D1C32551 /* KalturaScheduledTaskContentDistributionClientPlugin.h */; };
		63C725FA8CBF24025754DB7B /* KalturaScheduledTaskContentDistributionClientPlugin.m in Sources */ = {isa = PBXBuildFile; fileRef = 4DB62C229EDA6CA2C927AD09 /* KalturaScheduledTaskContentDistributionClientPlugin.m */; };
		B969E19C2C62B7F39861A81C /* KalturaFeedDropFolderClientPlugin.h in Headers */ = {isa = PBXBuildFile; fileRef = 43DFB3192A31BF29B949CAE0 /* KalturaFeedDropFolderClientPlugin.h */; };
		DB06C20F58D58F4039FC0279 /* KalturaFeedDropFolderClientPlugin.m in Sources */ = {isa = PBXBuildFile; fileRef = CC6BD82BAF7A4DC1E2B7B1E6 /* KalturaFeedDropFolderClientPlugin.m */; };
/* End PBXBuildFile section */

/* Begin PBXFileReference section */
		29133452149646BB006D8A8C /* libKalturaClient.a */ = {isa = PBXFileReference; explicitFileType = archive.ar; includeInIndex = 0; path = libKalturaClient.a; sourceTree = BUILT_PRODUCTS_DIR; };
		29133455149646BB006D8A8C /* Foundation.framework */ = {isa = PBXFileReference; lastKnownFileType = wrapper.framework; name = Foundation.framework; path = System/Library/Frameworks/Foundation.framework; sourceTree = SDKROOT; };
		29133459149646BB006D8A8C /* KalturaClient-Prefix.pch */ = {isa = PBXFileReference; lastKnownFileType = sourcecode.c.h; path = "KalturaClient-Prefix.pch"; sourceTree = "<group>"; };
		29133463149648C2006D8A8C /* ASIAuthenticationDialog.h */ = {isa = PBXFileReference; fileEncoding = 4; lastKnownFileType = sourcecode.c.h; path = ASIAuthenticationDialog.h; sourceTree = "<group>"; };
		29133464149648C2006D8A8C /* ASIAuthenticationDialog.m */ = {isa = PBXFileReference; fileEncoding = 4; lastKnownFileType = sourcecode.c.objc; path = ASIAuthenticationDialog.m; sourceTree = "<group>"; };
		29133465149648C2006D8A8C /* ASICacheDelegate.h */ = {isa = PBXFileReference; fileEncoding = 4; lastKnownFileType = sourcecode.c.h; path = ASICacheDelegate.h; sourceTree = "<group>"; };
		29133466149648C2006D8A8C /* ASIDataCompressor.h */ = {isa = PBXFileReference; fileEncoding = 4; lastKnownFileType = sourcecode.c.h; path = ASIDataCompressor.h; sourceTree = "<group>"; };
		29133467149648C2006D8A8C /* ASIDataCompressor.m */ = {isa = PBXFileReference; fileEncoding = 4; lastKnownFileType = sourcecode.c.objc; path = ASIDataCompressor.m; sourceTree = "<group>"; };
		29133468149648C2006D8A8C /* ASIDataDecompressor.h */ = {isa = PBXFileReference; fileEncoding = 4; lastKnownFileType = sourcecode.c.h; path = ASIDataDecompressor.h; sourceTree = "<group>"; };
		29133469149648C2006D8A8C /* ASIDataDecompressor.m */ = {isa = PBXFileReference; fileEncoding = 4; lastKnownFileType = sourcecode.c.objc; path = ASIDataDecompressor.m; sourceTree = "<group>"; };
		2913346A149648C2006D8A8C /* ASIDownloadCache.h */ = {isa = PBXFileReference; fileEncoding = 4; lastKnownFileType = sourcecode.c.h; path = ASIDownloadCache.h; sourceTree = "<group>"; };
		2913346B149648C2006D8A8C /* ASIDownloadCache.m */ = {isa = PBXFileReference; fileEncoding = 4; lastKnownFileType = sourcecode.c.objc; path = ASIDownloadCache.m; sourceTree = "<group>"; };
		2913346C149648C2006D8A8C /* ASIFormDataRequest.h */ = {isa = PBXFileReference; fileEncoding = 4; lastKnownFileType = sourcecode.c.h; path = ASIFormDataRequest.h; sourceTree = "<group>"; };
		2913346D149648C2006D8A8C /* ASIFormDataRequest.m */ = {isa = PBXFileReference; fileEncoding = 4; lastKnownFileType = sourcecode.c.objc; path = ASIFormDataRequest.m; sourceTree = "<group>"; };
		2913346E149648C2006D8A8C /* ASIHTTPRequest.h */ = {isa = PBXFileReference; fileEncoding = 4; lastKnownFileType = sourcecode.c.h; path = ASIHTTPRequest.h; sourceTree = "<group>"; };
		2913346F149648C2006D8A8C /* ASIHTTPRequest.m */ = {isa = PBXFileReference; fileEncoding = 4; lastKnownFileType = sourcecode.c.objc; path = ASIHTTPRequest.m; sourceTree = "<group>"; };
		29133470149648C2006D8A8C /* ASIHTTPRequestConfig.h */ = {isa = PBXFileReference; fileEncoding = 4; lastKnownFileType = sourcecode.c.h; path = ASIHTTPRequestConfig.h; sourceTree = "<group>"; };
		29133471149648C2006D8A8C /* ASIHTTPRequestDelegate.h */ = {isa = PBXFileReference; fileEncoding = 4; lastKnownFileType = sourcecode.c.h; path = ASIHTTPRequestDelegate.h; sourceTree = "<group>"; };
		29133472149648C2006D8A8C /* ASIInputStream.h */ = {isa = PBXFileReference; fileEncoding = 4; lastKnownFileType = sourcecode.c.h; path = ASIInputStream.h; sourceTree = "<group>"; };
		29133473149648C2006D8A8C /* ASIInputStream.m */ = {isa = PBXFileReference; fileEncoding = 4; lastKnownFileType = sourcecode.c.objc; path = ASIInputStream.m; sourceTree = "<group>"; };
		29133474149648C2006D8A8C /* ASINetworkQueue.h */ = {isa = PBXFileReference; fileEncoding = 4; lastKnownFileType = sourcecode.c.h; path = ASINetworkQueue.h; sourceTree = "<group>"; };
		29133475149648C2006D8A8C /* ASINetworkQueue.m */ = {isa = PBXFileReference; fileEncoding = 4; lastKnownFileType = sourcecode.c.objc; path = ASINetworkQueue.m; sourceTree = "<group>"; };
		29133476149648C2006D8A8C /* ASIProgressDelegate.h */ = {isa = PBXFileReference; fileEncoding = 4; lastKnownFileType = sourcecode.c.h; path = ASIProgressDelegate.h; sourceTree = "<group>"; };
		29133477149648C2006D8A8C /* LICENSE */ = {isa = PBXFileReference; fileEncoding = 4; lastKnownFileType = text; path = LICENSE; sourceTree = "<group>"; };
		29133478149648C2006D8A8C /* Reachability.h */ = {isa = PBXFileReference; fileEncoding = 4; lastKnownFileType = sourcecode.c.h; path = Reachability.h; sourceTree = "<group>"; };
		29133479149648C2006D8A8C /* Reachability.m */ = {isa = PBXFileReference; fileEncoding = 4; lastKnownFileType = sourcecode.c.objc; path = Reachability.m; sourceTree = "<group>"; };
		2913347A149648C2006D8A8C /* KalturaClient.h */ = {isa = PBXFileReference; fileEncoding = 4; lastKnownFileType = sourcecode.c.h; path = KalturaClient.h; sourceTree = "<group>"; };
		2913347B149648C2006D8A8C /* KalturaClient.m */ = {isa = PBXFileReference; fileEncoding = 4; lastKnownFileType = sourcecode.c.objc; path = KalturaClient.m; sourceTree = "<group>"; };
		2913347C149648C2006D8A8C /* KalturaClientBase.h */ = {isa = PBXFileReference; fileEncoding = 4; lastKnownFileType = sourcecode.c.h; path = KalturaClientBase.h; sourceTree = "<group>"; };
		2913347D149648C2006D8A8C /* KalturaClientBase.m */ = {isa = PBXFileReference; fileEncoding = 4; lastKnownFileType = sourcecode.c.objc; path = KalturaClientBase.m; sourceTree = "<group>"; };
		291334AB149648C2006D8A8C /* KalturaXmlParsers.h */ = {isa = PBXFileReference; fileEncoding = 4; lastKnownFileType = sourcecode.c.h; path = KalturaXmlParsers.h; sourceTree = "<group>"; };
		291334AC149648C2006D8A8C /* KalturaXmlParsers.m */ = {isa = PBXFileReference; fileEncoding = 4; lastKnownFileType = sourcecode.c.objc; path = KalturaXmlParsers.m; sourceTree = "<group>"; };
		A271349CD085DE733D53FFAB /* KalturaMetadataClientPlugin.h */ = {isa = PBXFileReference; fileEncoding = 4; lastKnownFileType = sourcecode.c.h; path = KalturaMetadataClientPlugin.h; sourceTree = "<group>"; };
		25686C1402EE4EDE56EE3A19 /* KalturaMetadataClientPlugin.m */ = {isa = PBXFileReference; fileEncoding = 4; lastKnownFileType = sourcecode.c.objc; path = KalturaMetadataClientPlugin.m; sourceTree = "<group>"; };
		9E5DB1BE3D15A9CEA0AF0D8E /* KalturaDocumentClientPlugin.h */ = {isa = PBXFileReference; fileEncoding = 4; lastKnownFileType = sourcecode.c.h; path = KalturaDocumentClientPlugin.h; sourceTree = "<group>"; };
		DF62D9D52EB5497C794CBB70 /* KalturaDocumentClientPlugin.m */ = {isa = PBXFileReference; fileEncoding = 4; lastKnownFileType = sourcecode.c.objc; path = KalturaDocumentClientPlugin.m; sourceTree = "<group>"; };
		3FDD2FBCB07966127A74FD7E /* KalturaFileSyncClientPlugin.h */ = {isa = PBXFileReference; fileEncoding = 4; lastKnownFileType = sourcecode.c.h; path = KalturaFileSyncClientPlugin.h; sourceTree = "<group>"; };
		66F522C3F1062A3AD20046DB /* KalturaFileSyncClientPlugin.m */ = {isa = PBXFileReference; fileEncoding = 4; lastKnownFileType = sourcecode.c.objc; path = KalturaFileSyncClientPlugin.m; sourceTree = "<group>"; };
		CE1E9229072937D5C22BF021 /* KalturaSystemPartnerClientPlugin.h */ = {isa = PBXFileReference; fileEncoding = 4; lastKnownFileType = sourcecode.c.h; path = KalturaSystemPartnerClientPlugin.h; sourceTree = "<group>"; };
		4BEE1CFCC39CCB37A4271FE7 /* KalturaSystemPartnerClientPlugin.m */ = {isa = PBXFileReference; fileEncoding = 4; lastKnownFileType = sourcecode.c.objc; path = KalturaSystemPartnerClientPlugin.m; sourceTree = "<group>"; };
		08DD4B711D15F55AD67FA6FB /* KalturaAdminConsoleClientPlugin.h */ = {isa = PBXFileReference; fileEncoding = 4; lastKnownFileType = sourcecode.c.h; path = KalturaAdminConsoleClientPlugin.h; sourceTree = "<group>"; };
		B6AA916A25ABF56292A1DFF0 /* KalturaAdminConsoleClientPlugin.m */ = {isa = PBXFileReference; fileEncoding = 4; lastKnownFileType = sourcecode.c.objc; path = KalturaAdminConsoleClientPlugin.m; sourceTree = "<group>"; };
		F9E3015FB81B0B592078D7A3 /* KalturaKalturaInternalToolsClientPlugin.h */ = {isa = PBXFileReference; fileEncoding = 4; lastKnownFileType = sourcecode.c.h; path = KalturaKalturaInternalToolsClientPlugin.h; sourceTree = "<group>"; };
		8CBDD53A1B20723D20D9AB96 /* KalturaKalturaInternalToolsClientPlugin.m */ = {isa = PBXFileReference; fileEncoding = 4; lastKnownFileType = sourcecode.c.objc; path = KalturaKalturaInternalToolsClientPlugin.m; sourceTree = "<group>"; };
		0BCCA23DB9711C4B178DF946 /* KalturaVirusScanClientPlugin.h */ = {isa = PBXFileReference; fileEncoding = 4; lastKnownFileType = sourcecode.c.h; path = KalturaVirusScanClientPlugin.h; sourceTree = "<group>"; };
		19295EF8345C7551ACAC5F2F /* KalturaVirusScanClientPlugin.m */ = {isa = PBXFileReference; fileEncoding = 4; lastKnownFileType = sourcecode.c.objc; path = KalturaVirusScanClientPlugin.m; sourceTree = "<group>"; };
		BB4651F57F5356C398F51C38 /* KalturaContentDistributionClientPlugin.h */ = {isa = PBXFileReference; fileEncoding = 4; lastKnownFileType = sourcecode.c.h; path = KalturaContentDistributionClientPlugin.h; sourceTree = "<group>"; };
		CB1F5AFD4E2A1524D389EE09 /* KalturaContentDistributionClientPlugin.m */ = {isa = PBXFileReference; fileEncoding = 4; lastKnownFileType = sourcecode.c.objc; path = KalturaContentDistributionClientPlugin.m; sourceTree = "<group>"; };
		E85BE4F5CEB5746DFE2324ED /* KalturaCuePointClientPlugin.h */ = {isa = PBXFileReference; fileEncoding = 4; lastKnownFileType = sourcecode.c.h; path = KalturaCuePointClientPlugin.h; sourceTree = "<group>"; };
		3BE6D3E0291E593E05FB5217 /* KalturaCuePointClientPlugin.m */ = {isa = PBXFileReference; fileEncoding = 4; lastKnownFileType = sourcecode.c.objc; path = KalturaCuePointClientPlugin.m; sourceTree = "<group>"; };
		3D966618E85B8617B732DCE4 /* KalturaEventCuePointClientPlugin.h */ = {isa = PBXFileReference; fileEncoding = 4; lastKnownFileType = sourcecode.c.h; path = KalturaEventCuePointClientPlugin.h; sourceTree = "<group>"; };
		761143870AE5E52C57670C4D /* KalturaEventCuePointClientPlugin.m */ = {isa = PBXFileReference; fileEncoding = 4; lastKnownFileType = sourcecode.c.objc; path = KalturaEventCuePointClientPlugin.m; sourceTree = "<group>"; };
		90065959190DAA672278603D /* KalturaAdCuePointClientPlugin.h */ = {isa = PBXFileReference; fileEncoding = 4; lastKnownFileType = sourcecode.c.h; path = KalturaAdCuePointClientPlugin.h; sourceTree = "<group>"; };
		A7FF6B2EAD92E6AF4854E083 /* KalturaAdCuePointClientPlugin.m */ = {isa = PBXFileReference; fileEncoding = 4; lastKnownFileType = sourcecode.c.objc; path = KalturaAdCuePointClientPlugin.m; sourceTree = "<group>"; };
		3B27D730515E87CC0F46B3CC /* KalturaCodeCuePointClientPlugin.h */ = {isa = PBXFileReference; fileEncoding = 4; lastKnownFileType = sourcecode.c.h; path = KalturaCodeCuePointClientPlugin.h; sourceTree = "<group>"; };
		A4FC415189371C6656644781 /* KalturaCodeCuePointClientPlugin.m */ = {isa = PBXFileReference; fileEncoding = 4; lastKnownFileType = sourcecode.c.objc; path = KalturaCodeCuePointClientPlugin.m; sourceTree = "<group>"; };
		AB90CC40D8A933876B6D64F4 /* KalturaThumbCuePointClientPlugin.h */ = {isa = PBXFileReference; fileEncoding = 4; lastKnownFileType = sourcecode.c.h; path = KalturaThumbCuePointClientPlugin.h; sourceTree = "<group>"; };
		0A21A8ED5DCDBB5F2E8C393A /* KalturaThumbCuePointClientPlugin.m */ = {isa = PBXFileReference; fileEncoding = 4; lastKnownFileType = sourcecode.c.objc; path = KalturaThumbCuePointClientPlugin.m; sourceTree = "<group>"; };
		632D6ACA0F95E4187FB812AA /* KalturaAnnotationClientPlugin.h */ = {isa = PBXFileReference; fileEncoding = 4; lastKnownFileType = sourcecode.c.h; path = KalturaAnnotationClientPlugin.h; sourceTree = "<group>"; };
		3206D5D286B643B64BF42B74 /* KalturaAnnotationClientPlugin.m */ = {isa = PBXFileReference; fileEncoding = 4; lastKnownFileType = sourcecode.c.objc; path = KalturaAnnotationClientPlugin.m; sourceTree = "<group>"; };
		9F76AF1695152ED2DF5BCA0B /* KalturaQuizClientPlugin.h */ = {isa = PBXFileReference; fileEncoding = 4; lastKnownFileType = sourcecode.c.h; path = KalturaQuizClientPlugin.h; sourceTree = "<group>"; };
		390EE1CF5CBFBCFA91326D3B /* KalturaQuizClientPlugin.m */ = {isa = PBXFileReference; fileEncoding = 4; lastKnownFileType = sourcecode.c.objc; path = KalturaQuizClientPlugin.m; sourceTree = "<group>"; };
		7669988C5531EFFABA8065B8 /* KalturaShortLinkClientPlugin.h */ = {isa = PBXFileReference; fileEncoding = 4; lastKnownFileType = sourcecode.c.h; path = KalturaShortLinkClientPlugin.h; sourceTree = "<group>"; };
		48B50F1C1449B98D35869278 /* KalturaShortLinkClientPlugin.m */ = {isa = PBXFileReference; fileEncoding = 4; lastKnownFileType = sourcecode.c.objc; path = KalturaShortLinkClientPlugin.m; sourceTree = "<group>"; };
		68C439477A81BB1A235CB9F4 /* KalturaBulkUploadClientPlugin.h */ = {isa = PBXFileReference; fileEncoding = 4; lastKnownFileType = sourcecode.c.h; path = KalturaBulkUploadClientPlugin.h; sourceTree = "<group>"; };
		F6BE5F6FBCDFBC8405ABFDE8 /* KalturaBulkUploadClientPlugin.m */ = {isa = PBXFileReference; fileEncoding = 4; lastKnownFileType = sourcecode.c.objc; path = KalturaBulkUploadClientPlugin.m; sourceTree = "<group>"; };
		2E8AF06718EF6062B09E01EF /* KalturaBulkUploadCsvClientPlugin.h */ = {isa = PBXFileReference; fileEncoding = 4; lastKnownFileType = sourcecode.c.h; path = KalturaBulkUploadCsvClientPlugin.h; sourceTree = "<group>"; };
		F123E9028E139D1304D8CD02 /* KalturaBulkUploadCsvClientPlugin.m */ = {isa = PBXFileReference; fileEncoding = 4; lastKnownFileType = sourcecode.c.objc; path = KalturaBulkUploadCsvClientPlugin.m; sourceTree = "<group>"; };
		DA1C8EF7DCC0F3B448AD3CAB /* KalturaBulkUploadXmlClientPlugin.h */ = {isa = PBXFileReference; fileEncoding = 4; lastKnownFileType = sourcecode.c.h; path = KalturaBulkUploadXmlClientPlugin.h; sourceTree = "<group>"; };
		1AFAAF1A407E21769559BFCD /* KalturaBulkUploadXmlClientPlugin.m */ = {isa = PBXFileReference; fileEncoding = 4; lastKnownFileType = sourcecode.c.objc; path = KalturaBulkUploadXmlClientPlugin.m; sourceTree = "<group>"; };
		0E866C1F2034CA11550C860A /* KalturaBulkUploadFilterClientPlugin.h */ = {isa = PBXFileReference; fileEncoding = 4; lastKnownFileType = sourcecode.c.h; path = KalturaBulkUploadFilterClientPlugin.h; sourceTree = "<group>"; };
		DFD785389234E904EB324DE1 /* KalturaBulkUploadFilterClientPlugin.m */ = {isa = PBXFileReference; fileEncoding = 4; lastKnownFileType = sourcecode.c.objc; path = KalturaBulkUploadFilterClientPlugin.m; sourceTree = "<group>"; };
		14CA4B614175DDA3B1649BAA /* KalturaDropFolderClientPlugin.h */ = {isa = PBXFileReference; fileEncoding = 4; lastKnownFileType = sourcecode.c.h; path = KalturaDropFolderClientPlugin.h; sourceTree = "<group>"; };
		AC23CF24E5597C91C9039236 /* KalturaDropFolderClientPlugin.m */ = {isa = PBXFileReference; fileEncoding = 4; lastKnownFileType = sourcecode.c.objc; path = KalturaDropFolderClientPlugin.m; sourceTree = "<group>"; };
		1BDD9B4FAD5892C3563B3D30 /* KalturaDropFolderXmlBulkUploadClientPlugin.h */ = {isa = PBXFileReference; fileEncoding = 4; lastKnownFileType = sourcecode.c.h; path = KalturaDropFolderXmlBulkUploadClientPlugin.h; sourceTree = "<group>"; };
		E8478F09D80461FA7B5CF128 /* KalturaDropFolderXmlBulkUploadClientPlugin.m */ = {isa = PBXFileReference; fileEncoding = 4; lastKnownFileType = sourcecode.c.objc; path = KalturaDropFolderXmlBulkUploadClientPlugin.m; sourceTree = "<group>"; };
		CE5365CAAAEB80CD7FFDC257 /* KalturaCaptionClientPlugin.h */ = {isa = PBXFileReference; fileEncoding = 4; lastKnownFileType = sourcecode.c.h; path = KalturaCaptionClientPlugin.h; sourceTree = "<group>"; };
		EB64E32A0E6AD51FE61D5DE0 /* KalturaCaptionClientPlugin.m */ = {isa = PBXFileReference; fileEncoding = 4; lastKnownFileType = sourcecode.c.objc; path = KalturaCaptionClientPlugin.m; sourceTree = "<group>"; };
		401FC6A83E37BF2CDDEFD39A /* KalturaCaptionSearchClientPlugin.h */ = {isa = PBXFileReference; fileEncoding = 4; lastKnownFileType = sourcecode.c.h; path = KalturaCaptionSearchClientPlugin.h; sourceTree = "<group>"; };
		E66D823E46BEA54739C6FAF8 /* KalturaCaptionSearchClientPlugin.m */ = {isa = PBXFileReference; fileEncoding = 4; lastKnownFileType = sourcecode.c.objc; path = KalturaCaptionSearchClientPlugin.m; sourceTree = "<group>"; };
		B7E743DA5D2B1BBA9109E237 /* KalturaAttachmentClientPlugin.h */ = {isa = PBXFileReference; fileEncoding = 4; lastKnownFileType = sourcecode.c.h; path = KalturaAttachmentClientPlugin.h; sourceTree = "<group>"; };
		DBEFEC8EF33D9B7C966BDD7A /* KalturaAttachmentClientPlugin.m */ = {isa = PBXFileReference; fileEncoding = 4; lastKnownFileType = sourcecode.c.objc; path = KalturaAttachmentClientPlugin.m; sourceTree = "<group>"; };
		7E8C9AE9968B65C483043FE6 /* KalturaTagSearchClientPlugin.h */ = {isa = PBXFileReference; fileEncoding = 4; lastKnownFileType = sourcecode.c.h; path = KalturaTagSearchClientPlugin.h; sourceTree = "<group>"; };
		42843811CD033399600E6B06 /* KalturaTagSearchClientPlugin.m */ = {isa = PBXFileReference; fileEncoding = 4; lastKnownFileType = sourcecode.c.objc; path = KalturaTagSearchClientPlugin.m; sourceTree = "<group>"; };
		985CE3AF03557BB939D99937 /* KalturaLikeClientPlugin.h */ = {isa = PBXFileReference; fileEncoding = 4; lastKnownFileType = sourcecode.c.h; path = KalturaLikeClientPlugin.h; sourceTree = "<group>"; };
		D6139621E9D21237FCED63DF /* KalturaLikeClientPlugin.m */ = {isa = PBXFileReference; fileEncoding = 4; lastKnownFileType = sourcecode.c.objc; path = KalturaLikeClientPlugin.m; sourceTree = "<group>"; };
		AF20C19DE65498CE791374B9 /* KalturaVarConsoleClientPlugin.h */ = {isa = PBXFileReference; fileEncoding = 4; lastKnownFileType = sourcecode.c.h; path = KalturaVarConsoleClientPlugin.h; sourceTree = "<group>"; };
		395E904F55775BC7E25FAC3C /* KalturaVarConsoleClientPlugin.m */ = {isa = PBXFileReference; fileEncoding = 4; lastKnownFileType = sourcecode.c.objc; path = KalturaVarConsoleClientPlugin.m; sourceTree = "<group>"; };
		823912B5F40A56296C053A73 /* KalturaEventNotificationClientPlugin.h */ = {isa = PBXFileReference; fileEncoding = 4; lastKnownFileType = sourcecode.c.h; path = KalturaEventNotificationClientPlugin.h; sourceTree = "<group>"; };
		D5D489FF488953E7C21914FF /* KalturaEventNotificationClientPlugin.m */ = {isa = PBXFileReference; fileEncoding = 4; lastKnownFileType = sourcecode.c.objc; path = KalturaEventNotificationClientPlugin.m; sourceTree = "<group>"; };
		DA8CCE1C08B4A3D016C7CAFA /* KalturaEmailNotificationClientPlugin.h */ = {isa = PBXFileReference; fileEncoding = 4; lastKnownFileType = sourcecode.c.h; path = KalturaEmailNotificationClientPlugin.h; sourceTree = "<group>"; };
		5663D00F81C3550577A29600 /* KalturaEmailNotificationClientPlugin.m */ = {isa = PBXFileReference; fileEncoding = 4; lastKnownFileType = sourcecode.c.objc; path = KalturaEmailNotificationClientPlugin.m; sourceTree = "<group>"; };
		59825AE7D4941F76C8D21742 /* KalturaHttpNotificationClientPlugin.h */ = {isa = PBXFileReference; fileEncoding = 4; lastKnownFileType = sourcecode.c.h; path = KalturaHttpNotificationClientPlugin.h; sourceTree = "<group>"; };
		E73BB4CEDC73925565961420 /* KalturaHttpNotificationClientPlugin.m */ = {isa = PBXFileReference; fileEncoding = 4; lastKnownFileType = sourcecode.c.objc; path = KalturaHttpNotificationClientPlugin.m; sourceTree = "<group>"; };
		EBD70F8704E1343CE64E2826 /* KalturaExternalMediaClientPlugin.h */ = {isa = PBXFileReference; fileEncoding = 4; lastKnownFileType = sourcecode.c.h; path = KalturaExternalMediaClientPlugin.h; sourceTree = "<group>"; };
		AA4CD681A6858E80B541AF91 /* KalturaExternalMediaClientPlugin.m */ = {isa = PBXFileReference; fileEncoding = 4; lastKnownFileType = sourcecode.c.objc; path = KalturaExternalMediaClientPlugin.m; sourceTree = "<group>"; };
		604B3EBD065C2764A12B9E79 /* KalturaKontikiClientPlugin.h */ = {isa = PBXFileReference; fileEncoding = 4; lastKnownFileType = sourcecode.c.h; path = KalturaKontikiClientPlugin.h; sourceTree = "<group>"; };
		1E006ED208EFC246C5CE3B27 /* KalturaKontikiClientPlugin.m */ = {isa = PBXFileReference; fileEncoding = 4; lastKnownFileType = sourcecode.c.objc; path = KalturaKontikiClientPlugin.m; sourceTree = "<group>"; };
		D178C3866EE1BC55ADBFAFC7 /* KalturaVelocixClientPlugin.h */ = {isa = PBXFileReference; fileEncoding = 4; lastKnownFileType = sourcecode.c.h; path = KalturaVelocixClientPlugin.h; sourceTree = "<group>"; };
		4D3163F9EB919A61DE6C836E /* KalturaVelocixClientPlugin.m */ = {isa = PBXFileReference; fileEncoding = 4; lastKnownFileType = sourcecode.c.objc; path = KalturaVelocixClientPlugin.m; sourceTree = "<group>"; };
		0BC40217C8D5E9783ACEB9D1 /* KalturaScheduledTaskClientPlugin.h */ = {isa = PBXFileReference; fileEncoding = 4; lastKnownFileType = sourcecode.c.h; path = KalturaScheduledTaskClientPlugin.h; sourceTree = "<group>"; };
		7BBA20EA26A1B89C2FFAAD9D /* KalturaScheduledTaskClientPlugin.m */ = {isa = PBXFileReference; fileEncoding = 4; lastKnownFileType = sourcecode.c.objc; path = KalturaScheduledTaskClientPlugin.m; sourceTree = "<group>"; };
		DCD9FA149A9157261A4D875D /* KalturaScheduledTaskMetadataClientPlugin.h */ = {isa = PBXFileReference; fileEncoding = 4; lastKnownFileType = sourcecode.c.h; path = KalturaScheduledTaskMetadataClientPlugin.h; sourceTree = "<group>"; };
		FAD6EC0EA63CE2605E01D765 /* KalturaScheduledTaskMetadataClientPlugin.m */ = {isa = PBXFileReference; fileEncoding = 4; lastKnownFileType = sourcecode.c.objc; path = KalturaScheduledTaskMetadataClientPlugin.m; sourceTree = "<group>"; };
		360A31408271E22B520FB515 /* KalturaScheduledTaskEventNotificationClientPlugin.h */ = {isa = PBXFileReference; fileEncoding = 4; lastKnownFileType = sourcecode.c.h; path = KalturaScheduledTaskEventNotificationClientPlugin.h; sourceTree = "<group>"; };
		96635FF2CD4B6AA326783849 /* KalturaScheduledTaskEventNotificationClientPlugin.m */ = {isa = PBXFileReference; fileEncoding = 4; lastKnownFileType = sourcecode.c.objc; path = KalturaScheduledTaskEventNotificationClientPlugin.m; sourceTree = "<group>"; };
		443A7C5B674DBD13D1C32551 /* KalturaScheduledTaskContentDistributionClientPlugin.h */ = {isa = PBXFileReference; fileEncoding = 4; lastKnownFileType = sourcecode.c.h; path = KalturaScheduledTaskContentDistributionClientPlugin.h; sourceTree = "<group>"; };
		4DB62C229EDA6CA2C927AD09 /* KalturaScheduledTaskContentDistributionClientPlugin.m */ = {isa = PBXFileReference; fileEncoding = 4; lastKnownFileType = sourcecode.c.objc; path = KalturaScheduledTaskContentDistributionClientPlugin.m; sourceTree = "<group>"; };
		43DFB3192A31BF29B949CAE0 /* KalturaFeedDropFolderClientPlugin.h */ = {isa = PBXFileReference; fileEncoding = 4; lastKnownFileType = sourcecode.c.h; path = KalturaFeedDropFolderClientPlugin.h; sourceTree = "<group>"; };
		CC6BD82BAF7A4DC1E2B7B1E6 /* KalturaFeedDropFolderClientPlugin.m */ = {isa = PBXFileReference; fileEncoding = 4; lastKnownFileType = sourcecode.c.objc; path = KalturaFeedDropFolderClientPlugin.m; sourceTree = "<group>"; };
/* End PBXFileReference section */

/* Begin PBXFrameworksBuildPhase section */
		2913344F149646BB006D8A8C /* Frameworks */ = {
			isa = PBXFrameworksBuildPhase;
			buildActionMask = 2147483647;
			files = (
				29133456149646BB006D8A8C /* Foundation.framework in Frameworks */,
			);
			runOnlyForDeploymentPostprocessing = 0;
		};
/* End PBXFrameworksBuildPhase section */

/* Begin PBXGroup section */
		29133447149646BB006D8A8C = {
			isa = PBXGroup;
			children = (
				29133457149646BB006D8A8C /* KalturaClient */,
				29133454149646BB006D8A8C /* Frameworks */,
				29133453149646BB006D8A8C /* Products */,
			);
			sourceTree = "<group>";
		};
		29133453149646BB006D8A8C /* Products */ = {
			isa = PBXGroup;
			children = (
				29133452149646BB006D8A8C /* libKalturaClient.a */,
			);
			name = Products;
			sourceTree = "<group>";
		};
		29133454149646BB006D8A8C /* Frameworks */ = {
			isa = PBXGroup;
			children = (
				29133455149646BB006D8A8C /* Foundation.framework */,
			);
			name = Frameworks;
			sourceTree = "<group>";
		};
		29133457149646BB006D8A8C /* KalturaClient */ = {
			isa = PBXGroup;
			children = (
				29133462149648C2006D8A8C /* ASIHttpRequest */,
				2913347A149648C2006D8A8C /* KalturaClient.h */,
				2913347B149648C2006D8A8C /* KalturaClient.m */,
				2913347C149648C2006D8A8C /* KalturaClientBase.h */,
				2913347D149648C2006D8A8C /* KalturaClientBase.m */,
				2913347E149648C2006D8A8C /* KalturaPlugins */,
				291334AB149648C2006D8A8C /* KalturaXmlParsers.h */,
				291334AC149648C2006D8A8C /* KalturaXmlParsers.m */,
				29133458149646BB006D8A8C /* Supporting Files */,
			);
			path = KalturaClient;
			sourceTree = "<group>";
		};
		29133458149646BB006D8A8C /* Supporting Files */ = {
			isa = PBXGroup;
			children = (
				29133459149646BB006D8A8C /* KalturaClient-Prefix.pch */,
			);
			name = "Supporting Files";
			sourceTree = "<group>";
		};
		29133462149648C2006D8A8C /* ASIHttpRequest */ = {
			isa = PBXGroup;
			children = (
				29133463149648C2006D8A8C /* ASIAuthenticationDialog.h */,
				29133464149648C2006D8A8C /* ASIAuthenticationDialog.m */,
				29133465149648C2006D8A8C /* ASICacheDelegate.h */,
				29133466149648C2006D8A8C /* ASIDataCompressor.h */,
				29133467149648C2006D8A8C /* ASIDataCompressor.m */,
				29133468149648C2006D8A8C /* ASIDataDecompressor.h */,
				29133469149648C2006D8A8C /* ASIDataDecompressor.m */,
				2913346A149648C2006D8A8C /* ASIDownloadCache.h */,
				2913346B149648C2006D8A8C /* ASIDownloadCache.m */,
				2913346C149648C2006D8A8C /* ASIFormDataRequest.h */,
				2913346D149648C2006D8A8C /* ASIFormDataRequest.m */,
				2913346E149648C2006D8A8C /* ASIHTTPRequest.h */,
				2913346F149648C2006D8A8C /* ASIHTTPRequest.m */,
				29133470149648C2006D8A8C /* ASIHTTPRequestConfig.h */,
				29133471149648C2006D8A8C /* ASIHTTPRequestDelegate.h */,
				29133472149648C2006D8A8C /* ASIInputStream.h */,
				29133473149648C2006D8A8C /* ASIInputStream.m */,
				29133474149648C2006D8A8C /* ASINetworkQueue.h */,
				29133475149648C2006D8A8C /* ASINetworkQueue.m */,
				29133476149648C2006D8A8C /* ASIProgressDelegate.h */,
				29133477149648C2006D8A8C /* LICENSE */,
				29133478149648C2006D8A8C /* Reachability.h */,
				29133479149648C2006D8A8C /* Reachability.m */,
			);
			path = ASIHttpRequest;
			sourceTree = "<group>";
		};
		2913347E149648C2006D8A8C /* KalturaPlugins */ = {
			isa = PBXGroup;
			children = (
				A271349CD085DE733D53FFAB /* KalturaMetadataClientPlugin.h */,
				25686C1402EE4EDE56EE3A19 /* KalturaMetadataClientPlugin.m */,
				9E5DB1BE3D15A9CEA0AF0D8E /* KalturaDocumentClientPlugin.h */,
				DF62D9D52EB5497C794CBB70 /* KalturaDocumentClientPlugin.m */,
				3FDD2FBCB07966127A74FD7E /* KalturaFileSyncClientPlugin.h */,
				66F522C3F1062A3AD20046DB /* KalturaFileSyncClientPlugin.m */,
				CE1E9229072937D5C22BF021 /* KalturaSystemPartnerClientPlugin.h */,
				4BEE1CFCC39CCB37A4271FE7 /* KalturaSystemPartnerClientPlugin.m */,
				08DD4B711D15F55AD67FA6FB /* KalturaAdminConsoleClientPlugin.h */,
				B6AA916A25ABF56292A1DFF0 /* KalturaAdminConsoleClientPlugin.m */,
				F9E3015FB81B0B592078D7A3 /* KalturaKalturaInternalToolsClientPlugin.h */,
				8CBDD53A1B20723D20D9AB96 /* KalturaKalturaInternalToolsClientPlugin.m */,
				0BCCA23DB9711C4B178DF946 /* KalturaVirusScanClientPlugin.h */,
				19295EF8345C7551ACAC5F2F /* KalturaVirusScanClientPlugin.m */,
				BB4651F57F5356C398F51C38 /* KalturaContentDistributionClientPlugin.h */,
				CB1F5AFD4E2A1524D389EE09 /* KalturaContentDistributionClientPlugin.m */,
				E85BE4F5CEB5746DFE2324ED /* KalturaCuePointClientPlugin.h */,
				3BE6D3E0291E593E05FB5217 /* KalturaCuePointClientPlugin.m */,
				3D966618E85B8617B732DCE4 /* KalturaEventCuePointClientPlugin.h */,
				761143870AE5E52C57670C4D /* KalturaEventCuePointClientPlugin.m */,
				90065959190DAA672278603D /* KalturaAdCuePointClientPlugin.h */,
				A7FF6B2EAD92E6AF4854E083 /* KalturaAdCuePointClientPlugin.m */,
				3B27D730515E87CC0F46B3CC /* KalturaCodeCuePointClientPlugin.h */,
				A4FC415189371C6656644781 /* KalturaCodeCuePointClientPlugin.m */,
				AB90CC40D8A933876B6D64F4 /* KalturaThumbCuePointClientPlugin.h */,
				0A21A8ED5DCDBB5F2E8C393A /* KalturaThumbCuePointClientPlugin.m */,
				632D6ACA0F95E4187FB812AA /* KalturaAnnotationClientPlugin.h */,
				3206D5D286B643B64BF42B74 /* KalturaAnnotationClientPlugin.m */,
				9F76AF1695152ED2DF5BCA0B /* KalturaQuizClientPlugin.h */,
				390EE1CF5CBFBCFA91326D3B /* KalturaQuizClientPlugin.m */,
				7669988C5531EFFABA8065B8 /* KalturaShortLinkClientPlugin.h */,
				48B50F1C1449B98D35869278 /* KalturaShortLinkClientPlugin.m */,
				68C439477A81BB1A235CB9F4 /* KalturaBulkUploadClientPlugin.h */,
				F6BE5F6FBCDFBC8405ABFDE8 /* KalturaBulkUploadClientPlugin.m */,
				2E8AF06718EF6062B09E01EF /* KalturaBulkUploadCsvClientPlugin.h */,
				F123E9028E139D1304D8CD02 /* KalturaBulkUploadCsvClientPlugin.m */,
				DA1C8EF7DCC0F3B448AD3CAB /* KalturaBulkUploadXmlClientPlugin.h */,
				1AFAAF1A407E21769559BFCD /* KalturaBulkUploadXmlClientPlugin.m */,
				0E866C1F2034CA11550C860A /* KalturaBulkUploadFilterClientPlugin.h */,
				DFD785389234E904EB324DE1 /* KalturaBulkUploadFilterClientPlugin.m */,
				14CA4B614175DDA3B1649BAA /* KalturaDropFolderClientPlugin.h */,
				AC23CF24E5597C91C9039236 /* KalturaDropFolderClientPlugin.m */,
				1BDD9B4FAD5892C3563B3D30 /* KalturaDropFolderXmlBulkUploadClientPlugin.h */,
				E8478F09D80461FA7B5CF128 /* KalturaDropFolderXmlBulkUploadClientPlugin.m */,
				CE5365CAAAEB80CD7FFDC257 /* KalturaCaptionClientPlugin.h */,
				EB64E32A0E6AD51FE61D5DE0 /* KalturaCaptionClientPlugin.m */,
				401FC6A83E37BF2CDDEFD39A /* KalturaCaptionSearchClientPlugin.h */,
				E66D823E46BEA54739C6FAF8 /* KalturaCaptionSearchClientPlugin.m */,
				B7E743DA5D2B1BBA9109E237 /* KalturaAttachmentClientPlugin.h */,
				DBEFEC8EF33D9B7C966BDD7A /* KalturaAttachmentClientPlugin.m */,
				7E8C9AE9968B65C483043FE6 /* KalturaTagSearchClientPlugin.h */,
				42843811CD033399600E6B06 /* KalturaTagSearchClientPlugin.m */,
				985CE3AF03557BB939D99937 /* KalturaLikeClientPlugin.h */,
				D6139621E9D21237FCED63DF /* KalturaLikeClientPlugin.m */,
				AF20C19DE65498CE791374B9 /* KalturaVarConsoleClientPlugin.h */,
				395E904F55775BC7E25FAC3C /* KalturaVarConsoleClientPlugin.m */,
				823912B5F40A56296C053A73 /* KalturaEventNotificationClientPlugin.h */,
				D5D489FF488953E7C21914FF /* KalturaEventNotificationClientPlugin.m */,
				DA8CCE1C08B4A3D016C7CAFA /* KalturaEmailNotificationClientPlugin.h */,
				5663D00F81C3550577A29600 /* KalturaEmailNotificationClientPlugin.m */,
				59825AE7D4941F76C8D21742 /* KalturaHttpNotificationClientPlugin.h */,
				E73BB4CEDC73925565961420 /* KalturaHttpNotificationClientPlugin.m */,
				EBD70F8704E1343CE64E2826 /* KalturaExternalMediaClientPlugin.h */,
				AA4CD681A6858E80B541AF91 /* KalturaExternalMediaClientPlugin.m */,
				604B3EBD065C2764A12B9E79 /* KalturaKontikiClientPlugin.h */,
				1E006ED208EFC246C5CE3B27 /* KalturaKontikiClientPlugin.m */,
				D178C3866EE1BC55ADBFAFC7 /* KalturaVelocixClientPlugin.h */,
				4D3163F9EB919A61DE6C836E /* KalturaVelocixClientPlugin.m */,
				0BC40217C8D5E9783ACEB9D1 /* KalturaScheduledTaskClientPlugin.h */,
				7BBA20EA26A1B89C2FFAAD9D /* KalturaScheduledTaskClientPlugin.m */,
				DCD9FA149A9157261A4D875D /* KalturaScheduledTaskMetadataClientPlugin.h */,
				FAD6EC0EA63CE2605E01D765 /* KalturaScheduledTaskMetadataClientPlugin.m */,
				360A31408271E22B520FB515 /* KalturaScheduledTaskEventNotificationClientPlugin.h */,
				96635FF2CD4B6AA326783849 /* KalturaScheduledTaskEventNotificationClientPlugin.m */,
				443A7C5B674DBD13D1C32551 /* KalturaScheduledTaskContentDistributionClientPlugin.h */,
				4DB62C229EDA6CA2C927AD09 /* KalturaScheduledTaskContentDistributionClientPlugin.m */,
				43DFB3192A31BF29B949CAE0 /* KalturaFeedDropFolderClientPlugin.h */,
				CC6BD82BAF7A4DC1E2B7B1E6 /* KalturaFeedDropFolderClientPlugin.m */,
			);
			path = KalturaPlugins;
			sourceTree = "<group>";
		};
/* End PBXGroup section */

/* Begin PBXHeadersBuildPhase section */
		29133450149646BB006D8A8C /* Headers */ = {
			isa = PBXHeadersBuildPhase;
			buildActionMask = 2147483647;
			files = (
				291334AD149648C2006D8A8C /* ASIAuthenticationDialog.h in Headers */,
				291334AF149648C2006D8A8C /* ASICacheDelegate.h in Headers */,
				291334B0149648C2006D8A8C /* ASIDataCompressor.h in Headers */,
				291334B2149648C2006D8A8C /* ASIDataDecompressor.h in Headers */,
				291334B4149648C2006D8A8C /* ASIDownloadCache.h in Headers */,
				291334B6149648C2006D8A8C /* ASIFormDataRequest.h in Headers */,
				291334B8149648C2006D8A8C /* ASIHTTPRequest.h in Headers */,
				291334BA149648C2006D8A8C /* ASIHTTPRequestConfig.h in Headers */,
				291334BB149648C2006D8A8C /* ASIHTTPRequestDelegate.h in Headers */,
				291334BC149648C2006D8A8C /* ASIInputStream.h in Headers */,
				291334BE149648C2006D8A8C /* ASINetworkQueue.h in Headers */,
				291334C0149648C2006D8A8C /* ASIProgressDelegate.h in Headers */,
				291334C1149648C2006D8A8C /* Reachability.h in Headers */,
				291334C3149648C2006D8A8C /* KalturaClient.h in Headers */,
				291334C5149648C2006D8A8C /* KalturaClientBase.h in Headers */,
				291334F3149648C2006D8A8C /* KalturaXmlParsers.h in Headers */,
				036FAB27DE2BF123468D68F5 /* KalturaMetadataClientPlugin.h in Headers */,
				C02AE9BCC5B676CE6763E028 /* KalturaDocumentClientPlugin.h in Headers */,
				BABCA06820450778A8BE2576 /* KalturaFileSyncClientPlugin.h in Headers */,
				5B45E8654A4966CC93C60338 /* KalturaSystemPartnerClientPlugin.h in Headers */,
				41086F3D2EA6ACDF831CCEEB /* KalturaAdminConsoleClientPlugin.h in Headers */,
				D2AF5A68AB0FB3DFB178DAE8 /* KalturaKalturaInternalToolsClientPlugin.h in Headers */,
				DE04F85DBB0E8AADE2B55417 /* KalturaVirusScanClientPlugin.h in Headers */,
				EB02D3A30D53159939E12568 /* KalturaContentDistributionClientPlugin.h in Headers */,
				248DFAFF129AC5195C989BEF /* KalturaCuePointClientPlugin.h in Headers */,
				65CAF5CFCCAB9E6085756407 /* KalturaEventCuePointClientPlugin.h in Headers */,
				0D0990077550DB3C0A71D759 /* KalturaAdCuePointClientPlugin.h in Headers */,
				E5EABC06EAD496D78F86E359 /* KalturaCodeCuePointClientPlugin.h in Headers */,
				EBB020F99D23376320DEF0EF /* KalturaThumbCuePointClientPlugin.h in Headers */,
				72C42391074984FE89A9F36A /* KalturaAnnotationClientPlugin.h in Headers */,
				C715336F2D793559DC65212C /* KalturaQuizClientPlugin.h in Headers */,
				0C15213330B1F7C60DA37914 /* KalturaShortLinkClientPlugin.h in Headers */,
				3CE7384CDE13EEEED3C03FE9 /* KalturaBulkUploadClientPlugin.h in Headers */,
				691F1D323E88770DDD888BBC /* KalturaBulkUploadCsvClientPlugin.h in Headers */,
				E8636801032071674DE36617 /* KalturaBulkUploadXmlClientPlugin.h in Headers */,
				EAEF27EDBE95FF22A8682D7D /* KalturaBulkUploadFilterClientPlugin.h in Headers */,
				ABF4281EAD05FEF25D7B368E /* KalturaDropFolderClientPlugin.h in Headers */,
				5EFD08DADF5C90341E81E8FE /* KalturaDropFolderXmlBulkUploadClientPlugin.h in Headers */,
				60C6369F237743FE59A1CD55 /* KalturaCaptionClientPlugin.h in Headers */,
				5516E37D440F81FC53676C7D /* KalturaCaptionSearchClientPlugin.h in Headers */,
				388F4350929008A58450721F /* KalturaAttachmentClientPlugin.h in Headers */,
				3F63A9E35B1503EAAAE43674 /* KalturaTagSearchClientPlugin.h in Headers */,
				D75678F22C17F4AB97B095B0 /* KalturaLikeClientPlugin.h in Headers */,
				F5B05BDE1C0EDF2A75E71BB4 /* KalturaVarConsoleClientPlugin.h in Headers */,
				9DC4AD4DF1B169F7CA4A78CF /* KalturaEventNotificationClientPlugin.h in Headers */,
				3F065BF79B0C6759943B0F77 /* KalturaEmailNotificationClientPlugin.h in Headers */,
				C2DE9697BE8C37283AC24BCF /* KalturaHttpNotificationClientPlugin.h in Headers */,
				5F0C6D51AE0B6FF9FE7CF9BF /* KalturaExternalMediaClientPlugin.h in Headers */,
				6E04E853BCF866CD226CA4A4 /* KalturaKontikiClientPlugin.h in Headers */,
				E31CA6796D5FB272C77CECF8 /* KalturaVelocixClientPlugin.h in Headers */,
				13516FF49F48145CF8EE7C49 /* KalturaScheduledTaskClientPlugin.h in Headers */,
				46B650C096B053090AECDCDC /* KalturaScheduledTaskMetadataClientPlugin.h in Headers */,
				8360BA367F53D7A72E018079 /* KalturaScheduledTaskEventNotificationClientPlugin.h in Headers */,
				1523383D4B1F397CC0838EE6 /* KalturaScheduledTaskContentDistributionClientPlugin.h in Headers */,
				B969E19C2C62B7F39861A81C /* KalturaFeedDropFolderClientPlugin.h in Headers */,
			);
			runOnlyForDeploymentPostprocessing = 0;
		};
/* End PBXHeadersBuildPhase section */

/* Begin PBXNativeTarget section */
		29133451149646BB006D8A8C /* KalturaClient */ = {
			isa = PBXNativeTarget;
			buildConfigurationList = 2913345F149646BB006D8A8C /* Build configuration list for PBXNativeTarget "KalturaClient" */;
			buildPhases = (
				2913344E149646BB006D8A8C /* Sources */,
				2913344F149646BB006D8A8C /* Frameworks */,
				29133450149646BB006D8A8C /* Headers */,
			);
			buildRules = (
			);
			dependencies = (
			);
			name = KalturaClient;
			productName = KalturaClient;
			productReference = 29133452149646BB006D8A8C /* libKalturaClient.a */;
			productType = "com.apple.product-type.library.static";
		};
/* End PBXNativeTarget section */

/* Begin PBXProject section */
		29133449149646BB006D8A8C /* Project object */ = {
			isa = PBXProject;
			attributes = {
				LastUpgradeCheck = 0610;
			};
			buildConfigurationList = 2913344C149646BB006D8A8C /* Build configuration list for PBXProject "KalturaClient" */;
			compatibilityVersion = "Xcode 3.2";
			developmentRegion = English;
			hasScannedForEncodings = 0;
			knownRegions = (
				en,
			);
			mainGroup = 29133447149646BB006D8A8C;
			productRefGroup = 29133453149646BB006D8A8C /* Products */;
			projectDirPath = "";
			projectRoot = "";
			targets = (
				29133451149646BB006D8A8C /* KalturaClient */,
			);
		};
/* End PBXProject section */

/* Begin PBXSourcesBuildPhase section */
		2913344E149646BB006D8A8C /* Sources */ = {
			isa = PBXSourcesBuildPhase;
			buildActionMask = 2147483647;
			files = (
				291334AE149648C2006D8A8C /* ASIAuthenticationDialog.m in Sources */,
				291334B1149648C2006D8A8C /* ASIDataCompressor.m in Sources */,
				291334B3149648C2006D8A8C /* ASIDataDecompressor.m in Sources */,
				291334B5149648C2006D8A8C /* ASIDownloadCache.m in Sources */,
				291334B7149648C2006D8A8C /* ASIFormDataRequest.m in Sources */,
				291334B9149648C2006D8A8C /* ASIHTTPRequest.m in Sources */,
				291334BD149648C2006D8A8C /* ASIInputStream.m in Sources */,
				291334BF149648C2006D8A8C /* ASINetworkQueue.m in Sources */,
				291334C2149648C2006D8A8C /* Reachability.m in Sources */,
				291334C4149648C2006D8A8C /* KalturaClient.m in Sources */,
				291334C6149648C2006D8A8C /* KalturaClientBase.m in Sources */,
				291334F4149648C2006D8A8C /* KalturaXmlParsers.m in Sources */,
				D105B07EB6F0E4EA01B739E2 /* KalturaMetadataClientPlugin.m in Sources */,
				BF6F6BD173B896E91AAF001B /* KalturaDocumentClientPlugin.m in Sources */,
				CA6F74C1ACA06AB8F1B0062F /* KalturaFileSyncClientPlugin.m in Sources */,
				6250CFD77B63254BBECA405D /* KalturaSystemPartnerClientPlugin.m in Sources */,
				1AD5C34B7959C53A86084100 /* KalturaAdminConsoleClientPlugin.m in Sources */,
				554D509943C2D0213B10B6DD /* KalturaKalturaInternalToolsClientPlugin.m in Sources */,
				DCC785DCC3D311F9626065CF /* KalturaVirusScanClientPlugin.m in Sources */,
				6105F0B04AA2AE8054C1A90B /* KalturaContentDistributionClientPlugin.m in Sources */,
				D37BD3C4436A3A72E8737E06 /* KalturaCuePointClientPlugin.m in Sources */,
				99802F750EC34D681CEB86B1 /* KalturaEventCuePointClientPlugin.m in Sources */,
				B3842E3FC8EEBB1728439F75 /* KalturaAdCuePointClientPlugin.m in Sources */,
				E065A49A8798E51E61FF6565 /* KalturaCodeCuePointClientPlugin.m in Sources */,
				C7604C810FF279C9CAA3A45D /* KalturaThumbCuePointClientPlugin.m in Sources */,
				AF96F709326D887F4265727E /* KalturaAnnotationClientPlugin.m in Sources */,
				E3CC9E3804AD9EAEA6D4D2BF /* KalturaQuizClientPlugin.m in Sources */,
				16CD07610012E704FC1673F9 /* KalturaShortLinkClientPlugin.m in Sources */,
				F94BE50C0AD8A74DB913CF2C /* KalturaBulkUploadClientPlugin.m in Sources */,
				A04E84700BB89B5383D47A63 /* KalturaBulkUploadCsvClientPlugin.m in Sources */,
				5274AAA3A5D1D55A8E3995F2 /* KalturaBulkUploadXmlClientPlugin.m in Sources */,
				38FB62525467CB991EC2E298 /* KalturaBulkUploadFilterClientPlugin.m in Sources */,
				02DE70BD67E8278543900FC7 /* KalturaDropFolderClientPlugin.m in Sources */,
				9574B1E29CC9281B7A601303 /* KalturaDropFolderXmlBulkUploadClientPlugin.m in Sources */,
				B7202A2110E588414AFFBA69 /* KalturaCaptionClientPlugin.m in Sources */,
				4220A6FB38545BFAA2B960AD /* KalturaCaptionSearchClientPlugin.m in Sources */,
				8894989B64E6432673C06AB5 /* KalturaAttachmentClientPlugin.m in Sources */,
				D9739AF16C4EAD7F4C4F6694 /* KalturaTagSearchClientPlugin.m in Sources */,
				A890671097993D47BEBEBC2B /* KalturaLikeClientPlugin.m in Sources */,
				AC358509A8AE623B826CA633 /* KalturaVarConsoleClientPlugin.m in Sources */,
				1BA07A622F3D5CC1473CC701 /* KalturaEventNotificationClientPlugin.m in Sources */,
				D4BE8C96D884B61E32814D7B /* KalturaEmailNotificationClientPlugin.m in Sources */,
				ECBDA5D21D3C29226B4FC51D /* KalturaHttpNotificationClientPlugin.m in Sources */,
				764B66258E6624CDF82BBDDD /* KalturaExternalMediaClientPlugin.m in Sources */,
				00EDECF5367858DB05D354D2 /* KalturaKontikiClientPlugin.m in Sources */,
				A3B182BF5FCF0B61C8551C16 /* KalturaVelocixClientPlugin.m in Sources */,
				1308BAE1443B02E7A20F8505 /* KalturaScheduledTaskClientPlugin.m in Sources */,
				6C56FF0617DBE1BDFD4C46D5 /* KalturaScheduledTaskMetadataClientPlugin.m in Sources */,
				B44CEB3A39BABA1599664BE6 /* KalturaScheduledTaskEventNotificationClientPlugin.m in Sources */,
				63C725FA8CBF24025754DB7B /* KalturaScheduledTaskContentDistributionClientPlugin.m in Sources */,
				DB06C20F58D58F4039FC0279 /* KalturaFeedDropFolderClientPlugin.m in Sources */,
			);
			runOnlyForDeploymentPostprocessing = 0;
		};
/* End PBXSourcesBuildPhase section */

/* Begin XCBuildConfiguration section */
		2913345D149646BB006D8A8C /* Debug */ = {
			isa = XCBuildConfiguration;
			buildSettings = {
				ALWAYS_SEARCH_USER_PATHS = NO;
				COPY_PHASE_STRIP = NO;
				GCC_C_LANGUAGE_STANDARD = gnu99;
				GCC_DYNAMIC_NO_PIC = NO;
				GCC_OPTIMIZATION_LEVEL = 0;
				GCC_PREPROCESSOR_DEFINITIONS = (
					"DEBUG=1",
					"$(inherited)",
				);
				GCC_SYMBOLS_PRIVATE_EXTERN = NO;
				GCC_VERSION = "";
				GCC_WARN_ABOUT_MISSING_PROTOTYPES = YES;
				GCC_WARN_ABOUT_RETURN_TYPE = YES;
				GCC_WARN_UNUSED_VARIABLE = YES;
				IPHONEOS_DEPLOYMENT_TARGET = 6.0;
				ONLY_ACTIVE_ARCH = YES;
				SDKROOT = iphoneos;
				VALID_ARCHS = "arm64 armv7";
			};
			name = Debug;
		};
		2913345E149646BB006D8A8C /* Release */ = {
			isa = XCBuildConfiguration;
			buildSettings = {
				ALWAYS_SEARCH_USER_PATHS = NO;
				COPY_PHASE_STRIP = YES;
				GCC_C_LANGUAGE_STANDARD = gnu99;
				GCC_VERSION = "";
				GCC_WARN_ABOUT_MISSING_PROTOTYPES = YES;
				GCC_WARN_ABOUT_RETURN_TYPE = YES;
				GCC_WARN_UNUSED_VARIABLE = YES;
				IPHONEOS_DEPLOYMENT_TARGET = 6.0;
				SDKROOT = iphoneos;
				VALIDATE_PRODUCT = YES;
				VALID_ARCHS = "arm64 armv7";
			};
			name = Release;
		};
		29133460149646BB006D8A8C /* Debug */ = {
			isa = XCBuildConfiguration;
			buildSettings = {
				DSTROOT = /tmp/KalturaClient.dst;
				GCC_PRECOMPILE_PREFIX_HEADER = YES;
				GCC_PREFIX_HEADER = "KalturaClient/KalturaClient-Prefix.pch";
				GCC_VERSION = "";
				HEADER_SEARCH_PATHS = /usr/include/libxml2;
				OTHER_LDFLAGS = "-ObjC";
				PRODUCT_NAME = "$(TARGET_NAME)";
				SKIP_INSTALL = YES;
			};
			name = Debug;
		};
		29133461149646BB006D8A8C /* Release */ = {
			isa = XCBuildConfiguration;
			buildSettings = {
				DSTROOT = /tmp/KalturaClient.dst;
				GCC_PRECOMPILE_PREFIX_HEADER = YES;
				GCC_PREFIX_HEADER = "KalturaClient/KalturaClient-Prefix.pch";
				GCC_VERSION = "";
				HEADER_SEARCH_PATHS = /usr/include/libxml2;
				OTHER_LDFLAGS = "-ObjC";
				PRODUCT_NAME = "$(TARGET_NAME)";
				SKIP_INSTALL = YES;
			};
			name = Release;
		};
/* End XCBuildConfiguration section */

/* Begin XCConfigurationList section */
		2913344C149646BB006D8A8C /* Build configuration list for PBXProject "KalturaClient" */ = {
			isa = XCConfigurationList;
			buildConfigurations = (
				2913345D149646BB006D8A8C /* Debug */,
				2913345E149646BB006D8A8C /* Release */,
			);
			defaultConfigurationIsVisible = 0;
			defaultConfigurationName = Release;
		};
		2913345F149646BB006D8A8C /* Build configuration list for PBXNativeTarget "KalturaClient" */ = {
			isa = XCConfigurationList;
			buildConfigurations = (
				29133460149646BB006D8A8C /* Debug */,
				29133461149646BB006D8A8C /* Release */,
			);
			defaultConfigurationIsVisible = 0;
			defaultConfigurationName = Release;
		};
/* End XCConfigurationList section */
	};
	rootObject = 29133449149646BB006D8A8C /* Project object */;
}
