// !$*UTF8*$!
{
	archiveVersion = 1;
	classes = {
	};
	objectVersion = 46;
	objects = {

/* Begin PBXBuildFile section */
		29133456149646BB006D8A8C /* Foundation.framework in Frameworks */ = {isa = PBXBuildFile; fileRef = 29133455149646BB006D8A8C /* Foundation.framework */; };
		291334AD149648C2006D8A8C /* ASIAuthenticationDialog.h in Headers */ = {isa = PBXBuildFile; fileRef = 29133463149648C2006D8A8C /* ASIAuthenticationDialog.h */; };
		291334AE149648C2006D8A8C /* ASIAuthenticationDialog.m in Sources */ = {isa = PBXBuildFile; fileRef = 29133464149648C2006D8A8C /* ASIAuthenticationDialog.m */; };
		291334AF149648C2006D8A8C /* ASICacheDelegate.h in Headers */ = {isa = PBXBuildFile; fileRef = 29133465149648C2006D8A8C /* ASICacheDelegate.h */; };
		291334B0149648C2006D8A8C /* ASIDataCompressor.h in Headers */ = {isa = PBXBuildFile; fileRef = 29133466149648C2006D8A8C /* ASIDataCompressor.h */; };
		291334B1149648C2006D8A8C /* ASIDataCompressor.m in Sources */ = {isa = PBXBuildFile; fileRef = 29133467149648C2006D8A8C /* ASIDataCompressor.m */; };
		291334B2149648C2006D8A8C /* ASIDataDecompressor.h in Headers */ = {isa = PBXBuildFile; fileRef = 29133468149648C2006D8A8C /* ASIDataDecompressor.h */; };
		291334B3149648C2006D8A8C /* ASIDataDecompressor.m in Sources */ = {isa = PBXBuildFile; fileRef = 29133469149648C2006D8A8C /* ASIDataDecompressor.m */; };
		291334B4149648C2006D8A8C /* ASIDownloadCache.h in Headers */ = {isa = PBXBuildFile; fileRef = 2913346A149648C2006D8A8C /* ASIDownloadCache.h */; };
		291334B5149648C2006D8A8C /* ASIDownloadCache.m in Sources */ = {isa = PBXBuildFile; fileRef = 2913346B149648C2006D8A8C /* ASIDownloadCache.m */; };
		291334B6149648C2006D8A8C /* ASIFormDataRequest.h in Headers */ = {isa = PBXBuildFile; fileRef = 2913346C149648C2006D8A8C /* ASIFormDataRequest.h */; };
		291334B7149648C2006D8A8C /* ASIFormDataRequest.m in Sources */ = {isa = PBXBuildFile; fileRef = 2913346D149648C2006D8A8C /* ASIFormDataRequest.m */; };
		291334B8149648C2006D8A8C /* ASIHTTPRequest.h in Headers */ = {isa = PBXBuildFile; fileRef = 2913346E149648C2006D8A8C /* ASIHTTPRequest.h */; };
		291334B9149648C2006D8A8C /* ASIHTTPRequest.m in Sources */ = {isa = PBXBuildFile; fileRef = 2913346F149648C2006D8A8C /* ASIHTTPRequest.m */; };
		291334BA149648C2006D8A8C /* ASIHTTPRequestConfig.h in Headers */ = {isa = PBXBuildFile; fileRef = 29133470149648C2006D8A8C /* ASIHTTPRequestConfig.h */; };
		291334BB149648C2006D8A8C /* ASIHTTPRequestDelegate.h in Headers */ = {isa = PBXBuildFile; fileRef = 29133471149648C2006D8A8C /* ASIHTTPRequestDelegate.h */; };
		291334BC149648C2006D8A8C /* ASIInputStream.h in Headers */ = {isa = PBXBuildFile; fileRef = 29133472149648C2006D8A8C /* ASIInputStream.h */; };
		291334BD149648C2006D8A8C /* ASIInputStream.m in Sources */ = {isa = PBXBuildFile; fileRef = 29133473149648C2006D8A8C /* ASIInputStream.m */; };
		291334BE149648C2006D8A8C /* ASINetworkQueue.h in Headers */ = {isa = PBXBuildFile; fileRef = 29133474149648C2006D8A8C /* ASINetworkQueue.h */; };
		291334BF149648C2006D8A8C /* ASINetworkQueue.m in Sources */ = {isa = PBXBuildFile; fileRef = 29133475149648C2006D8A8C /* ASINetworkQueue.m */; };
		291334C0149648C2006D8A8C /* ASIProgressDelegate.h in Headers */ = {isa = PBXBuildFile; fileRef = 29133476149648C2006D8A8C /* ASIProgressDelegate.h */; };
		291334C1149648C2006D8A8C /* Reachability.h in Headers */ = {isa = PBXBuildFile; fileRef = 29133478149648C2006D8A8C /* Reachability.h */; };
		291334C2149648C2006D8A8C /* Reachability.m in Sources */ = {isa = PBXBuildFile; fileRef = 29133479149648C2006D8A8C /* Reachability.m */; };
		291334C3149648C2006D8A8C /* KalturaClient.h in Headers */ = {isa = PBXBuildFile; fileRef = 2913347A149648C2006D8A8C /* KalturaClient.h */; };
		291334C4149648C2006D8A8C /* KalturaClient.m in Sources */ = {isa = PBXBuildFile; fileRef = 2913347B149648C2006D8A8C /* KalturaClient.m */; };
		291334C5149648C2006D8A8C /* KalturaClientBase.h in Headers */ = {isa = PBXBuildFile; fileRef = 2913347C149648C2006D8A8C /* KalturaClientBase.h */; };
		291334C6149648C2006D8A8C /* KalturaClientBase.m in Sources */ = {isa = PBXBuildFile; fileRef = 2913347D149648C2006D8A8C /* KalturaClientBase.m */; };
		291334F3149648C2006D8A8C /* KalturaXmlParsers.h in Headers */ = {isa = PBXBuildFile; fileRef = 291334AB149648C2006D8A8C /* KalturaXmlParsers.h */; };
		291334F4149648C2006D8A8C /* KalturaXmlParsers.m in Sources */ = {isa = PBXBuildFile; fileRef = 291334AC149648C2006D8A8C /* KalturaXmlParsers.m */; };
		7B7554581ECA0420DCB3D5A5 /* KalturaMetadataClientPlugin.h in Headers */ = {isa = PBXBuildFile; fileRef = F799064EC6FBD86841716A96 /* KalturaMetadataClientPlugin.h */; };
		634D62508CDA2AFB889B3752 /* KalturaMetadataClientPlugin.m in Sources */ = {isa = PBXBuildFile; fileRef = 5532536A9FBBA10478DAE783 /* KalturaMetadataClientPlugin.m */; };
		7564C5398FA75BA6DCAC027F /* KalturaDocumentClientPlugin.h in Headers */ = {isa = PBXBuildFile; fileRef = 40A77B5D8BA33322BBE57B6C /* KalturaDocumentClientPlugin.h */; };
		9D5DA54C65ED5DFD49D77972 /* KalturaDocumentClientPlugin.m in Sources */ = {isa = PBXBuildFile; fileRef = DF10835C4DAE5141FC953F5A /* KalturaDocumentClientPlugin.m */; };
		06A9469D50480128C04C533B /* KalturaFileSyncClientPlugin.h in Headers */ = {isa = PBXBuildFile; fileRef = 1B61FBC03FA0AB29070E9E06 /* KalturaFileSyncClientPlugin.h */; };
		564A00BF295026A84E3F5F82 /* KalturaFileSyncClientPlugin.m in Sources */ = {isa = PBXBuildFile; fileRef = 1D098FDDC689E936B2DED3BC /* KalturaFileSyncClientPlugin.m */; };
		3104951D1D13B4FD91DF821E /* KalturaSystemPartnerClientPlugin.h in Headers */ = {isa = PBXBuildFile; fileRef = D607C93AAC98956C02362686 /* KalturaSystemPartnerClientPlugin.h */; };
		6351E5F29F47F3A7512187E6 /* KalturaSystemPartnerClientPlugin.m in Sources */ = {isa = PBXBuildFile; fileRef = 5399B48D14C21AF1CFADB49F /* KalturaSystemPartnerClientPlugin.m */; };
		895843222795F9946899D318 /* KalturaAdminConsoleClientPlugin.h in Headers */ = {isa = PBXBuildFile; fileRef = B237FC2D917D17C8A2053601 /* KalturaAdminConsoleClientPlugin.h */; };
		D2A81F422137CF2426E545CE /* KalturaAdminConsoleClientPlugin.m in Sources */ = {isa = PBXBuildFile; fileRef = F4028865A2E9E3A964C4DD04 /* KalturaAdminConsoleClientPlugin.m */; };
		4835AEC5B9D2FF647FD85503 /* KalturaKalturaInternalToolsClientPlugin.h in Headers */ = {isa = PBXBuildFile; fileRef = 0918FFF54390B45A222D59C2 /* KalturaKalturaInternalToolsClientPlugin.h */; };
		74E9EE35E18CCEFD4A8176E5 /* KalturaKalturaInternalToolsClientPlugin.m in Sources */ = {isa = PBXBuildFile; fileRef = 94E5FC07D5C0C06F3B674025 /* KalturaKalturaInternalToolsClientPlugin.m */; };
		5B992F0EF993B59AA0341E00 /* KalturaVirusScanClientPlugin.h in Headers */ = {isa = PBXBuildFile; fileRef = 3C348830731688C3C2379C7B /* KalturaVirusScanClientPlugin.h */; };
		0F752F93DC1935E547652D2A /* KalturaVirusScanClientPlugin.m in Sources */ = {isa = PBXBuildFile; fileRef = A672EC886B9F2EC05DE26993 /* KalturaVirusScanClientPlugin.m */; };
		E4E7EE3B751F7238954D0DE0 /* KalturaContentDistributionClientPlugin.h in Headers */ = {isa = PBXBuildFile; fileRef = C2ECDB5BF726DE23AD65B011 /* KalturaContentDistributionClientPlugin.h */; };
		409A92B22A527BD21833B8F9 /* KalturaContentDistributionClientPlugin.m in Sources */ = {isa = PBXBuildFile; fileRef = CB9D56DCFB2A6D56EC4DCC64 /* KalturaContentDistributionClientPlugin.m */; };
		9352747AE63AFFC563C0DDFD /* KalturaYoutubeApiDistributionClientPlugin.h in Headers */ = {isa = PBXBuildFile; fileRef = F5C015098EA8F9202C59DF8A /* KalturaYoutubeApiDistributionClientPlugin.h */; };
		90F2112C6E4D974042D008AB /* KalturaYoutubeApiDistributionClientPlugin.m in Sources */ = {isa = PBXBuildFile; fileRef = 5DAAF87BB85C158947403209 /* KalturaYoutubeApiDistributionClientPlugin.m */; };
		7BB1B342BBA0113DAE0F9FD6 /* KalturaCuePointClientPlugin.h in Headers */ = {isa = PBXBuildFile; fileRef = 7FD894719452DB11C7678A56 /* KalturaCuePointClientPlugin.h */; };
		B144C68A2DB202A8E910089E /* KalturaCuePointClientPlugin.m in Sources */ = {isa = PBXBuildFile; fileRef = 303A5AB5F921366CE9CB5076 /* KalturaCuePointClientPlugin.m */; };
		AD83A7F91598C4E6E78B43A1 /* KalturaEventCuePointClientPlugin.h in Headers */ = {isa = PBXBuildFile; fileRef = E3A3636274448F484B59250C /* KalturaEventCuePointClientPlugin.h */; };
		D20985F888758C270611639A /* KalturaEventCuePointClientPlugin.m in Sources */ = {isa = PBXBuildFile; fileRef = 98A322D053BF94E5A37D36BD /* KalturaEventCuePointClientPlugin.m */; };
		82CEA3C29F3CF9FD3A4B7B60 /* KalturaAdCuePointClientPlugin.h in Headers */ = {isa = PBXBuildFile; fileRef = FB1514D89B2EF396CC064055 /* KalturaAdCuePointClientPlugin.h */; };
		829869C56EC658C0E3DAE5DE /* KalturaAdCuePointClientPlugin.m in Sources */ = {isa = PBXBuildFile; fileRef = 5360F1387F2864F731F87D05 /* KalturaAdCuePointClientPlugin.m */; };
		ACCBB1272CE608A64C75E112 /* KalturaCodeCuePointClientPlugin.h in Headers */ = {isa = PBXBuildFile; fileRef = CAC4FDB25327CE5809DF8761 /* KalturaCodeCuePointClientPlugin.h */; };
		E0C87C167F4215D8AFF45362 /* KalturaCodeCuePointClientPlugin.m in Sources */ = {isa = PBXBuildFile; fileRef = E476E3B6D7C708BE5A0082CA /* KalturaCodeCuePointClientPlugin.m */; };
		E4960E769C8845A35CF4E2E8 /* KalturaThumbCuePointClientPlugin.h in Headers */ = {isa = PBXBuildFile; fileRef = C29B19D710605C78B991C659 /* KalturaThumbCuePointClientPlugin.h */; };
		687205AA2F73EB6F7AABCFDA /* KalturaThumbCuePointClientPlugin.m in Sources */ = {isa = PBXBuildFile; fileRef = FA25C2AC2D0D10F951E13C19 /* KalturaThumbCuePointClientPlugin.m */; };
		D11B6788F65867F7FCEE2133 /* KalturaAnnotationClientPlugin.h in Headers */ = {isa = PBXBuildFile; fileRef = DE876F24C7047A5AF5EADD0C /* KalturaAnnotationClientPlugin.h */; };
		6350A83076F2F49A9E0A9367 /* KalturaAnnotationClientPlugin.m in Sources */ = {isa = PBXBuildFile; fileRef = 4BAE5A7329294B5BC0E57112 /* KalturaAnnotationClientPlugin.m */; };
		D8899A3A1DC08D4DA2449DB4 /* KalturaQuizClientPlugin.h in Headers */ = {isa = PBXBuildFile; fileRef = F8E6B10AFDA8DA7C65822668 /* KalturaQuizClientPlugin.h */; };
		9FEA33C83041550BDF77258C /* KalturaQuizClientPlugin.m in Sources */ = {isa = PBXBuildFile; fileRef = EBEDC6C67FB596952EC627D3 /* KalturaQuizClientPlugin.m */; };
		7287D7C914EF541D943D112B /* KalturaShortLinkClientPlugin.h in Headers */ = {isa = PBXBuildFile; fileRef = 0B225ED9B3F04BF34AFDF2CD /* KalturaShortLinkClientPlugin.h */; };
		8182238333D4311673EB6EDF /* KalturaShortLinkClientPlugin.m in Sources */ = {isa = PBXBuildFile; fileRef = 6E372D062B9EA800DB4A8B5E /* KalturaShortLinkClientPlugin.m */; };
		1426713DA44FB09BDB0B5360 /* KalturaBulkUploadClientPlugin.h in Headers */ = {isa = PBXBuildFile; fileRef = 86A05FFDC2DA0DA651AC1951 /* KalturaBulkUploadClientPlugin.h */; };
		3B3DD2CD5F7DA044A4AE342D /* KalturaBulkUploadClientPlugin.m in Sources */ = {isa = PBXBuildFile; fileRef = 60A2360AEA309F8AD859C4A5 /* KalturaBulkUploadClientPlugin.m */; };
		FF3EBB94860CA6FA2F3BD093 /* KalturaBulkUploadCsvClientPlugin.h in Headers */ = {isa = PBXBuildFile; fileRef = E3C3847F12914AE15F40E59D /* KalturaBulkUploadCsvClientPlugin.h */; };
		BB54FC4D51BDA9EEC38B0F39 /* KalturaBulkUploadCsvClientPlugin.m in Sources */ = {isa = PBXBuildFile; fileRef = A22AB0DCD9FC18FB44429101 /* KalturaBulkUploadCsvClientPlugin.m */; };
		F7F93D95B2A49950A634AAF1 /* KalturaBulkUploadXmlClientPlugin.h in Headers */ = {isa = PBXBuildFile; fileRef = 4B633B7BFCC94A21524F7B2E /* KalturaBulkUploadXmlClientPlugin.h */; };
		C9D9C1C35455CF6E9F416318 /* KalturaBulkUploadXmlClientPlugin.m in Sources */ = {isa = PBXBuildFile; fileRef = 841FD8ED344ADE1989254B6F /* KalturaBulkUploadXmlClientPlugin.m */; };
		EC2349F298D31382E466B482 /* KalturaBulkUploadFilterClientPlugin.h in Headers */ = {isa = PBXBuildFile; fileRef = A35D5CA1E06578902537E89C /* KalturaBulkUploadFilterClientPlugin.h */; };
		ACE2A7C3A59C6FBB762A3DD1 /* KalturaBulkUploadFilterClientPlugin.m in Sources */ = {isa = PBXBuildFile; fileRef = 5775C9093105DF38E5265219 /* KalturaBulkUploadFilterClientPlugin.m */; };
		3D1AE154D9DBDBD0924D638C /* KalturaDropFolderClientPlugin.h in Headers */ = {isa = PBXBuildFile; fileRef = 47C0EFF3E7025E3F76950C64 /* KalturaDropFolderClientPlugin.h */; };
		DE2CE4EAF3BE47F920C30EFA /* KalturaDropFolderClientPlugin.m in Sources */ = {isa = PBXBuildFile; fileRef = FF2F3B693F10E2F7AD0CADC5 /* KalturaDropFolderClientPlugin.m */; };
		58F59DC6CEEAEE40BF099BD3 /* KalturaDropFolderXmlBulkUploadClientPlugin.h in Headers */ = {isa = PBXBuildFile; fileRef = 923C40E8D03C5AB3CF5D6E9C /* KalturaDropFolderXmlBulkUploadClientPlugin.h */; };
		FDBBEA1BDD3058DA58EF74F4 /* KalturaDropFolderXmlBulkUploadClientPlugin.m in Sources */ = {isa = PBXBuildFile; fileRef = EB8192DB90E23ABF925C536A /* KalturaDropFolderXmlBulkUploadClientPlugin.m */; };
		8BA587A7CA5E73502CFDF04B /* KalturaCaptionClientPlugin.h in Headers */ = {isa = PBXBuildFile; fileRef = BBE878AC87913FAFCF378974 /* KalturaCaptionClientPlugin.h */; };
		CFB43C8961F12CA15DE5E246 /* KalturaCaptionClientPlugin.m in Sources */ = {isa = PBXBuildFile; fileRef = E01EF30C2CAC77EB004D6CD9 /* KalturaCaptionClientPlugin.m */; };
		A9D441E5F9392437CAD47F4B /* KalturaCaptionSearchClientPlugin.h in Headers */ = {isa = PBXBuildFile; fileRef = B201ED3457CB036A41B1CC14 /* KalturaCaptionSearchClientPlugin.h */; };
		CBA911D97E40EE0F4BA9B434 /* KalturaCaptionSearchClientPlugin.m in Sources */ = {isa = PBXBuildFile; fileRef = 6423160AEFDCF659BCF0C36A /* KalturaCaptionSearchClientPlugin.m */; };
		BE8F3D04C42DE22E769A2849 /* KalturaAttachmentClientPlugin.h in Headers */ = {isa = PBXBuildFile; fileRef = 444F1FDC06C76BD035CC0985 /* KalturaAttachmentClientPlugin.h */; };
		0EB870F0A485D58D95A107D5 /* KalturaAttachmentClientPlugin.m in Sources */ = {isa = PBXBuildFile; fileRef = AF65F60E65AD99D2D32ED422 /* KalturaAttachmentClientPlugin.m */; };
		E3FCFF4BB903B7181578F064 /* KalturaIdeticDistributionClientPlugin.h in Headers */ = {isa = PBXBuildFile; fileRef = B1050484BA3D8446F16639E2 /* KalturaIdeticDistributionClientPlugin.h */; };
		2A848BE51F2C4A6579D0BBBD /* KalturaIdeticDistributionClientPlugin.m in Sources */ = {isa = PBXBuildFile; fileRef = 4C4B2F40FA6A643D3D80F35D /* KalturaIdeticDistributionClientPlugin.m */; };
		DA682909D7B717833125E83B /* KalturaTagSearchClientPlugin.h in Headers */ = {isa = PBXBuildFile; fileRef = 77819E439C71C981DB8F8199 /* KalturaTagSearchClientPlugin.h */; };
		85142EC4F4B7FE2B74A78EEA /* KalturaTagSearchClientPlugin.m in Sources */ = {isa = PBXBuildFile; fileRef = 85A0D5AF26B732FEFFD4BE6F /* KalturaTagSearchClientPlugin.m */; };
		45C3ED6832E476F7431B8FC7 /* KalturaLikeClientPlugin.h in Headers */ = {isa = PBXBuildFile; fileRef = 315047DE00B2744E6B05E82F /* KalturaLikeClientPlugin.h */; };
		5E57E9E3FFB0A786D4AF28BA /* KalturaLikeClientPlugin.m in Sources */ = {isa = PBXBuildFile; fileRef = CBDC36A8E48BA7CCCB1D3AE5 /* KalturaLikeClientPlugin.m */; };
		64CCDE42933A9C288F0A305A /* KalturaVarConsoleClientPlugin.h in Headers */ = {isa = PBXBuildFile; fileRef = DB9544C02EDE23CB59845A54 /* KalturaVarConsoleClientPlugin.h */; };
		C90872C09E183790D391434A /* KalturaVarConsoleClientPlugin.m in Sources */ = {isa = PBXBuildFile; fileRef = D060D2414C4804268DCAD182 /* KalturaVarConsoleClientPlugin.m */; };
		17D94BAFCF28CE7DE23E33C8 /* KalturaEventNotificationClientPlugin.h in Headers */ = {isa = PBXBuildFile; fileRef = 7EDD868C88B6535F57A49E8E /* KalturaEventNotificationClientPlugin.h */; };
		105BF7390F00E90DA5FD0CA9 /* KalturaEventNotificationClientPlugin.m in Sources */ = {isa = PBXBuildFile; fileRef = 905722E9CA67646E3F5A3670 /* KalturaEventNotificationClientPlugin.m */; };
		E8CBBA2F81F467CEBA24C85D /* KalturaEmailNotificationClientPlugin.h in Headers */ = {isa = PBXBuildFile; fileRef = FF8F6079C080184CAA9EF683 /* KalturaEmailNotificationClientPlugin.h */; };
		FC44E638A53947317B2E9B5B /* KalturaEmailNotificationClientPlugin.m in Sources */ = {isa = PBXBuildFile; fileRef = 828F24D165A34CD51B117E44 /* KalturaEmailNotificationClientPlugin.m */; };
		37D64A3B52652FDEC4647233 /* KalturaHttpNotificationClientPlugin.h in Headers */ = {isa = PBXBuildFile; fileRef = 697E24B42D2461646F88046D /* KalturaHttpNotificationClientPlugin.h */; };
		7D8C77530FB91887D4AB8C19 /* KalturaHttpNotificationClientPlugin.m in Sources */ = {isa = PBXBuildFile; fileRef = 1922D8BC8E45D989554AB46C /* KalturaHttpNotificationClientPlugin.m */; };
		89E215BE959DB812FBE39169 /* KalturaExternalMediaClientPlugin.h in Headers */ = {isa = PBXBuildFile; fileRef = B2754BCE274477180CD5DF3A /* KalturaExternalMediaClientPlugin.h */; };
		C8C7D31D078F5B2F9D5F6564 /* KalturaExternalMediaClientPlugin.m in Sources */ = {isa = PBXBuildFile; fileRef = 33A1527B42070D846A429FA5 /* KalturaExternalMediaClientPlugin.m */; };
		759233559FEFC24598618B46 /* KalturaKontikiClientPlugin.h in Headers */ = {isa = PBXBuildFile; fileRef = 88ECEE8C171136C6A9D50F27 /* KalturaKontikiClientPlugin.h */; };
		DD4F0AAA75D0995A7AEB4A66 /* KalturaKontikiClientPlugin.m in Sources */ = {isa = PBXBuildFile; fileRef = F3B738BA5FFBA9CC769159E0 /* KalturaKontikiClientPlugin.m */; };
		EE2B6667000B6375EB3C6FF3 /* KalturaVelocixClientPlugin.h in Headers */ = {isa = PBXBuildFile; fileRef = 6BCFBDB4BB02F1BD0E6D6CF1 /* KalturaVelocixClientPlugin.h */; };
		28B0BC751E157C23E6A5F375 /* KalturaVelocixClientPlugin.m in Sources */ = {isa = PBXBuildFile; fileRef = E31E511CA7FC5E6A190BFAB0 /* KalturaVelocixClientPlugin.m */; };
		8A05581BAC46AB16FE9C7392 /* KalturaWowzaClientPlugin.h in Headers */ = {isa = PBXBuildFile; fileRef = C56FF90AB59AE4A1173A17D8 /* KalturaWowzaClientPlugin.h */; };
		20D5F12BD89C253FDD94979F /* KalturaWowzaClientPlugin.m in Sources */ = {isa = PBXBuildFile; fileRef = 972A244EFFC9553E02504B94 /* KalturaWowzaClientPlugin.m */; };
		FED641E7969D1162F20011CB /* KalturaScheduleClientPlugin.h in Headers */ = {isa = PBXBuildFile; fileRef = 61B018B0E1DDEC6D702CD944 /* KalturaScheduleClientPlugin.h */; };
		F952E4D1EDBA4920BDDCF50E /* KalturaScheduleClientPlugin.m in Sources */ = {isa = PBXBuildFile; fileRef = 6056221DAE48C827B032C38B /* KalturaScheduleClientPlugin.m */; };
		82023E0E680B4EE59B73B3FC /* KalturaScheduledTaskClientPlugin.h in Headers */ = {isa = PBXBuildFile; fileRef = 62784416F04A11F557616389 /* KalturaScheduledTaskClientPlugin.h */; };
		9AED54DCB80D0E15D54C03ED /* KalturaScheduledTaskClientPlugin.m in Sources */ = {isa = PBXBuildFile; fileRef = E0FDF63B2A0F6C73402B1608 /* KalturaScheduledTaskClientPlugin.m */; };
		8EEEE2C1846DAD0264E1D43E /* KalturaScheduledTaskMetadataClientPlugin.h in Headers */ = {isa = PBXBuildFile; fileRef = E3361907DFD744D354F7B1F0 /* KalturaScheduledTaskMetadataClientPlugin.h */; };
		AF1589C05F96FCAB65E804C2 /* KalturaScheduledTaskMetadataClientPlugin.m in Sources */ = {isa = PBXBuildFile; fileRef = F6A73C31531C795D698FFAE0 /* KalturaScheduledTaskMetadataClientPlugin.m */; };
		1D7F0FE0A50346A19131A991 /* KalturaScheduledTaskEventNotificationClientPlugin.h in Headers */ = {isa = PBXBuildFile; fileRef = 40D93FEADB7DE19E31259E21 /* KalturaScheduledTaskEventNotificationClientPlugin.h */; };
		A47049F8A1439099F8871813 /* KalturaScheduledTaskEventNotificationClientPlugin.m in Sources */ = {isa = PBXBuildFile; fileRef = 1852AC99EF9AD72F19500BD5 /* KalturaScheduledTaskEventNotificationClientPlugin.m */; };
		BE8DCFC7182A2C319C6A07FD /* KalturaScheduledTaskContentDistributionClientPlugin.h in Headers */ = {isa = PBXBuildFile; fileRef = 9827D0BDFC1A5B50D3D328DC /* KalturaScheduledTaskContentDistributionClientPlugin.h */; };
		48C1EC6D7E6FF49D870A574C /* KalturaScheduledTaskContentDistributionClientPlugin.m in Sources */ = {isa = PBXBuildFile; fileRef = 3247B0E981E8A4109490DBB6 /* KalturaScheduledTaskContentDistributionClientPlugin.m */; };
		705433743425A08D0DAD358F /* KalturaScheduleBulkUploadClientPlugin.h in Headers */ = {isa = PBXBuildFile; fileRef = E8F243AC0976462BB0F3A0D5 /* KalturaScheduleBulkUploadClientPlugin.h */; };
		815FF038440886D9F98398CE /* KalturaScheduleBulkUploadClientPlugin.m in Sources */ = {isa = PBXBuildFile; fileRef = 203DBC6862B15E960DFD2BE9 /* KalturaScheduleBulkUploadClientPlugin.m */; };
		DC43077EA8C57C6F6B2E8B62 /* KalturaScheduleDropFolderClientPlugin.h in Headers */ = {isa = PBXBuildFile; fileRef = BE882224FC9CB73CC080AA29 /* KalturaScheduleDropFolderClientPlugin.h */; };
		FEAE95008682FAB0AF4D20AE /* KalturaScheduleDropFolderClientPlugin.m in Sources */ = {isa = PBXBuildFile; fileRef = 46A6F08E40161F4EFC92F772 /* KalturaScheduleDropFolderClientPlugin.m */; };
		6127EE0A510B35074B7C71AB /* KalturaFeedDropFolderClientPlugin.h in Headers */ = {isa = PBXBuildFile; fileRef = 84817C4D63BDEC2C0C1BA6B1 /* KalturaFeedDropFolderClientPlugin.h */; };
		D39A533825A4E5F2B93C8921 /* KalturaFeedDropFolderClientPlugin.m in Sources */ = {isa = PBXBuildFile; fileRef = C07E4449CDD666DAEC6DCAB4 /* KalturaFeedDropFolderClientPlugin.m */; };
		6D816DE893074E22CE7BDCC7 /* KalturaTranscriptClientPlugin.h in Headers */ = {isa = PBXBuildFile; fileRef = 8528680041ED594B74CAC3B5 /* KalturaTranscriptClientPlugin.h */; };
		04853FAC8954F8C0FFE18F7D /* KalturaTranscriptClientPlugin.m in Sources */ = {isa = PBXBuildFile; fileRef = 60391DA9C635957E375064E8 /* KalturaTranscriptClientPlugin.m */; };
		0BEA2107C4766AFDD5889317 /* KalturaIntegrationClientPlugin.h in Headers */ = {isa = PBXBuildFile; fileRef = 6C60E961D9A642E0A10C952C /* KalturaIntegrationClientPlugin.h */; };
		22F31FFD82598D2A38BE309D /* KalturaIntegrationClientPlugin.m in Sources */ = {isa = PBXBuildFile; fileRef = F555E1BE49D20799455D530E /* KalturaIntegrationClientPlugin.m */; };
		B013612902A9F8F0DD8A169D /* KalturaVoicebaseClientPlugin.h in Headers */ = {isa = PBXBuildFile; fileRef = 4AC1D156ADC3D22AEB365C46 /* KalturaVoicebaseClientPlugin.h */; };
		D47614EB9628E0FE41B37D2D /* KalturaVoicebaseClientPlugin.m in Sources */ = {isa = PBXBuildFile; fileRef = 3F4BCAF681007581DED0D528 /* KalturaVoicebaseClientPlugin.m */; };
		286D3521F8897FF627E2A386 /* KalturaCielo24ClientPlugin.h in Headers */ = {isa = PBXBuildFile; fileRef = B3E6249BF7DC657E285DBE1F /* KalturaCielo24ClientPlugin.h */; };
		745E87312A7D33B0B79D16CD /* KalturaCielo24ClientPlugin.m in Sources */ = {isa = PBXBuildFile; fileRef = 72152E4F915A6A19F91D37AC /* KalturaCielo24ClientPlugin.m */; };
		C49ACC23DADD16E7F42A6C0C /* KalturaFacebookDistributionClientPlugin.h in Headers */ = {isa = PBXBuildFile; fileRef = 1542A685EC0DB6A42204584B /* KalturaFacebookDistributionClientPlugin.h */; };
		03F4E38D9F49E217016D9191 /* KalturaFacebookDistributionClientPlugin.m in Sources */ = {isa = PBXBuildFile; fileRef = 2E6D91E3F483CE1AE8579C94 /* KalturaFacebookDistributionClientPlugin.m */; };
/* End PBXBuildFile section */

/* Begin PBXFileReference section */
		29133452149646BB006D8A8C /* libKalturaClient.a */ = {isa = PBXFileReference; explicitFileType = archive.ar; includeInIndex = 0; path = libKalturaClient.a; sourceTree = BUILT_PRODUCTS_DIR; };
		29133455149646BB006D8A8C /* Foundation.framework */ = {isa = PBXFileReference; lastKnownFileType = wrapper.framework; name = Foundation.framework; path = System/Library/Frameworks/Foundation.framework; sourceTree = SDKROOT; };
		29133459149646BB006D8A8C /* KalturaClient-Prefix.pch */ = {isa = PBXFileReference; lastKnownFileType = sourcecode.c.h; path = "KalturaClient-Prefix.pch"; sourceTree = "<group>"; };
		29133463149648C2006D8A8C /* ASIAuthenticationDialog.h */ = {isa = PBXFileReference; fileEncoding = 4; lastKnownFileType = sourcecode.c.h; path = ASIAuthenticationDialog.h; sourceTree = "<group>"; };
		29133464149648C2006D8A8C /* ASIAuthenticationDialog.m */ = {isa = PBXFileReference; fileEncoding = 4; lastKnownFileType = sourcecode.c.objc; path = ASIAuthenticationDialog.m; sourceTree = "<group>"; };
		29133465149648C2006D8A8C /* ASICacheDelegate.h */ = {isa = PBXFileReference; fileEncoding = 4; lastKnownFileType = sourcecode.c.h; path = ASICacheDelegate.h; sourceTree = "<group>"; };
		29133466149648C2006D8A8C /* ASIDataCompressor.h */ = {isa = PBXFileReference; fileEncoding = 4; lastKnownFileType = sourcecode.c.h; path = ASIDataCompressor.h; sourceTree = "<group>"; };
		29133467149648C2006D8A8C /* ASIDataCompressor.m */ = {isa = PBXFileReference; fileEncoding = 4; lastKnownFileType = sourcecode.c.objc; path = ASIDataCompressor.m; sourceTree = "<group>"; };
		29133468149648C2006D8A8C /* ASIDataDecompressor.h */ = {isa = PBXFileReference; fileEncoding = 4; lastKnownFileType = sourcecode.c.h; path = ASIDataDecompressor.h; sourceTree = "<group>"; };
		29133469149648C2006D8A8C /* ASIDataDecompressor.m */ = {isa = PBXFileReference; fileEncoding = 4; lastKnownFileType = sourcecode.c.objc; path = ASIDataDecompressor.m; sourceTree = "<group>"; };
		2913346A149648C2006D8A8C /* ASIDownloadCache.h */ = {isa = PBXFileReference; fileEncoding = 4; lastKnownFileType = sourcecode.c.h; path = ASIDownloadCache.h; sourceTree = "<group>"; };
		2913346B149648C2006D8A8C /* ASIDownloadCache.m */ = {isa = PBXFileReference; fileEncoding = 4; lastKnownFileType = sourcecode.c.objc; path = ASIDownloadCache.m; sourceTree = "<group>"; };
		2913346C149648C2006D8A8C /* ASIFormDataRequest.h */ = {isa = PBXFileReference; fileEncoding = 4; lastKnownFileType = sourcecode.c.h; path = ASIFormDataRequest.h; sourceTree = "<group>"; };
		2913346D149648C2006D8A8C /* ASIFormDataRequest.m */ = {isa = PBXFileReference; fileEncoding = 4; lastKnownFileType = sourcecode.c.objc; path = ASIFormDataRequest.m; sourceTree = "<group>"; };
		2913346E149648C2006D8A8C /* ASIHTTPRequest.h */ = {isa = PBXFileReference; fileEncoding = 4; lastKnownFileType = sourcecode.c.h; path = ASIHTTPRequest.h; sourceTree = "<group>"; };
		2913346F149648C2006D8A8C /* ASIHTTPRequest.m */ = {isa = PBXFileReference; fileEncoding = 4; lastKnownFileType = sourcecode.c.objc; path = ASIHTTPRequest.m; sourceTree = "<group>"; };
		29133470149648C2006D8A8C /* ASIHTTPRequestConfig.h */ = {isa = PBXFileReference; fileEncoding = 4; lastKnownFileType = sourcecode.c.h; path = ASIHTTPRequestConfig.h; sourceTree = "<group>"; };
		29133471149648C2006D8A8C /* ASIHTTPRequestDelegate.h */ = {isa = PBXFileReference; fileEncoding = 4; lastKnownFileType = sourcecode.c.h; path = ASIHTTPRequestDelegate.h; sourceTree = "<group>"; };
		29133472149648C2006D8A8C /* ASIInputStream.h */ = {isa = PBXFileReference; fileEncoding = 4; lastKnownFileType = sourcecode.c.h; path = ASIInputStream.h; sourceTree = "<group>"; };
		29133473149648C2006D8A8C /* ASIInputStream.m */ = {isa = PBXFileReference; fileEncoding = 4; lastKnownFileType = sourcecode.c.objc; path = ASIInputStream.m; sourceTree = "<group>"; };
		29133474149648C2006D8A8C /* ASINetworkQueue.h */ = {isa = PBXFileReference; fileEncoding = 4; lastKnownFileType = sourcecode.c.h; path = ASINetworkQueue.h; sourceTree = "<group>"; };
		29133475149648C2006D8A8C /* ASINetworkQueue.m */ = {isa = PBXFileReference; fileEncoding = 4; lastKnownFileType = sourcecode.c.objc; path = ASINetworkQueue.m; sourceTree = "<group>"; };
		29133476149648C2006D8A8C /* ASIProgressDelegate.h */ = {isa = PBXFileReference; fileEncoding = 4; lastKnownFileType = sourcecode.c.h; path = ASIProgressDelegate.h; sourceTree = "<group>"; };
		29133477149648C2006D8A8C /* LICENSE */ = {isa = PBXFileReference; fileEncoding = 4; lastKnownFileType = text; path = LICENSE; sourceTree = "<group>"; };
		29133478149648C2006D8A8C /* Reachability.h */ = {isa = PBXFileReference; fileEncoding = 4; lastKnownFileType = sourcecode.c.h; path = Reachability.h; sourceTree = "<group>"; };
		29133479149648C2006D8A8C /* Reachability.m */ = {isa = PBXFileReference; fileEncoding = 4; lastKnownFileType = sourcecode.c.objc; path = Reachability.m; sourceTree = "<group>"; };
		2913347A149648C2006D8A8C /* KalturaClient.h */ = {isa = PBXFileReference; fileEncoding = 4; lastKnownFileType = sourcecode.c.h; path = KalturaClient.h; sourceTree = "<group>"; };
		2913347B149648C2006D8A8C /* KalturaClient.m */ = {isa = PBXFileReference; fileEncoding = 4; lastKnownFileType = sourcecode.c.objc; path = KalturaClient.m; sourceTree = "<group>"; };
		2913347C149648C2006D8A8C /* KalturaClientBase.h */ = {isa = PBXFileReference; fileEncoding = 4; lastKnownFileType = sourcecode.c.h; path = KalturaClientBase.h; sourceTree = "<group>"; };
		2913347D149648C2006D8A8C /* KalturaClientBase.m */ = {isa = PBXFileReference; fileEncoding = 4; lastKnownFileType = sourcecode.c.objc; path = KalturaClientBase.m; sourceTree = "<group>"; };
		291334AB149648C2006D8A8C /* KalturaXmlParsers.h */ = {isa = PBXFileReference; fileEncoding = 4; lastKnownFileType = sourcecode.c.h; path = KalturaXmlParsers.h; sourceTree = "<group>"; };
		291334AC149648C2006D8A8C /* KalturaXmlParsers.m */ = {isa = PBXFileReference; fileEncoding = 4; lastKnownFileType = sourcecode.c.objc; path = KalturaXmlParsers.m; sourceTree = "<group>"; };
		F799064EC6FBD86841716A96 /* KalturaMetadataClientPlugin.h */ = {isa = PBXFileReference; fileEncoding = 4; lastKnownFileType = sourcecode.c.h; path = KalturaMetadataClientPlugin.h; sourceTree = "<group>"; };
		5532536A9FBBA10478DAE783 /* KalturaMetadataClientPlugin.m */ = {isa = PBXFileReference; fileEncoding = 4; lastKnownFileType = sourcecode.c.objc; path = KalturaMetadataClientPlugin.m; sourceTree = "<group>"; };
		40A77B5D8BA33322BBE57B6C /* KalturaDocumentClientPlugin.h */ = {isa = PBXFileReference; fileEncoding = 4; lastKnownFileType = sourcecode.c.h; path = KalturaDocumentClientPlugin.h; sourceTree = "<group>"; };
		DF10835C4DAE5141FC953F5A /* KalturaDocumentClientPlugin.m */ = {isa = PBXFileReference; fileEncoding = 4; lastKnownFileType = sourcecode.c.objc; path = KalturaDocumentClientPlugin.m; sourceTree = "<group>"; };
		1B61FBC03FA0AB29070E9E06 /* KalturaFileSyncClientPlugin.h */ = {isa = PBXFileReference; fileEncoding = 4; lastKnownFileType = sourcecode.c.h; path = KalturaFileSyncClientPlugin.h; sourceTree = "<group>"; };
		1D098FDDC689E936B2DED3BC /* KalturaFileSyncClientPlugin.m */ = {isa = PBXFileReference; fileEncoding = 4; lastKnownFileType = sourcecode.c.objc; path = KalturaFileSyncClientPlugin.m; sourceTree = "<group>"; };
		D607C93AAC98956C02362686 /* KalturaSystemPartnerClientPlugin.h */ = {isa = PBXFileReference; fileEncoding = 4; lastKnownFileType = sourcecode.c.h; path = KalturaSystemPartnerClientPlugin.h; sourceTree = "<group>"; };
		5399B48D14C21AF1CFADB49F /* KalturaSystemPartnerClientPlugin.m */ = {isa = PBXFileReference; fileEncoding = 4; lastKnownFileType = sourcecode.c.objc; path = KalturaSystemPartnerClientPlugin.m; sourceTree = "<group>"; };
		B237FC2D917D17C8A2053601 /* KalturaAdminConsoleClientPlugin.h */ = {isa = PBXFileReference; fileEncoding = 4; lastKnownFileType = sourcecode.c.h; path = KalturaAdminConsoleClientPlugin.h; sourceTree = "<group>"; };
		F4028865A2E9E3A964C4DD04 /* KalturaAdminConsoleClientPlugin.m */ = {isa = PBXFileReference; fileEncoding = 4; lastKnownFileType = sourcecode.c.objc; path = KalturaAdminConsoleClientPlugin.m; sourceTree = "<group>"; };
		0918FFF54390B45A222D59C2 /* KalturaKalturaInternalToolsClientPlugin.h */ = {isa = PBXFileReference; fileEncoding = 4; lastKnownFileType = sourcecode.c.h; path = KalturaKalturaInternalToolsClientPlugin.h; sourceTree = "<group>"; };
		94E5FC07D5C0C06F3B674025 /* KalturaKalturaInternalToolsClientPlugin.m */ = {isa = PBXFileReference; fileEncoding = 4; lastKnownFileType = sourcecode.c.objc; path = KalturaKalturaInternalToolsClientPlugin.m; sourceTree = "<group>"; };
		3C348830731688C3C2379C7B /* KalturaVirusScanClientPlugin.h */ = {isa = PBXFileReference; fileEncoding = 4; lastKnownFileType = sourcecode.c.h; path = KalturaVirusScanClientPlugin.h; sourceTree = "<group>"; };
		A672EC886B9F2EC05DE26993 /* KalturaVirusScanClientPlugin.m */ = {isa = PBXFileReference; fileEncoding = 4; lastKnownFileType = sourcecode.c.objc; path = KalturaVirusScanClientPlugin.m; sourceTree = "<group>"; };
		C2ECDB5BF726DE23AD65B011 /* KalturaContentDistributionClientPlugin.h */ = {isa = PBXFileReference; fileEncoding = 4; lastKnownFileType = sourcecode.c.h; path = KalturaContentDistributionClientPlugin.h; sourceTree = "<group>"; };
		CB9D56DCFB2A6D56EC4DCC64 /* KalturaContentDistributionClientPlugin.m */ = {isa = PBXFileReference; fileEncoding = 4; lastKnownFileType = sourcecode.c.objc; path = KalturaContentDistributionClientPlugin.m; sourceTree = "<group>"; };
		F5C015098EA8F9202C59DF8A /* KalturaYoutubeApiDistributionClientPlugin.h */ = {isa = PBXFileReference; fileEncoding = 4; lastKnownFileType = sourcecode.c.h; path = KalturaYoutubeApiDistributionClientPlugin.h; sourceTree = "<group>"; };
		5DAAF87BB85C158947403209 /* KalturaYoutubeApiDistributionClientPlugin.m */ = {isa = PBXFileReference; fileEncoding = 4; lastKnownFileType = sourcecode.c.objc; path = KalturaYoutubeApiDistributionClientPlugin.m; sourceTree = "<group>"; };
		7FD894719452DB11C7678A56 /* KalturaCuePointClientPlugin.h */ = {isa = PBXFileReference; fileEncoding = 4; lastKnownFileType = sourcecode.c.h; path = KalturaCuePointClientPlugin.h; sourceTree = "<group>"; };
		303A5AB5F921366CE9CB5076 /* KalturaCuePointClientPlugin.m */ = {isa = PBXFileReference; fileEncoding = 4; lastKnownFileType = sourcecode.c.objc; path = KalturaCuePointClientPlugin.m; sourceTree = "<group>"; };
		E3A3636274448F484B59250C /* KalturaEventCuePointClientPlugin.h */ = {isa = PBXFileReference; fileEncoding = 4; lastKnownFileType = sourcecode.c.h; path = KalturaEventCuePointClientPlugin.h; sourceTree = "<group>"; };
		98A322D053BF94E5A37D36BD /* KalturaEventCuePointClientPlugin.m */ = {isa = PBXFileReference; fileEncoding = 4; lastKnownFileType = sourcecode.c.objc; path = KalturaEventCuePointClientPlugin.m; sourceTree = "<group>"; };
		FB1514D89B2EF396CC064055 /* KalturaAdCuePointClientPlugin.h */ = {isa = PBXFileReference; fileEncoding = 4; lastKnownFileType = sourcecode.c.h; path = KalturaAdCuePointClientPlugin.h; sourceTree = "<group>"; };
		5360F1387F2864F731F87D05 /* KalturaAdCuePointClientPlugin.m */ = {isa = PBXFileReference; fileEncoding = 4; lastKnownFileType = sourcecode.c.objc; path = KalturaAdCuePointClientPlugin.m; sourceTree = "<group>"; };
		CAC4FDB25327CE5809DF8761 /* KalturaCodeCuePointClientPlugin.h */ = {isa = PBXFileReference; fileEncoding = 4; lastKnownFileType = sourcecode.c.h; path = KalturaCodeCuePointClientPlugin.h; sourceTree = "<group>"; };
		E476E3B6D7C708BE5A0082CA /* KalturaCodeCuePointClientPlugin.m */ = {isa = PBXFileReference; fileEncoding = 4; lastKnownFileType = sourcecode.c.objc; path = KalturaCodeCuePointClientPlugin.m; sourceTree = "<group>"; };
		C29B19D710605C78B991C659 /* KalturaThumbCuePointClientPlugin.h */ = {isa = PBXFileReference; fileEncoding = 4; lastKnownFileType = sourcecode.c.h; path = KalturaThumbCuePointClientPlugin.h; sourceTree = "<group>"; };
		FA25C2AC2D0D10F951E13C19 /* KalturaThumbCuePointClientPlugin.m */ = {isa = PBXFileReference; fileEncoding = 4; lastKnownFileType = sourcecode.c.objc; path = KalturaThumbCuePointClientPlugin.m; sourceTree = "<group>"; };
		DE876F24C7047A5AF5EADD0C /* KalturaAnnotationClientPlugin.h */ = {isa = PBXFileReference; fileEncoding = 4; lastKnownFileType = sourcecode.c.h; path = KalturaAnnotationClientPlugin.h; sourceTree = "<group>"; };
		4BAE5A7329294B5BC0E57112 /* KalturaAnnotationClientPlugin.m */ = {isa = PBXFileReference; fileEncoding = 4; lastKnownFileType = sourcecode.c.objc; path = KalturaAnnotationClientPlugin.m; sourceTree = "<group>"; };
		F8E6B10AFDA8DA7C65822668 /* KalturaQuizClientPlugin.h */ = {isa = PBXFileReference; fileEncoding = 4; lastKnownFileType = sourcecode.c.h; path = KalturaQuizClientPlugin.h; sourceTree = "<group>"; };
		EBEDC6C67FB596952EC627D3 /* KalturaQuizClientPlugin.m */ = {isa = PBXFileReference; fileEncoding = 4; lastKnownFileType = sourcecode.c.objc; path = KalturaQuizClientPlugin.m; sourceTree = "<group>"; };
		0B225ED9B3F04BF34AFDF2CD /* KalturaShortLinkClientPlugin.h */ = {isa = PBXFileReference; fileEncoding = 4; lastKnownFileType = sourcecode.c.h; path = KalturaShortLinkClientPlugin.h; sourceTree = "<group>"; };
		6E372D062B9EA800DB4A8B5E /* KalturaShortLinkClientPlugin.m */ = {isa = PBXFileReference; fileEncoding = 4; lastKnownFileType = sourcecode.c.objc; path = KalturaShortLinkClientPlugin.m; sourceTree = "<group>"; };
		86A05FFDC2DA0DA651AC1951 /* KalturaBulkUploadClientPlugin.h */ = {isa = PBXFileReference; fileEncoding = 4; lastKnownFileType = sourcecode.c.h; path = KalturaBulkUploadClientPlugin.h; sourceTree = "<group>"; };
		60A2360AEA309F8AD859C4A5 /* KalturaBulkUploadClientPlugin.m */ = {isa = PBXFileReference; fileEncoding = 4; lastKnownFileType = sourcecode.c.objc; path = KalturaBulkUploadClientPlugin.m; sourceTree = "<group>"; };
		E3C3847F12914AE15F40E59D /* KalturaBulkUploadCsvClientPlugin.h */ = {isa = PBXFileReference; fileEncoding = 4; lastKnownFileType = sourcecode.c.h; path = KalturaBulkUploadCsvClientPlugin.h; sourceTree = "<group>"; };
		A22AB0DCD9FC18FB44429101 /* KalturaBulkUploadCsvClientPlugin.m */ = {isa = PBXFileReference; fileEncoding = 4; lastKnownFileType = sourcecode.c.objc; path = KalturaBulkUploadCsvClientPlugin.m; sourceTree = "<group>"; };
		4B633B7BFCC94A21524F7B2E /* KalturaBulkUploadXmlClientPlugin.h */ = {isa = PBXFileReference; fileEncoding = 4; lastKnownFileType = sourcecode.c.h; path = KalturaBulkUploadXmlClientPlugin.h; sourceTree = "<group>"; };
		841FD8ED344ADE1989254B6F /* KalturaBulkUploadXmlClientPlugin.m */ = {isa = PBXFileReference; fileEncoding = 4; lastKnownFileType = sourcecode.c.objc; path = KalturaBulkUploadXmlClientPlugin.m; sourceTree = "<group>"; };
		A35D5CA1E06578902537E89C /* KalturaBulkUploadFilterClientPlugin.h */ = {isa = PBXFileReference; fileEncoding = 4; lastKnownFileType = sourcecode.c.h; path = KalturaBulkUploadFilterClientPlugin.h; sourceTree = "<group>"; };
		5775C9093105DF38E5265219 /* KalturaBulkUploadFilterClientPlugin.m */ = {isa = PBXFileReference; fileEncoding = 4; lastKnownFileType = sourcecode.c.objc; path = KalturaBulkUploadFilterClientPlugin.m; sourceTree = "<group>"; };
		47C0EFF3E7025E3F76950C64 /* KalturaDropFolderClientPlugin.h */ = {isa = PBXFileReference; fileEncoding = 4; lastKnownFileType = sourcecode.c.h; path = KalturaDropFolderClientPlugin.h; sourceTree = "<group>"; };
		FF2F3B693F10E2F7AD0CADC5 /* KalturaDropFolderClientPlugin.m */ = {isa = PBXFileReference; fileEncoding = 4; lastKnownFileType = sourcecode.c.objc; path = KalturaDropFolderClientPlugin.m; sourceTree = "<group>"; };
		923C40E8D03C5AB3CF5D6E9C /* KalturaDropFolderXmlBulkUploadClientPlugin.h */ = {isa = PBXFileReference; fileEncoding = 4; lastKnownFileType = sourcecode.c.h; path = KalturaDropFolderXmlBulkUploadClientPlugin.h; sourceTree = "<group>"; };
		EB8192DB90E23ABF925C536A /* KalturaDropFolderXmlBulkUploadClientPlugin.m */ = {isa = PBXFileReference; fileEncoding = 4; lastKnownFileType = sourcecode.c.objc; path = KalturaDropFolderXmlBulkUploadClientPlugin.m; sourceTree = "<group>"; };
		BBE878AC87913FAFCF378974 /* KalturaCaptionClientPlugin.h */ = {isa = PBXFileReference; fileEncoding = 4; lastKnownFileType = sourcecode.c.h; path = KalturaCaptionClientPlugin.h; sourceTree = "<group>"; };
		E01EF30C2CAC77EB004D6CD9 /* KalturaCaptionClientPlugin.m */ = {isa = PBXFileReference; fileEncoding = 4; lastKnownFileType = sourcecode.c.objc; path = KalturaCaptionClientPlugin.m; sourceTree = "<group>"; };
		B201ED3457CB036A41B1CC14 /* KalturaCaptionSearchClientPlugin.h */ = {isa = PBXFileReference; fileEncoding = 4; lastKnownFileType = sourcecode.c.h; path = KalturaCaptionSearchClientPlugin.h; sourceTree = "<group>"; };
		6423160AEFDCF659BCF0C36A /* KalturaCaptionSearchClientPlugin.m */ = {isa = PBXFileReference; fileEncoding = 4; lastKnownFileType = sourcecode.c.objc; path = KalturaCaptionSearchClientPlugin.m; sourceTree = "<group>"; };
		444F1FDC06C76BD035CC0985 /* KalturaAttachmentClientPlugin.h */ = {isa = PBXFileReference; fileEncoding = 4; lastKnownFileType = sourcecode.c.h; path = KalturaAttachmentClientPlugin.h; sourceTree = "<group>"; };
		AF65F60E65AD99D2D32ED422 /* KalturaAttachmentClientPlugin.m */ = {isa = PBXFileReference; fileEncoding = 4; lastKnownFileType = sourcecode.c.objc; path = KalturaAttachmentClientPlugin.m; sourceTree = "<group>"; };
		B1050484BA3D8446F16639E2 /* KalturaIdeticDistributionClientPlugin.h */ = {isa = PBXFileReference; fileEncoding = 4; lastKnownFileType = sourcecode.c.h; path = KalturaIdeticDistributionClientPlugin.h; sourceTree = "<group>"; };
		4C4B2F40FA6A643D3D80F35D /* KalturaIdeticDistributionClientPlugin.m */ = {isa = PBXFileReference; fileEncoding = 4; lastKnownFileType = sourcecode.c.objc; path = KalturaIdeticDistributionClientPlugin.m; sourceTree = "<group>"; };
		77819E439C71C981DB8F8199 /* KalturaTagSearchClientPlugin.h */ = {isa = PBXFileReference; fileEncoding = 4; lastKnownFileType = sourcecode.c.h; path = KalturaTagSearchClientPlugin.h; sourceTree = "<group>"; };
		85A0D5AF26B732FEFFD4BE6F /* KalturaTagSearchClientPlugin.m */ = {isa = PBXFileReference; fileEncoding = 4; lastKnownFileType = sourcecode.c.objc; path = KalturaTagSearchClientPlugin.m; sourceTree = "<group>"; };
		315047DE00B2744E6B05E82F /* KalturaLikeClientPlugin.h */ = {isa = PBXFileReference; fileEncoding = 4; lastKnownFileType = sourcecode.c.h; path = KalturaLikeClientPlugin.h; sourceTree = "<group>"; };
		CBDC36A8E48BA7CCCB1D3AE5 /* KalturaLikeClientPlugin.m */ = {isa = PBXFileReference; fileEncoding = 4; lastKnownFileType = sourcecode.c.objc; path = KalturaLikeClientPlugin.m; sourceTree = "<group>"; };
		DB9544C02EDE23CB59845A54 /* KalturaVarConsoleClientPlugin.h */ = {isa = PBXFileReference; fileEncoding = 4; lastKnownFileType = sourcecode.c.h; path = KalturaVarConsoleClientPlugin.h; sourceTree = "<group>"; };
		D060D2414C4804268DCAD182 /* KalturaVarConsoleClientPlugin.m */ = {isa = PBXFileReference; fileEncoding = 4; lastKnownFileType = sourcecode.c.objc; path = KalturaVarConsoleClientPlugin.m; sourceTree = "<group>"; };
		7EDD868C88B6535F57A49E8E /* KalturaEventNotificationClientPlugin.h */ = {isa = PBXFileReference; fileEncoding = 4; lastKnownFileType = sourcecode.c.h; path = KalturaEventNotificationClientPlugin.h; sourceTree = "<group>"; };
		905722E9CA67646E3F5A3670 /* KalturaEventNotificationClientPlugin.m */ = {isa = PBXFileReference; fileEncoding = 4; lastKnownFileType = sourcecode.c.objc; path = KalturaEventNotificationClientPlugin.m; sourceTree = "<group>"; };
		FF8F6079C080184CAA9EF683 /* KalturaEmailNotificationClientPlugin.h */ = {isa = PBXFileReference; fileEncoding = 4; lastKnownFileType = sourcecode.c.h; path = KalturaEmailNotificationClientPlugin.h; sourceTree = "<group>"; };
		828F24D165A34CD51B117E44 /* KalturaEmailNotificationClientPlugin.m */ = {isa = PBXFileReference; fileEncoding = 4; lastKnownFileType = sourcecode.c.objc; path = KalturaEmailNotificationClientPlugin.m; sourceTree = "<group>"; };
		697E24B42D2461646F88046D /* KalturaHttpNotificationClientPlugin.h */ = {isa = PBXFileReference; fileEncoding = 4; lastKnownFileType = sourcecode.c.h; path = KalturaHttpNotificationClientPlugin.h; sourceTree = "<group>"; };
		1922D8BC8E45D989554AB46C /* KalturaHttpNotificationClientPlugin.m */ = {isa = PBXFileReference; fileEncoding = 4; lastKnownFileType = sourcecode.c.objc; path = KalturaHttpNotificationClientPlugin.m; sourceTree = "<group>"; };
		B2754BCE274477180CD5DF3A /* KalturaExternalMediaClientPlugin.h */ = {isa = PBXFileReference; fileEncoding = 4; lastKnownFileType = sourcecode.c.h; path = KalturaExternalMediaClientPlugin.h; sourceTree = "<group>"; };
		33A1527B42070D846A429FA5 /* KalturaExternalMediaClientPlugin.m */ = {isa = PBXFileReference; fileEncoding = 4; lastKnownFileType = sourcecode.c.objc; path = KalturaExternalMediaClientPlugin.m; sourceTree = "<group>"; };
		88ECEE8C171136C6A9D50F27 /* KalturaKontikiClientPlugin.h */ = {isa = PBXFileReference; fileEncoding = 4; lastKnownFileType = sourcecode.c.h; path = KalturaKontikiClientPlugin.h; sourceTree = "<group>"; };
		F3B738BA5FFBA9CC769159E0 /* KalturaKontikiClientPlugin.m */ = {isa = PBXFileReference; fileEncoding = 4; lastKnownFileType = sourcecode.c.objc; path = KalturaKontikiClientPlugin.m; sourceTree = "<group>"; };
		6BCFBDB4BB02F1BD0E6D6CF1 /* KalturaVelocixClientPlugin.h */ = {isa = PBXFileReference; fileEncoding = 4; lastKnownFileType = sourcecode.c.h; path = KalturaVelocixClientPlugin.h; sourceTree = "<group>"; };
		E31E511CA7FC5E6A190BFAB0 /* KalturaVelocixClientPlugin.m */ = {isa = PBXFileReference; fileEncoding = 4; lastKnownFileType = sourcecode.c.objc; path = KalturaVelocixClientPlugin.m; sourceTree = "<group>"; };
		C56FF90AB59AE4A1173A17D8 /* KalturaWowzaClientPlugin.h */ = {isa = PBXFileReference; fileEncoding = 4; lastKnownFileType = sourcecode.c.h; path = KalturaWowzaClientPlugin.h; sourceTree = "<group>"; };
		972A244EFFC9553E02504B94 /* KalturaWowzaClientPlugin.m */ = {isa = PBXFileReference; fileEncoding = 4; lastKnownFileType = sourcecode.c.objc; path = KalturaWowzaClientPlugin.m; sourceTree = "<group>"; };
		61B018B0E1DDEC6D702CD944 /* KalturaScheduleClientPlugin.h */ = {isa = PBXFileReference; fileEncoding = 4; lastKnownFileType = sourcecode.c.h; path = KalturaScheduleClientPlugin.h; sourceTree = "<group>"; };
		6056221DAE48C827B032C38B /* KalturaScheduleClientPlugin.m */ = {isa = PBXFileReference; fileEncoding = 4; lastKnownFileType = sourcecode.c.objc; path = KalturaScheduleClientPlugin.m; sourceTree = "<group>"; };
		62784416F04A11F557616389 /* KalturaScheduledTaskClientPlugin.h */ = {isa = PBXFileReference; fileEncoding = 4; lastKnownFileType = sourcecode.c.h; path = KalturaScheduledTaskClientPlugin.h; sourceTree = "<group>"; };
		E0FDF63B2A0F6C73402B1608 /* KalturaScheduledTaskClientPlugin.m */ = {isa = PBXFileReference; fileEncoding = 4; lastKnownFileType = sourcecode.c.objc; path = KalturaScheduledTaskClientPlugin.m; sourceTree = "<group>"; };
		E3361907DFD744D354F7B1F0 /* KalturaScheduledTaskMetadataClientPlugin.h */ = {isa = PBXFileReference; fileEncoding = 4; lastKnownFileType = sourcecode.c.h; path = KalturaScheduledTaskMetadataClientPlugin.h; sourceTree = "<group>"; };
		F6A73C31531C795D698FFAE0 /* KalturaScheduledTaskMetadataClientPlugin.m */ = {isa = PBXFileReference; fileEncoding = 4; lastKnownFileType = sourcecode.c.objc; path = KalturaScheduledTaskMetadataClientPlugin.m; sourceTree = "<group>"; };
		40D93FEADB7DE19E31259E21 /* KalturaScheduledTaskEventNotificationClientPlugin.h */ = {isa = PBXFileReference; fileEncoding = 4; lastKnownFileType = sourcecode.c.h; path = KalturaScheduledTaskEventNotificationClientPlugin.h; sourceTree = "<group>"; };
		1852AC99EF9AD72F19500BD5 /* KalturaScheduledTaskEventNotificationClientPlugin.m */ = {isa = PBXFileReference; fileEncoding = 4; lastKnownFileType = sourcecode.c.objc; path = KalturaScheduledTaskEventNotificationClientPlugin.m; sourceTree = "<group>"; };
		9827D0BDFC1A5B50D3D328DC /* KalturaScheduledTaskContentDistributionClientPlugin.h */ = {isa = PBXFileReference; fileEncoding = 4; lastKnownFileType = sourcecode.c.h; path = KalturaScheduledTaskContentDistributionClientPlugin.h; sourceTree = "<group>"; };
		3247B0E981E8A4109490DBB6 /* KalturaScheduledTaskContentDistributionClientPlugin.m */ = {isa = PBXFileReference; fileEncoding = 4; lastKnownFileType = sourcecode.c.objc; path = KalturaScheduledTaskContentDistributionClientPlugin.m; sourceTree = "<group>"; };
		E8F243AC0976462BB0F3A0D5 /* KalturaScheduleBulkUploadClientPlugin.h */ = {isa = PBXFileReference; fileEncoding = 4; lastKnownFileType = sourcecode.c.h; path = KalturaScheduleBulkUploadClientPlugin.h; sourceTree = "<group>"; };
		203DBC6862B15E960DFD2BE9 /* KalturaScheduleBulkUploadClientPlugin.m */ = {isa = PBXFileReference; fileEncoding = 4; lastKnownFileType = sourcecode.c.objc; path = KalturaScheduleBulkUploadClientPlugin.m; sourceTree = "<group>"; };
		BE882224FC9CB73CC080AA29 /* KalturaScheduleDropFolderClientPlugin.h */ = {isa = PBXFileReference; fileEncoding = 4; lastKnownFileType = sourcecode.c.h; path = KalturaScheduleDropFolderClientPlugin.h; sourceTree = "<group>"; };
		46A6F08E40161F4EFC92F772 /* KalturaScheduleDropFolderClientPlugin.m */ = {isa = PBXFileReference; fileEncoding = 4; lastKnownFileType = sourcecode.c.objc; path = KalturaScheduleDropFolderClientPlugin.m; sourceTree = "<group>"; };
		84817C4D63BDEC2C0C1BA6B1 /* KalturaFeedDropFolderClientPlugin.h */ = {isa = PBXFileReference; fileEncoding = 4; lastKnownFileType = sourcecode.c.h; path = KalturaFeedDropFolderClientPlugin.h; sourceTree = "<group>"; };
		C07E4449CDD666DAEC6DCAB4 /* KalturaFeedDropFolderClientPlugin.m */ = {isa = PBXFileReference; fileEncoding = 4; lastKnownFileType = sourcecode.c.objc; path = KalturaFeedDropFolderClientPlugin.m; sourceTree = "<group>"; };
		8528680041ED594B74CAC3B5 /* KalturaTranscriptClientPlugin.h */ = {isa = PBXFileReference; fileEncoding = 4; lastKnownFileType = sourcecode.c.h; path = KalturaTranscriptClientPlugin.h; sourceTree = "<group>"; };
		60391DA9C635957E375064E8 /* KalturaTranscriptClientPlugin.m */ = {isa = PBXFileReference; fileEncoding = 4; lastKnownFileType = sourcecode.c.objc; path = KalturaTranscriptClientPlugin.m; sourceTree = "<group>"; };
		6C60E961D9A642E0A10C952C /* KalturaIntegrationClientPlugin.h */ = {isa = PBXFileReference; fileEncoding = 4; lastKnownFileType = sourcecode.c.h; path = KalturaIntegrationClientPlugin.h; sourceTree = "<group>"; };
		F555E1BE49D20799455D530E /* KalturaIntegrationClientPlugin.m */ = {isa = PBXFileReference; fileEncoding = 4; lastKnownFileType = sourcecode.c.objc; path = KalturaIntegrationClientPlugin.m; sourceTree = "<group>"; };
		4AC1D156ADC3D22AEB365C46 /* KalturaVoicebaseClientPlugin.h */ = {isa = PBXFileReference; fileEncoding = 4; lastKnownFileType = sourcecode.c.h; path = KalturaVoicebaseClientPlugin.h; sourceTree = "<group>"; };
		3F4BCAF681007581DED0D528 /* KalturaVoicebaseClientPlugin.m */ = {isa = PBXFileReference; fileEncoding = 4; lastKnownFileType = sourcecode.c.objc; path = KalturaVoicebaseClientPlugin.m; sourceTree = "<group>"; };
		B3E6249BF7DC657E285DBE1F /* KalturaCielo24ClientPlugin.h */ = {isa = PBXFileReference; fileEncoding = 4; lastKnownFileType = sourcecode.c.h; path = KalturaCielo24ClientPlugin.h; sourceTree = "<group>"; };
		72152E4F915A6A19F91D37AC /* KalturaCielo24ClientPlugin.m */ = {isa = PBXFileReference; fileEncoding = 4; lastKnownFileType = sourcecode.c.objc; path = KalturaCielo24ClientPlugin.m; sourceTree = "<group>"; };
		1542A685EC0DB6A42204584B /* KalturaFacebookDistributionClientPlugin.h */ = {isa = PBXFileReference; fileEncoding = 4; lastKnownFileType = sourcecode.c.h; path = KalturaFacebookDistributionClientPlugin.h; sourceTree = "<group>"; };
		2E6D91E3F483CE1AE8579C94 /* KalturaFacebookDistributionClientPlugin.m */ = {isa = PBXFileReference; fileEncoding = 4; lastKnownFileType = sourcecode.c.objc; path = KalturaFacebookDistributionClientPlugin.m; sourceTree = "<group>"; };
/* End PBXFileReference section */

/* Begin PBXFrameworksBuildPhase section */
		2913344F149646BB006D8A8C /* Frameworks */ = {
			isa = PBXFrameworksBuildPhase;
			buildActionMask = 2147483647;
			files = (
				29133456149646BB006D8A8C /* Foundation.framework in Frameworks */,
			);
			runOnlyForDeploymentPostprocessing = 0;
		};
/* End PBXFrameworksBuildPhase section */

/* Begin PBXGroup section */
		29133447149646BB006D8A8C = {
			isa = PBXGroup;
			children = (
				29133457149646BB006D8A8C /* KalturaClient */,
				29133454149646BB006D8A8C /* Frameworks */,
				29133453149646BB006D8A8C /* Products */,
			);
			sourceTree = "<group>";
		};
		29133453149646BB006D8A8C /* Products */ = {
			isa = PBXGroup;
			children = (
				29133452149646BB006D8A8C /* libKalturaClient.a */,
			);
			name = Products;
			sourceTree = "<group>";
		};
		29133454149646BB006D8A8C /* Frameworks */ = {
			isa = PBXGroup;
			children = (
				29133455149646BB006D8A8C /* Foundation.framework */,
			);
			name = Frameworks;
			sourceTree = "<group>";
		};
		29133457149646BB006D8A8C /* KalturaClient */ = {
			isa = PBXGroup;
			children = (
				29133462149648C2006D8A8C /* ASIHttpRequest */,
				2913347A149648C2006D8A8C /* KalturaClient.h */,
				2913347B149648C2006D8A8C /* KalturaClient.m */,
				2913347C149648C2006D8A8C /* KalturaClientBase.h */,
				2913347D149648C2006D8A8C /* KalturaClientBase.m */,
				2913347E149648C2006D8A8C /* KalturaPlugins */,
				291334AB149648C2006D8A8C /* KalturaXmlParsers.h */,
				291334AC149648C2006D8A8C /* KalturaXmlParsers.m */,
				29133458149646BB006D8A8C /* Supporting Files */,
			);
			path = KalturaClient;
			sourceTree = "<group>";
		};
		29133458149646BB006D8A8C /* Supporting Files */ = {
			isa = PBXGroup;
			children = (
				29133459149646BB006D8A8C /* KalturaClient-Prefix.pch */,
			);
			name = "Supporting Files";
			sourceTree = "<group>";
		};
		29133462149648C2006D8A8C /* ASIHttpRequest */ = {
			isa = PBXGroup;
			children = (
				29133463149648C2006D8A8C /* ASIAuthenticationDialog.h */,
				29133464149648C2006D8A8C /* ASIAuthenticationDialog.m */,
				29133465149648C2006D8A8C /* ASICacheDelegate.h */,
				29133466149648C2006D8A8C /* ASIDataCompressor.h */,
				29133467149648C2006D8A8C /* ASIDataCompressor.m */,
				29133468149648C2006D8A8C /* ASIDataDecompressor.h */,
				29133469149648C2006D8A8C /* ASIDataDecompressor.m */,
				2913346A149648C2006D8A8C /* ASIDownloadCache.h */,
				2913346B149648C2006D8A8C /* ASIDownloadCache.m */,
				2913346C149648C2006D8A8C /* ASIFormDataRequest.h */,
				2913346D149648C2006D8A8C /* ASIFormDataRequest.m */,
				2913346E149648C2006D8A8C /* ASIHTTPRequest.h */,
				2913346F149648C2006D8A8C /* ASIHTTPRequest.m */,
				29133470149648C2006D8A8C /* ASIHTTPRequestConfig.h */,
				29133471149648C2006D8A8C /* ASIHTTPRequestDelegate.h */,
				29133472149648C2006D8A8C /* ASIInputStream.h */,
				29133473149648C2006D8A8C /* ASIInputStream.m */,
				29133474149648C2006D8A8C /* ASINetworkQueue.h */,
				29133475149648C2006D8A8C /* ASINetworkQueue.m */,
				29133476149648C2006D8A8C /* ASIProgressDelegate.h */,
				29133477149648C2006D8A8C /* LICENSE */,
				29133478149648C2006D8A8C /* Reachability.h */,
				29133479149648C2006D8A8C /* Reachability.m */,
			);
			path = ASIHttpRequest;
			sourceTree = "<group>";
		};
		2913347E149648C2006D8A8C /* KalturaPlugins */ = {
			isa = PBXGroup;
			children = (
				F799064EC6FBD86841716A96 /* KalturaMetadataClientPlugin.h */,
				5532536A9FBBA10478DAE783 /* KalturaMetadataClientPlugin.m */,
				40A77B5D8BA33322BBE57B6C /* KalturaDocumentClientPlugin.h */,
				DF10835C4DAE5141FC953F5A /* KalturaDocumentClientPlugin.m */,
				1B61FBC03FA0AB29070E9E06 /* KalturaFileSyncClientPlugin.h */,
				1D098FDDC689E936B2DED3BC /* KalturaFileSyncClientPlugin.m */,
				D607C93AAC98956C02362686 /* KalturaSystemPartnerClientPlugin.h */,
				5399B48D14C21AF1CFADB49F /* KalturaSystemPartnerClientPlugin.m */,
				B237FC2D917D17C8A2053601 /* KalturaAdminConsoleClientPlugin.h */,
				F4028865A2E9E3A964C4DD04 /* KalturaAdminConsoleClientPlugin.m */,
				0918FFF54390B45A222D59C2 /* KalturaKalturaInternalToolsClientPlugin.h */,
				94E5FC07D5C0C06F3B674025 /* KalturaKalturaInternalToolsClientPlugin.m */,
				3C348830731688C3C2379C7B /* KalturaVirusScanClientPlugin.h */,
				A672EC886B9F2EC05DE26993 /* KalturaVirusScanClientPlugin.m */,
				C2ECDB5BF726DE23AD65B011 /* KalturaContentDistributionClientPlugin.h */,
				CB9D56DCFB2A6D56EC4DCC64 /* KalturaContentDistributionClientPlugin.m */,
				F5C015098EA8F9202C59DF8A /* KalturaYoutubeApiDistributionClientPlugin.h */,
				5DAAF87BB85C158947403209 /* KalturaYoutubeApiDistributionClientPlugin.m */,
				7FD894719452DB11C7678A56 /* KalturaCuePointClientPlugin.h */,
				303A5AB5F921366CE9CB5076 /* KalturaCuePointClientPlugin.m */,
				E3A3636274448F484B59250C /* KalturaEventCuePointClientPlugin.h */,
				98A322D053BF94E5A37D36BD /* KalturaEventCuePointClientPlugin.m */,
				FB1514D89B2EF396CC064055 /* KalturaAdCuePointClientPlugin.h */,
				5360F1387F2864F731F87D05 /* KalturaAdCuePointClientPlugin.m */,
				CAC4FDB25327CE5809DF8761 /* KalturaCodeCuePointClientPlugin.h */,
				E476E3B6D7C708BE5A0082CA /* KalturaCodeCuePointClientPlugin.m */,
				C29B19D710605C78B991C659 /* KalturaThumbCuePointClientPlugin.h */,
				FA25C2AC2D0D10F951E13C19 /* KalturaThumbCuePointClientPlugin.m */,
				DE876F24C7047A5AF5EADD0C /* KalturaAnnotationClientPlugin.h */,
				4BAE5A7329294B5BC0E57112 /* KalturaAnnotationClientPlugin.m */,
				F8E6B10AFDA8DA7C65822668 /* KalturaQuizClientPlugin.h */,
				EBEDC6C67FB596952EC627D3 /* KalturaQuizClientPlugin.m */,
				0B225ED9B3F04BF34AFDF2CD /* KalturaShortLinkClientPlugin.h */,
				6E372D062B9EA800DB4A8B5E /* KalturaShortLinkClientPlugin.m */,
				86A05FFDC2DA0DA651AC1951 /* KalturaBulkUploadClientPlugin.h */,
				60A2360AEA309F8AD859C4A5 /* KalturaBulkUploadClientPlugin.m */,
				E3C3847F12914AE15F40E59D /* KalturaBulkUploadCsvClientPlugin.h */,
				A22AB0DCD9FC18FB44429101 /* KalturaBulkUploadCsvClientPlugin.m */,
				4B633B7BFCC94A21524F7B2E /* KalturaBulkUploadXmlClientPlugin.h */,
				841FD8ED344ADE1989254B6F /* KalturaBulkUploadXmlClientPlugin.m */,
				A35D5CA1E06578902537E89C /* KalturaBulkUploadFilterClientPlugin.h */,
				5775C9093105DF38E5265219 /* KalturaBulkUploadFilterClientPlugin.m */,
				47C0EFF3E7025E3F76950C64 /* KalturaDropFolderClientPlugin.h */,
				FF2F3B693F10E2F7AD0CADC5 /* KalturaDropFolderClientPlugin.m */,
				923C40E8D03C5AB3CF5D6E9C /* KalturaDropFolderXmlBulkUploadClientPlugin.h */,
				EB8192DB90E23ABF925C536A /* KalturaDropFolderXmlBulkUploadClientPlugin.m */,
				BBE878AC87913FAFCF378974 /* KalturaCaptionClientPlugin.h */,
				E01EF30C2CAC77EB004D6CD9 /* KalturaCaptionClientPlugin.m */,
				B201ED3457CB036A41B1CC14 /* KalturaCaptionSearchClientPlugin.h */,
				6423160AEFDCF659BCF0C36A /* KalturaCaptionSearchClientPlugin.m */,
				444F1FDC06C76BD035CC0985 /* KalturaAttachmentClientPlugin.h */,
				AF65F60E65AD99D2D32ED422 /* KalturaAttachmentClientPlugin.m */,
				B1050484BA3D8446F16639E2 /* KalturaIdeticDistributionClientPlugin.h */,
				4C4B2F40FA6A643D3D80F35D /* KalturaIdeticDistributionClientPlugin.m */,
				77819E439C71C981DB8F8199 /* KalturaTagSearchClientPlugin.h */,
				85A0D5AF26B732FEFFD4BE6F /* KalturaTagSearchClientPlugin.m */,
				315047DE00B2744E6B05E82F /* KalturaLikeClientPlugin.h */,
				CBDC36A8E48BA7CCCB1D3AE5 /* KalturaLikeClientPlugin.m */,
				DB9544C02EDE23CB59845A54 /* KalturaVarConsoleClientPlugin.h */,
				D060D2414C4804268DCAD182 /* KalturaVarConsoleClientPlugin.m */,
				7EDD868C88B6535F57A49E8E /* KalturaEventNotificationClientPlugin.h */,
				905722E9CA67646E3F5A3670 /* KalturaEventNotificationClientPlugin.m */,
				FF8F6079C080184CAA9EF683 /* KalturaEmailNotificationClientPlugin.h */,
				828F24D165A34CD51B117E44 /* KalturaEmailNotificationClientPlugin.m */,
				697E24B42D2461646F88046D /* KalturaHttpNotificationClientPlugin.h */,
				1922D8BC8E45D989554AB46C /* KalturaHttpNotificationClientPlugin.m */,
				B2754BCE274477180CD5DF3A /* KalturaExternalMediaClientPlugin.h */,
				33A1527B42070D846A429FA5 /* KalturaExternalMediaClientPlugin.m */,
				88ECEE8C171136C6A9D50F27 /* KalturaKontikiClientPlugin.h */,
				F3B738BA5FFBA9CC769159E0 /* KalturaKontikiClientPlugin.m */,
				6BCFBDB4BB02F1BD0E6D6CF1 /* KalturaVelocixClientPlugin.h */,
				E31E511CA7FC5E6A190BFAB0 /* KalturaVelocixClientPlugin.m */,
				C56FF90AB59AE4A1173A17D8 /* KalturaWowzaClientPlugin.h */,
				972A244EFFC9553E02504B94 /* KalturaWowzaClientPlugin.m */,
				61B018B0E1DDEC6D702CD944 /* KalturaScheduleClientPlugin.h */,
				6056221DAE48C827B032C38B /* KalturaScheduleClientPlugin.m */,
				62784416F04A11F557616389 /* KalturaScheduledTaskClientPlugin.h */,
				E0FDF63B2A0F6C73402B1608 /* KalturaScheduledTaskClientPlugin.m */,
				E3361907DFD744D354F7B1F0 /* KalturaScheduledTaskMetadataClientPlugin.h */,
				F6A73C31531C795D698FFAE0 /* KalturaScheduledTaskMetadataClientPlugin.m */,
				40D93FEADB7DE19E31259E21 /* KalturaScheduledTaskEventNotificationClientPlugin.h */,
				1852AC99EF9AD72F19500BD5 /* KalturaScheduledTaskEventNotificationClientPlugin.m */,
				9827D0BDFC1A5B50D3D328DC /* KalturaScheduledTaskContentDistributionClientPlugin.h */,
				3247B0E981E8A4109490DBB6 /* KalturaScheduledTaskContentDistributionClientPlugin.m */,
				E8F243AC0976462BB0F3A0D5 /* KalturaScheduleBulkUploadClientPlugin.h */,
				203DBC6862B15E960DFD2BE9 /* KalturaScheduleBulkUploadClientPlugin.m */,
				BE882224FC9CB73CC080AA29 /* KalturaScheduleDropFolderClientPlugin.h */,
				46A6F08E40161F4EFC92F772 /* KalturaScheduleDropFolderClientPlugin.m */,
				84817C4D63BDEC2C0C1BA6B1 /* KalturaFeedDropFolderClientPlugin.h */,
				C07E4449CDD666DAEC6DCAB4 /* KalturaFeedDropFolderClientPlugin.m */,
				8528680041ED594B74CAC3B5 /* KalturaTranscriptClientPlugin.h */,
				60391DA9C635957E375064E8 /* KalturaTranscriptClientPlugin.m */,
				6C60E961D9A642E0A10C952C /* KalturaIntegrationClientPlugin.h */,
				F555E1BE49D20799455D530E /* KalturaIntegrationClientPlugin.m */,
				4AC1D156ADC3D22AEB365C46 /* KalturaVoicebaseClientPlugin.h */,
				3F4BCAF681007581DED0D528 /* KalturaVoicebaseClientPlugin.m */,
				B3E6249BF7DC657E285DBE1F /* KalturaCielo24ClientPlugin.h */,
				72152E4F915A6A19F91D37AC /* KalturaCielo24ClientPlugin.m */,
				1542A685EC0DB6A42204584B /* KalturaFacebookDistributionClientPlugin.h */,
				2E6D91E3F483CE1AE8579C94 /* KalturaFacebookDistributionClientPlugin.m */,
			);
			path = KalturaPlugins;
			sourceTree = "<group>";
		};
/* End PBXGroup section */

/* Begin PBXHeadersBuildPhase section */
		29133450149646BB006D8A8C /* Headers */ = {
			isa = PBXHeadersBuildPhase;
			buildActionMask = 2147483647;
			files = (
				291334AD149648C2006D8A8C /* ASIAuthenticationDialog.h in Headers */,
				291334AF149648C2006D8A8C /* ASICacheDelegate.h in Headers */,
				291334B0149648C2006D8A8C /* ASIDataCompressor.h in Headers */,
				291334B2149648C2006D8A8C /* ASIDataDecompressor.h in Headers */,
				291334B4149648C2006D8A8C /* ASIDownloadCache.h in Headers */,
				291334B6149648C2006D8A8C /* ASIFormDataRequest.h in Headers */,
				291334B8149648C2006D8A8C /* ASIHTTPRequest.h in Headers */,
				291334BA149648C2006D8A8C /* ASIHTTPRequestConfig.h in Headers */,
				291334BB149648C2006D8A8C /* ASIHTTPRequestDelegate.h in Headers */,
				291334BC149648C2006D8A8C /* ASIInputStream.h in Headers */,
				291334BE149648C2006D8A8C /* ASINetworkQueue.h in Headers */,
				291334C0149648C2006D8A8C /* ASIProgressDelegate.h in Headers */,
				291334C1149648C2006D8A8C /* Reachability.h in Headers */,
				291334C3149648C2006D8A8C /* KalturaClient.h in Headers */,
				291334C5149648C2006D8A8C /* KalturaClientBase.h in Headers */,
				291334F3149648C2006D8A8C /* KalturaXmlParsers.h in Headers */,
				7B7554581ECA0420DCB3D5A5 /* KalturaMetadataClientPlugin.h in Headers */,
				7564C5398FA75BA6DCAC027F /* KalturaDocumentClientPlugin.h in Headers */,
				06A9469D50480128C04C533B /* KalturaFileSyncClientPlugin.h in Headers */,
				3104951D1D13B4FD91DF821E /* KalturaSystemPartnerClientPlugin.h in Headers */,
				895843222795F9946899D318 /* KalturaAdminConsoleClientPlugin.h in Headers */,
				4835AEC5B9D2FF647FD85503 /* KalturaKalturaInternalToolsClientPlugin.h in Headers */,
				5B992F0EF993B59AA0341E00 /* KalturaVirusScanClientPlugin.h in Headers */,
				E4E7EE3B751F7238954D0DE0 /* KalturaContentDistributionClientPlugin.h in Headers */,
				9352747AE63AFFC563C0DDFD /* KalturaYoutubeApiDistributionClientPlugin.h in Headers */,
				7BB1B342BBA0113DAE0F9FD6 /* KalturaCuePointClientPlugin.h in Headers */,
				AD83A7F91598C4E6E78B43A1 /* KalturaEventCuePointClientPlugin.h in Headers */,
				82CEA3C29F3CF9FD3A4B7B60 /* KalturaAdCuePointClientPlugin.h in Headers */,
				ACCBB1272CE608A64C75E112 /* KalturaCodeCuePointClientPlugin.h in Headers */,
				E4960E769C8845A35CF4E2E8 /* KalturaThumbCuePointClientPlugin.h in Headers */,
				D11B6788F65867F7FCEE2133 /* KalturaAnnotationClientPlugin.h in Headers */,
				D8899A3A1DC08D4DA2449DB4 /* KalturaQuizClientPlugin.h in Headers */,
				7287D7C914EF541D943D112B /* KalturaShortLinkClientPlugin.h in Headers */,
				1426713DA44FB09BDB0B5360 /* KalturaBulkUploadClientPlugin.h in Headers */,
				FF3EBB94860CA6FA2F3BD093 /* KalturaBulkUploadCsvClientPlugin.h in Headers */,
				F7F93D95B2A49950A634AAF1 /* KalturaBulkUploadXmlClientPlugin.h in Headers */,
				EC2349F298D31382E466B482 /* KalturaBulkUploadFilterClientPlugin.h in Headers */,
				3D1AE154D9DBDBD0924D638C /* KalturaDropFolderClientPlugin.h in Headers */,
				58F59DC6CEEAEE40BF099BD3 /* KalturaDropFolderXmlBulkUploadClientPlugin.h in Headers */,
				8BA587A7CA5E73502CFDF04B /* KalturaCaptionClientPlugin.h in Headers */,
				A9D441E5F9392437CAD47F4B /* KalturaCaptionSearchClientPlugin.h in Headers */,
				BE8F3D04C42DE22E769A2849 /* KalturaAttachmentClientPlugin.h in Headers */,
				E3FCFF4BB903B7181578F064 /* KalturaIdeticDistributionClientPlugin.h in Headers */,
				DA682909D7B717833125E83B /* KalturaTagSearchClientPlugin.h in Headers */,
				45C3ED6832E476F7431B8FC7 /* KalturaLikeClientPlugin.h in Headers */,
				64CCDE42933A9C288F0A305A /* KalturaVarConsoleClientPlugin.h in Headers */,
				17D94BAFCF28CE7DE23E33C8 /* KalturaEventNotificationClientPlugin.h in Headers */,
				E8CBBA2F81F467CEBA24C85D /* KalturaEmailNotificationClientPlugin.h in Headers */,
				37D64A3B52652FDEC4647233 /* KalturaHttpNotificationClientPlugin.h in Headers */,
				89E215BE959DB812FBE39169 /* KalturaExternalMediaClientPlugin.h in Headers */,
				759233559FEFC24598618B46 /* KalturaKontikiClientPlugin.h in Headers */,
				EE2B6667000B6375EB3C6FF3 /* KalturaVelocixClientPlugin.h in Headers */,
				8A05581BAC46AB16FE9C7392 /* KalturaWowzaClientPlugin.h in Headers */,
				FED641E7969D1162F20011CB /* KalturaScheduleClientPlugin.h in Headers */,
				82023E0E680B4EE59B73B3FC /* KalturaScheduledTaskClientPlugin.h in Headers */,
				8EEEE2C1846DAD0264E1D43E /* KalturaScheduledTaskMetadataClientPlugin.h in Headers */,
				1D7F0FE0A50346A19131A991 /* KalturaScheduledTaskEventNotificationClientPlugin.h in Headers */,
				BE8DCFC7182A2C319C6A07FD /* KalturaScheduledTaskContentDistributionClientPlugin.h in Headers */,
				705433743425A08D0DAD358F /* KalturaScheduleBulkUploadClientPlugin.h in Headers */,
				DC43077EA8C57C6F6B2E8B62 /* KalturaScheduleDropFolderClientPlugin.h in Headers */,
				6127EE0A510B35074B7C71AB /* KalturaFeedDropFolderClientPlugin.h in Headers */,
				6D816DE893074E22CE7BDCC7 /* KalturaTranscriptClientPlugin.h in Headers */,
				0BEA2107C4766AFDD5889317 /* KalturaIntegrationClientPlugin.h in Headers */,
				B013612902A9F8F0DD8A169D /* KalturaVoicebaseClientPlugin.h in Headers */,
				286D3521F8897FF627E2A386 /* KalturaCielo24ClientPlugin.h in Headers */,
				C49ACC23DADD16E7F42A6C0C /* KalturaFacebookDistributionClientPlugin.h in Headers */,
			);
			runOnlyForDeploymentPostprocessing = 0;
		};
/* End PBXHeadersBuildPhase section */

/* Begin PBXNativeTarget section */
		29133451149646BB006D8A8C /* KalturaClient */ = {
			isa = PBXNativeTarget;
			buildConfigurationList = 2913345F149646BB006D8A8C /* Build configuration list for PBXNativeTarget "KalturaClient" */;
			buildPhases = (
				2913344E149646BB006D8A8C /* Sources */,
				2913344F149646BB006D8A8C /* Frameworks */,
				29133450149646BB006D8A8C /* Headers */,
			);
			buildRules = (
			);
			dependencies = (
			);
			name = KalturaClient;
			productName = KalturaClient;
			productReference = 29133452149646BB006D8A8C /* libKalturaClient.a */;
			productType = "com.apple.product-type.library.static";
		};
/* End PBXNativeTarget section */

/* Begin PBXProject section */
		29133449149646BB006D8A8C /* Project object */ = {
			isa = PBXProject;
			attributes = {
				LastUpgradeCheck = 0610;
			};
			buildConfigurationList = 2913344C149646BB006D8A8C /* Build configuration list for PBXProject "KalturaClient" */;
			compatibilityVersion = "Xcode 3.2";
			developmentRegion = English;
			hasScannedForEncodings = 0;
			knownRegions = (
				en,
			);
			mainGroup = 29133447149646BB006D8A8C;
			productRefGroup = 29133453149646BB006D8A8C /* Products */;
			projectDirPath = "";
			projectRoot = "";
			targets = (
				29133451149646BB006D8A8C /* KalturaClient */,
			);
		};
/* End PBXProject section */

/* Begin PBXSourcesBuildPhase section */
		2913344E149646BB006D8A8C /* Sources */ = {
			isa = PBXSourcesBuildPhase;
			buildActionMask = 2147483647;
			files = (
				291334AE149648C2006D8A8C /* ASIAuthenticationDialog.m in Sources */,
				291334B1149648C2006D8A8C /* ASIDataCompressor.m in Sources */,
				291334B3149648C2006D8A8C /* ASIDataDecompressor.m in Sources */,
				291334B5149648C2006D8A8C /* ASIDownloadCache.m in Sources */,
				291334B7149648C2006D8A8C /* ASIFormDataRequest.m in Sources */,
				291334B9149648C2006D8A8C /* ASIHTTPRequest.m in Sources */,
				291334BD149648C2006D8A8C /* ASIInputStream.m in Sources */,
				291334BF149648C2006D8A8C /* ASINetworkQueue.m in Sources */,
				291334C2149648C2006D8A8C /* Reachability.m in Sources */,
				291334C4149648C2006D8A8C /* KalturaClient.m in Sources */,
				291334C6149648C2006D8A8C /* KalturaClientBase.m in Sources */,
				291334F4149648C2006D8A8C /* KalturaXmlParsers.m in Sources */,
				634D62508CDA2AFB889B3752 /* KalturaMetadataClientPlugin.m in Sources */,
				9D5DA54C65ED5DFD49D77972 /* KalturaDocumentClientPlugin.m in Sources */,
				564A00BF295026A84E3F5F82 /* KalturaFileSyncClientPlugin.m in Sources */,
				6351E5F29F47F3A7512187E6 /* KalturaSystemPartnerClientPlugin.m in Sources */,
				D2A81F422137CF2426E545CE /* KalturaAdminConsoleClientPlugin.m in Sources */,
				74E9EE35E18CCEFD4A8176E5 /* KalturaKalturaInternalToolsClientPlugin.m in Sources */,
				0F752F93DC1935E547652D2A /* KalturaVirusScanClientPlugin.m in Sources */,
				409A92B22A527BD21833B8F9 /* KalturaContentDistributionClientPlugin.m in Sources */,
				90F2112C6E4D974042D008AB /* KalturaYoutubeApiDistributionClientPlugin.m in Sources */,
				B144C68A2DB202A8E910089E /* KalturaCuePointClientPlugin.m in Sources */,
				D20985F888758C270611639A /* KalturaEventCuePointClientPlugin.m in Sources */,
				829869C56EC658C0E3DAE5DE /* KalturaAdCuePointClientPlugin.m in Sources */,
				E0C87C167F4215D8AFF45362 /* KalturaCodeCuePointClientPlugin.m in Sources */,
				687205AA2F73EB6F7AABCFDA /* KalturaThumbCuePointClientPlugin.m in Sources */,
				6350A83076F2F49A9E0A9367 /* KalturaAnnotationClientPlugin.m in Sources */,
				9FEA33C83041550BDF77258C /* KalturaQuizClientPlugin.m in Sources */,
				8182238333D4311673EB6EDF /* KalturaShortLinkClientPlugin.m in Sources */,
				3B3DD2CD5F7DA044A4AE342D /* KalturaBulkUploadClientPlugin.m in Sources */,
				BB54FC4D51BDA9EEC38B0F39 /* KalturaBulkUploadCsvClientPlugin.m in Sources */,
				C9D9C1C35455CF6E9F416318 /* KalturaBulkUploadXmlClientPlugin.m in Sources */,
				ACE2A7C3A59C6FBB762A3DD1 /* KalturaBulkUploadFilterClientPlugin.m in Sources */,
				DE2CE4EAF3BE47F920C30EFA /* KalturaDropFolderClientPlugin.m in Sources */,
				FDBBEA1BDD3058DA58EF74F4 /* KalturaDropFolderXmlBulkUploadClientPlugin.m in Sources */,
				CFB43C8961F12CA15DE5E246 /* KalturaCaptionClientPlugin.m in Sources */,
				CBA911D97E40EE0F4BA9B434 /* KalturaCaptionSearchClientPlugin.m in Sources */,
				0EB870F0A485D58D95A107D5 /* KalturaAttachmentClientPlugin.m in Sources */,
				2A848BE51F2C4A6579D0BBBD /* KalturaIdeticDistributionClientPlugin.m in Sources */,
				85142EC4F4B7FE2B74A78EEA /* KalturaTagSearchClientPlugin.m in Sources */,
				5E57E9E3FFB0A786D4AF28BA /* KalturaLikeClientPlugin.m in Sources */,
				C90872C09E183790D391434A /* KalturaVarConsoleClientPlugin.m in Sources */,
				105BF7390F00E90DA5FD0CA9 /* KalturaEventNotificationClientPlugin.m in Sources */,
				FC44E638A53947317B2E9B5B /* KalturaEmailNotificationClientPlugin.m in Sources */,
				7D8C77530FB91887D4AB8C19 /* KalturaHttpNotificationClientPlugin.m in Sources */,
				C8C7D31D078F5B2F9D5F6564 /* KalturaExternalMediaClientPlugin.m in Sources */,
				DD4F0AAA75D0995A7AEB4A66 /* KalturaKontikiClientPlugin.m in Sources */,
				28B0BC751E157C23E6A5F375 /* KalturaVelocixClientPlugin.m in Sources */,
				20D5F12BD89C253FDD94979F /* KalturaWowzaClientPlugin.m in Sources */,
				F952E4D1EDBA4920BDDCF50E /* KalturaScheduleClientPlugin.m in Sources */,
				9AED54DCB80D0E15D54C03ED /* KalturaScheduledTaskClientPlugin.m in Sources */,
				AF1589C05F96FCAB65E804C2 /* KalturaScheduledTaskMetadataClientPlugin.m in Sources */,
				A47049F8A1439099F8871813 /* KalturaScheduledTaskEventNotificationClientPlugin.m in Sources */,
				48C1EC6D7E6FF49D870A574C /* KalturaScheduledTaskContentDistributionClientPlugin.m in Sources */,
				815FF038440886D9F98398CE /* KalturaScheduleBulkUploadClientPlugin.m in Sources */,
				FEAE95008682FAB0AF4D20AE /* KalturaScheduleDropFolderClientPlugin.m in Sources */,
				D39A533825A4E5F2B93C8921 /* KalturaFeedDropFolderClientPlugin.m in Sources */,
				04853FAC8954F8C0FFE18F7D /* KalturaTranscriptClientPlugin.m in Sources */,
				22F31FFD82598D2A38BE309D /* KalturaIntegrationClientPlugin.m in Sources */,
				D47614EB9628E0FE41B37D2D /* KalturaVoicebaseClientPlugin.m in Sources */,
				745E87312A7D33B0B79D16CD /* KalturaCielo24ClientPlugin.m in Sources */,
				03F4E38D9F49E217016D9191 /* KalturaFacebookDistributionClientPlugin.m in Sources */,
			);
			runOnlyForDeploymentPostprocessing = 0;
		};
/* End PBXSourcesBuildPhase section */

/* Begin XCBuildConfiguration section */
		2913345D149646BB006D8A8C /* Debug */ = {
			isa = XCBuildConfiguration;
			buildSettings = {
				ALWAYS_SEARCH_USER_PATHS = NO;
				COPY_PHASE_STRIP = NO;
				GCC_C_LANGUAGE_STANDARD = gnu99;
				GCC_DYNAMIC_NO_PIC = NO;
				GCC_OPTIMIZATION_LEVEL = 0;
				GCC_PREPROCESSOR_DEFINITIONS = (
					"DEBUG=1",
					"$(inherited)",
				);
				GCC_SYMBOLS_PRIVATE_EXTERN = NO;
				GCC_VERSION = "";
				GCC_WARN_ABOUT_MISSING_PROTOTYPES = YES;
				GCC_WARN_ABOUT_RETURN_TYPE = YES;
				GCC_WARN_UNUSED_VARIABLE = YES;
				IPHONEOS_DEPLOYMENT_TARGET = 6.0;
				ONLY_ACTIVE_ARCH = YES;
				SDKROOT = iphoneos;
				VALID_ARCHS = "arm64 armv7";
			};
			name = Debug;
		};
		2913345E149646BB006D8A8C /* Release */ = {
			isa = XCBuildConfiguration;
			buildSettings = {
				ALWAYS_SEARCH_USER_PATHS = NO;
				COPY_PHASE_STRIP = YES;
				GCC_C_LANGUAGE_STANDARD = gnu99;
				GCC_VERSION = "";
				GCC_WARN_ABOUT_MISSING_PROTOTYPES = YES;
				GCC_WARN_ABOUT_RETURN_TYPE = YES;
				GCC_WARN_UNUSED_VARIABLE = YES;
				IPHONEOS_DEPLOYMENT_TARGET = 6.0;
				SDKROOT = iphoneos;
				VALIDATE_PRODUCT = YES;
				VALID_ARCHS = "arm64 armv7";
			};
			name = Release;
		};
		29133460149646BB006D8A8C /* Debug */ = {
			isa = XCBuildConfiguration;
			buildSettings = {
				DSTROOT = /tmp/KalturaClient.dst;
				GCC_PRECOMPILE_PREFIX_HEADER = YES;
				GCC_PREFIX_HEADER = "KalturaClient/KalturaClient-Prefix.pch";
				GCC_VERSION = "";
				HEADER_SEARCH_PATHS = /usr/include/libxml2;
				OTHER_LDFLAGS = "-ObjC";
				PRODUCT_NAME = "$(TARGET_NAME)";
				SKIP_INSTALL = YES;
			};
			name = Debug;
		};
		29133461149646BB006D8A8C /* Release */ = {
			isa = XCBuildConfiguration;
			buildSettings = {
				DSTROOT = /tmp/KalturaClient.dst;
				GCC_PRECOMPILE_PREFIX_HEADER = YES;
				GCC_PREFIX_HEADER = "KalturaClient/KalturaClient-Prefix.pch";
				GCC_VERSION = "";
				HEADER_SEARCH_PATHS = /usr/include/libxml2;
				OTHER_LDFLAGS = "-ObjC";
				PRODUCT_NAME = "$(TARGET_NAME)";
				SKIP_INSTALL = YES;
			};
			name = Release;
		};
/* End XCBuildConfiguration section */

/* Begin XCConfigurationList section */
		2913344C149646BB006D8A8C /* Build configuration list for PBXProject "KalturaClient" */ = {
			isa = XCConfigurationList;
			buildConfigurations = (
				2913345D149646BB006D8A8C /* Debug */,
				2913345E149646BB006D8A8C /* Release */,
			);
			defaultConfigurationIsVisible = 0;
			defaultConfigurationName = Release;
		};
		2913345F149646BB006D8A8C /* Build configuration list for PBXNativeTarget "KalturaClient" */ = {
			isa = XCConfigurationList;
			buildConfigurations = (
				29133460149646BB006D8A8C /* Debug */,
				29133461149646BB006D8A8C /* Release */,
			);
			defaultConfigurationIsVisible = 0;
			defaultConfigurationName = Release;
		};
/* End XCConfigurationList section */
	};
	rootObject = 29133449149646BB006D8A8C /* Project object */;
}
