// !$*UTF8*$!
{
	archiveVersion = 1;
	classes = {
	};
	objectVersion = 46;
	objects = {

/* Begin PBXBuildFile section */
		29133456149646BB006D8A8C /* Foundation.framework in Frameworks */ = {isa = PBXBuildFile; fileRef = 29133455149646BB006D8A8C /* Foundation.framework */; };
		291334AD149648C2006D8A8C /* ASIAuthenticationDialog.h in Headers */ = {isa = PBXBuildFile; fileRef = 29133463149648C2006D8A8C /* ASIAuthenticationDialog.h */; };
		291334AE149648C2006D8A8C /* ASIAuthenticationDialog.m in Sources */ = {isa = PBXBuildFile; fileRef = 29133464149648C2006D8A8C /* ASIAuthenticationDialog.m */; };
		291334AF149648C2006D8A8C /* ASICacheDelegate.h in Headers */ = {isa = PBXBuildFile; fileRef = 29133465149648C2006D8A8C /* ASICacheDelegate.h */; };
		291334B0149648C2006D8A8C /* ASIDataCompressor.h in Headers */ = {isa = PBXBuildFile; fileRef = 29133466149648C2006D8A8C /* ASIDataCompressor.h */; };
		291334B1149648C2006D8A8C /* ASIDataCompressor.m in Sources */ = {isa = PBXBuildFile; fileRef = 29133467149648C2006D8A8C /* ASIDataCompressor.m */; };
		291334B2149648C2006D8A8C /* ASIDataDecompressor.h in Headers */ = {isa = PBXBuildFile; fileRef = 29133468149648C2006D8A8C /* ASIDataDecompressor.h */; };
		291334B3149648C2006D8A8C /* ASIDataDecompressor.m in Sources */ = {isa = PBXBuildFile; fileRef = 29133469149648C2006D8A8C /* ASIDataDecompressor.m */; };
		291334B4149648C2006D8A8C /* ASIDownloadCache.h in Headers */ = {isa = PBXBuildFile; fileRef = 2913346A149648C2006D8A8C /* ASIDownloadCache.h */; };
		291334B5149648C2006D8A8C /* ASIDownloadCache.m in Sources */ = {isa = PBXBuildFile; fileRef = 2913346B149648C2006D8A8C /* ASIDownloadCache.m */; };
		291334B6149648C2006D8A8C /* ASIFormDataRequest.h in Headers */ = {isa = PBXBuildFile; fileRef = 2913346C149648C2006D8A8C /* ASIFormDataRequest.h */; };
		291334B7149648C2006D8A8C /* ASIFormDataRequest.m in Sources */ = {isa = PBXBuildFile; fileRef = 2913346D149648C2006D8A8C /* ASIFormDataRequest.m */; };
		291334B8149648C2006D8A8C /* ASIHTTPRequest.h in Headers */ = {isa = PBXBuildFile; fileRef = 2913346E149648C2006D8A8C /* ASIHTTPRequest.h */; };
		291334B9149648C2006D8A8C /* ASIHTTPRequest.m in Sources */ = {isa = PBXBuildFile; fileRef = 2913346F149648C2006D8A8C /* ASIHTTPRequest.m */; };
		291334BA149648C2006D8A8C /* ASIHTTPRequestConfig.h in Headers */ = {isa = PBXBuildFile; fileRef = 29133470149648C2006D8A8C /* ASIHTTPRequestConfig.h */; };
		291334BB149648C2006D8A8C /* ASIHTTPRequestDelegate.h in Headers */ = {isa = PBXBuildFile; fileRef = 29133471149648C2006D8A8C /* ASIHTTPRequestDelegate.h */; };
		291334BC149648C2006D8A8C /* ASIInputStream.h in Headers */ = {isa = PBXBuildFile; fileRef = 29133472149648C2006D8A8C /* ASIInputStream.h */; };
		291334BD149648C2006D8A8C /* ASIInputStream.m in Sources */ = {isa = PBXBuildFile; fileRef = 29133473149648C2006D8A8C /* ASIInputStream.m */; };
		291334BE149648C2006D8A8C /* ASINetworkQueue.h in Headers */ = {isa = PBXBuildFile; fileRef = 29133474149648C2006D8A8C /* ASINetworkQueue.h */; };
		291334BF149648C2006D8A8C /* ASINetworkQueue.m in Sources */ = {isa = PBXBuildFile; fileRef = 29133475149648C2006D8A8C /* ASINetworkQueue.m */; };
		291334C0149648C2006D8A8C /* ASIProgressDelegate.h in Headers */ = {isa = PBXBuildFile; fileRef = 29133476149648C2006D8A8C /* ASIProgressDelegate.h */; };
		291334C1149648C2006D8A8C /* Reachability.h in Headers */ = {isa = PBXBuildFile; fileRef = 29133478149648C2006D8A8C /* Reachability.h */; };
		291334C2149648C2006D8A8C /* Reachability.m in Sources */ = {isa = PBXBuildFile; fileRef = 29133479149648C2006D8A8C /* Reachability.m */; };
		291334C3149648C2006D8A8C /* KalturaClient.h in Headers */ = {isa = PBXBuildFile; fileRef = 2913347A149648C2006D8A8C /* KalturaClient.h */; };
		291334C4149648C2006D8A8C /* KalturaClient.m in Sources */ = {isa = PBXBuildFile; fileRef = 2913347B149648C2006D8A8C /* KalturaClient.m */; };
		291334C5149648C2006D8A8C /* KalturaClientBase.h in Headers */ = {isa = PBXBuildFile; fileRef = 2913347C149648C2006D8A8C /* KalturaClientBase.h */; };
		291334C6149648C2006D8A8C /* KalturaClientBase.m in Sources */ = {isa = PBXBuildFile; fileRef = 2913347D149648C2006D8A8C /* KalturaClientBase.m */; };
		291334F3149648C2006D8A8C /* KalturaXmlParsers.h in Headers */ = {isa = PBXBuildFile; fileRef = 291334AB149648C2006D8A8C /* KalturaXmlParsers.h */; };
		291334F4149648C2006D8A8C /* KalturaXmlParsers.m in Sources */ = {isa = PBXBuildFile; fileRef = 291334AC149648C2006D8A8C /* KalturaXmlParsers.m */; };
		E73BDFAA90BDC5F519E45759 /* KalturaMetadataClientPlugin.h in Headers */ = {isa = PBXBuildFile; fileRef = 6DC814478B6BCF9193EAA1C2 /* KalturaMetadataClientPlugin.h */; };
		784D4D9BD23709B73A3B71ED /* KalturaMetadataClientPlugin.m in Sources */ = {isa = PBXBuildFile; fileRef = 933F34F10B5412E9EF05CB82 /* KalturaMetadataClientPlugin.m */; };
		C2726ADEB51C2D14172F76F0 /* KalturaDocumentClientPlugin.h in Headers */ = {isa = PBXBuildFile; fileRef = 8C04470AF5DC9353D94F2B05 /* KalturaDocumentClientPlugin.h */; };
		ADA9784F96565110B93C39CB /* KalturaDocumentClientPlugin.m in Sources */ = {isa = PBXBuildFile; fileRef = A89DF9D8A60C64B69A31E1B5 /* KalturaDocumentClientPlugin.m */; };
		83EB5D852A31CDA85109E8BE /* KalturaFileSyncClientPlugin.h in Headers */ = {isa = PBXBuildFile; fileRef = 8E50CFCF7B6068879BE44F8E /* KalturaFileSyncClientPlugin.h */; };
		2AA3D0F1F4676A3D92CDF95D /* KalturaFileSyncClientPlugin.m in Sources */ = {isa = PBXBuildFile; fileRef = FA93ABA0DDF66BDB57307013 /* KalturaFileSyncClientPlugin.m */; };
		0EC79C083BCC9C9C32A5CEE0 /* KalturaSystemPartnerClientPlugin.h in Headers */ = {isa = PBXBuildFile; fileRef = 65CD1B2F2C21A737EA51FD87 /* KalturaSystemPartnerClientPlugin.h */; };
		B5220DE056336555887E95E5 /* KalturaSystemPartnerClientPlugin.m in Sources */ = {isa = PBXBuildFile; fileRef = 6BC672DA1BB8A5D881DA923B /* KalturaSystemPartnerClientPlugin.m */; };
		A8C7170B88857F92EE85A094 /* KalturaAdminConsoleClientPlugin.h in Headers */ = {isa = PBXBuildFile; fileRef = 2045B45F3D2FA7E6D21EAE38 /* KalturaAdminConsoleClientPlugin.h */; };
		1DC060E120ABEC525FB7E7A2 /* KalturaAdminConsoleClientPlugin.m in Sources */ = {isa = PBXBuildFile; fileRef = B3C3FEC7E79746ABB456A0E1 /* KalturaAdminConsoleClientPlugin.m */; };
		22377479F2E0C9CFFB081D36 /* KalturaKalturaInternalToolsClientPlugin.h in Headers */ = {isa = PBXBuildFile; fileRef = 797AF6C7A36711F1A9E01C45 /* KalturaKalturaInternalToolsClientPlugin.h */; };
		EADB9E1ED5A24670A2EE1A27 /* KalturaKalturaInternalToolsClientPlugin.m in Sources */ = {isa = PBXBuildFile; fileRef = E769C8ED1BBB26432791219A /* KalturaKalturaInternalToolsClientPlugin.m */; };
		CE68CBEAAC8104B704D64F5F /* KalturaVirusScanClientPlugin.h in Headers */ = {isa = PBXBuildFile; fileRef = 1B4C64581EE09ACCFB4FBE18 /* KalturaVirusScanClientPlugin.h */; };
		18126F2D3EE95EC18B69D0E4 /* KalturaVirusScanClientPlugin.m in Sources */ = {isa = PBXBuildFile; fileRef = 016940DC480C7A21469CB83D /* KalturaVirusScanClientPlugin.m */; };
		95B9E773B86EC3BD3B3A7AC2 /* KalturaContentDistributionClientPlugin.h in Headers */ = {isa = PBXBuildFile; fileRef = 7ED1AE7C4C4049501A85663F /* KalturaContentDistributionClientPlugin.h */; };
		71CA5386D1121755CEF3ACCE /* KalturaContentDistributionClientPlugin.m in Sources */ = {isa = PBXBuildFile; fileRef = 1E5B0775A3EBAF338F527747 /* KalturaContentDistributionClientPlugin.m */; };
		6827DC2D981949E348E8E551 /* KalturaCuePointClientPlugin.h in Headers */ = {isa = PBXBuildFile; fileRef = 9D12030E3804A06117ECCFE1 /* KalturaCuePointClientPlugin.h */; };
		223A545D23B36A4F9E522684 /* KalturaCuePointClientPlugin.m in Sources */ = {isa = PBXBuildFile; fileRef = 1C96AA50636B377817B0B085 /* KalturaCuePointClientPlugin.m */; };
		8F30F14FA95F2804BB7E04D1 /* KalturaEventCuePointClientPlugin.h in Headers */ = {isa = PBXBuildFile; fileRef = 67F4F710C9E47944A12D6C36 /* KalturaEventCuePointClientPlugin.h */; };
		6759E0D92E23A08135AC1A0E /* KalturaEventCuePointClientPlugin.m in Sources */ = {isa = PBXBuildFile; fileRef = 9DDBCE5FDCCAFFC40627FC84 /* KalturaEventCuePointClientPlugin.m */; };
		14A1928DD0A606B0AAFFF303 /* KalturaAdCuePointClientPlugin.h in Headers */ = {isa = PBXBuildFile; fileRef = 2FBCE0DE1AB06606E489C098 /* KalturaAdCuePointClientPlugin.h */; };
		605325D5456AD4DF77FB3866 /* KalturaAdCuePointClientPlugin.m in Sources */ = {isa = PBXBuildFile; fileRef = F417BF2BF2B276856710DB43 /* KalturaAdCuePointClientPlugin.m */; };
		AA5028F66EB66BA0CA946F0B /* KalturaCodeCuePointClientPlugin.h in Headers */ = {isa = PBXBuildFile; fileRef = 55CD8C53BCD2633D15890ED5 /* KalturaCodeCuePointClientPlugin.h */; };
		E5B4F89EDB171C0E10C43B5D /* KalturaCodeCuePointClientPlugin.m in Sources */ = {isa = PBXBuildFile; fileRef = 961632CC684B7FFC7856859B /* KalturaCodeCuePointClientPlugin.m */; };
		BF3974E6F1640C7747FAD1F9 /* KalturaThumbCuePointClientPlugin.h in Headers */ = {isa = PBXBuildFile; fileRef = E809D95C6DA066ADF33BD63C /* KalturaThumbCuePointClientPlugin.h */; };
		7654580E57CA83428DCB03DA /* KalturaThumbCuePointClientPlugin.m in Sources */ = {isa = PBXBuildFile; fileRef = 98D2A884A463AD1174359E72 /* KalturaThumbCuePointClientPlugin.m */; };
		188856C9248FAB9CCF5E9C82 /* KalturaAnnotationClientPlugin.h in Headers */ = {isa = PBXBuildFile; fileRef = 1425D1855C4B80DCC0E9FAD3 /* KalturaAnnotationClientPlugin.h */; };
		44B9CBC57517F17E166AD560 /* KalturaAnnotationClientPlugin.m in Sources */ = {isa = PBXBuildFile; fileRef = 505BF11D94F03710D3B1DECB /* KalturaAnnotationClientPlugin.m */; };
		A1DCACB4C09FAD65508A6BE5 /* KalturaQuizClientPlugin.h in Headers */ = {isa = PBXBuildFile; fileRef = 7273FB69C4FF2EBFF240F97B /* KalturaQuizClientPlugin.h */; };
		51368E78C54BB13A16979479 /* KalturaQuizClientPlugin.m in Sources */ = {isa = PBXBuildFile; fileRef = 630771D73941764409801DD6 /* KalturaQuizClientPlugin.m */; };
		730B8965FC34A13938147397 /* KalturaShortLinkClientPlugin.h in Headers */ = {isa = PBXBuildFile; fileRef = 68B2821F94734D287160FD41 /* KalturaShortLinkClientPlugin.h */; };
		EC895B8CE1C77969B4B191E0 /* KalturaShortLinkClientPlugin.m in Sources */ = {isa = PBXBuildFile; fileRef = 92EC88A0B5775FA4A1BC626C /* KalturaShortLinkClientPlugin.m */; };
		A8A65A727EB76B589E84D4E0 /* KalturaBulkUploadClientPlugin.h in Headers */ = {isa = PBXBuildFile; fileRef = B4A754DCC5FD7EE24B96970D /* KalturaBulkUploadClientPlugin.h */; };
		8F03AA4106E3BBD263A4B328 /* KalturaBulkUploadClientPlugin.m in Sources */ = {isa = PBXBuildFile; fileRef = E0875FE5DD4804891AF21C41 /* KalturaBulkUploadClientPlugin.m */; };
		809AE1DC49B2F50D1F8C869C /* KalturaBulkUploadCsvClientPlugin.h in Headers */ = {isa = PBXBuildFile; fileRef = D7E1357F63C645F56ECA6BB5 /* KalturaBulkUploadCsvClientPlugin.h */; };
		C952A0F0815C23E3B7EBEEFE /* KalturaBulkUploadCsvClientPlugin.m in Sources */ = {isa = PBXBuildFile; fileRef = 249FF064E48D475810F958F2 /* KalturaBulkUploadCsvClientPlugin.m */; };
		91C5FA5486607CE8BE6526A5 /* KalturaBulkUploadXmlClientPlugin.h in Headers */ = {isa = PBXBuildFile; fileRef = FDA278A26A7D93E20664702A /* KalturaBulkUploadXmlClientPlugin.h */; };
		765E2C9800D49BEB14B5AB92 /* KalturaBulkUploadXmlClientPlugin.m in Sources */ = {isa = PBXBuildFile; fileRef = 7F9329845C6D457855C70435 /* KalturaBulkUploadXmlClientPlugin.m */; };
		E6C142EADAB24789C8DDE9A3 /* KalturaBulkUploadFilterClientPlugin.h in Headers */ = {isa = PBXBuildFile; fileRef = C6BB67D8FA6FCA4A97C9FF37 /* KalturaBulkUploadFilterClientPlugin.h */; };
		8636B24E079C4498C803F511 /* KalturaBulkUploadFilterClientPlugin.m in Sources */ = {isa = PBXBuildFile; fileRef = F77799CEFA605832C1048916 /* KalturaBulkUploadFilterClientPlugin.m */; };
		41D9EFE0FF2FF81BECE3FADD /* KalturaDropFolderClientPlugin.h in Headers */ = {isa = PBXBuildFile; fileRef = A0DB7240B88911239EAF2DC2 /* KalturaDropFolderClientPlugin.h */; };
		39DA11EC87F075277E0AC78B /* KalturaDropFolderClientPlugin.m in Sources */ = {isa = PBXBuildFile; fileRef = 826DC057C59B32A8AD858280 /* KalturaDropFolderClientPlugin.m */; };
		85F9986CD73A1DAA22B24518 /* KalturaDropFolderXmlBulkUploadClientPlugin.h in Headers */ = {isa = PBXBuildFile; fileRef = 52C5A29FB08DF7F337362E0B /* KalturaDropFolderXmlBulkUploadClientPlugin.h */; };
		CF728E88F410924E84B3BE72 /* KalturaDropFolderXmlBulkUploadClientPlugin.m in Sources */ = {isa = PBXBuildFile; fileRef = DBAB38CAA1AFBF26F2D8B97D /* KalturaDropFolderXmlBulkUploadClientPlugin.m */; };
		876E39631C2CD0CE68C28B14 /* KalturaCaptionClientPlugin.h in Headers */ = {isa = PBXBuildFile; fileRef = 114C32721F13B179E0094190 /* KalturaCaptionClientPlugin.h */; };
		908EA094E9B471A2C4FE263F /* KalturaCaptionClientPlugin.m in Sources */ = {isa = PBXBuildFile; fileRef = C54359BBEB096BA19B4A473E /* KalturaCaptionClientPlugin.m */; };
		E7EA2A8D27BBA1C712C62366 /* KalturaCaptionSearchClientPlugin.h in Headers */ = {isa = PBXBuildFile; fileRef = DB4B24111D3C3A9CBBC56FE4 /* KalturaCaptionSearchClientPlugin.h */; };
		6C882FB031BFFDBB4D495059 /* KalturaCaptionSearchClientPlugin.m in Sources */ = {isa = PBXBuildFile; fileRef = 702469B6D8AB06AFC3146379 /* KalturaCaptionSearchClientPlugin.m */; };
		238BBD9763A0E36306DE3FEA /* KalturaAttachmentClientPlugin.h in Headers */ = {isa = PBXBuildFile; fileRef = AB005C16EA915A79396F483C /* KalturaAttachmentClientPlugin.h */; };
		5C317981DFB6BC3D9ABFAAA8 /* KalturaAttachmentClientPlugin.m in Sources */ = {isa = PBXBuildFile; fileRef = B19B4BCA2A73709E41F28D8F /* KalturaAttachmentClientPlugin.m */; };
		C582F7B9B912AF6DA6FE59C6 /* KalturaTagSearchClientPlugin.h in Headers */ = {isa = PBXBuildFile; fileRef = C90E2A6CC5C03254137969B0 /* KalturaTagSearchClientPlugin.h */; };
		AE37074F79BB9E9AADF51251 /* KalturaTagSearchClientPlugin.m in Sources */ = {isa = PBXBuildFile; fileRef = 297720F1CDE067A21C7CDE80 /* KalturaTagSearchClientPlugin.m */; };
		312D3321A4F3ED648D46A6CD /* KalturaLikeClientPlugin.h in Headers */ = {isa = PBXBuildFile; fileRef = DDA4C3C8AC0965FA7978C82F /* KalturaLikeClientPlugin.h */; };
		4457D8175A1251EDF723E496 /* KalturaLikeClientPlugin.m in Sources */ = {isa = PBXBuildFile; fileRef = 4FD5165E6586D5F61941E8D4 /* KalturaLikeClientPlugin.m */; };
		5F6B206340428B92AD9C77D3 /* KalturaVarConsoleClientPlugin.h in Headers */ = {isa = PBXBuildFile; fileRef = 06B16A9B9F8241E77538040E /* KalturaVarConsoleClientPlugin.h */; };
		11041A6B2778D60EDD4810B6 /* KalturaVarConsoleClientPlugin.m in Sources */ = {isa = PBXBuildFile; fileRef = 6635D72DCFF1799947FD58C3 /* KalturaVarConsoleClientPlugin.m */; };
		CDDAFF0E7BDBB7D6852681CF /* KalturaEventNotificationClientPlugin.h in Headers */ = {isa = PBXBuildFile; fileRef = 22C9CA5C7F00CF747444EE3B /* KalturaEventNotificationClientPlugin.h */; };
		84A720FD717591D15619FD93 /* KalturaEventNotificationClientPlugin.m in Sources */ = {isa = PBXBuildFile; fileRef = D0FA966321C0B0F1B8CCFF75 /* KalturaEventNotificationClientPlugin.m */; };
		13443C710067F7756DB1505C /* KalturaEmailNotificationClientPlugin.h in Headers */ = {isa = PBXBuildFile; fileRef = DCF33C0CFE0EEA8B262DA7D4 /* KalturaEmailNotificationClientPlugin.h */; };
		9BA18D1326FFB9BF530B2496 /* KalturaEmailNotificationClientPlugin.m in Sources */ = {isa = PBXBuildFile; fileRef = 2701D231089BB58E6E9CB7CE /* KalturaEmailNotificationClientPlugin.m */; };
		8C5322313D2570D750C12304 /* KalturaHttpNotificationClientPlugin.h in Headers */ = {isa = PBXBuildFile; fileRef = EBE8CC8E0533AF238B2A1518 /* KalturaHttpNotificationClientPlugin.h */; };
		FF9DAEDF7A99E78C99A3D372 /* KalturaHttpNotificationClientPlugin.m in Sources */ = {isa = PBXBuildFile; fileRef = 00248FE243439C2E8FA63ACA /* KalturaHttpNotificationClientPlugin.m */; };
		1FEEEEC82BEFEBDF818E4CCA /* KalturaExternalMediaClientPlugin.h in Headers */ = {isa = PBXBuildFile; fileRef = 3CFFC4B2D96FA9D12054CF6D /* KalturaExternalMediaClientPlugin.h */; };
		D2DACBBAF11A807D5DBD0385 /* KalturaExternalMediaClientPlugin.m in Sources */ = {isa = PBXBuildFile; fileRef = E1B0861CEF330302A26059B5 /* KalturaExternalMediaClientPlugin.m */; };
		889656A2498D048DFCBD38CE /* KalturaKontikiClientPlugin.h in Headers */ = {isa = PBXBuildFile; fileRef = 3C5C67CB5655797D7D469F88 /* KalturaKontikiClientPlugin.h */; };
		8518144462CE0A92DEDA58C7 /* KalturaKontikiClientPlugin.m in Sources */ = {isa = PBXBuildFile; fileRef = 7CC0DCBB441E97CAD6C039BF /* KalturaKontikiClientPlugin.m */; };
		6CE18D0E334E0F79A2504086 /* KalturaVelocixClientPlugin.h in Headers */ = {isa = PBXBuildFile; fileRef = DA5697E866225B62219651EC /* KalturaVelocixClientPlugin.h */; };
		2956A2FA51A6FBB1C2AC1A74 /* KalturaVelocixClientPlugin.m in Sources */ = {isa = PBXBuildFile; fileRef = 53BDA2B00E622F533E75AF69 /* KalturaVelocixClientPlugin.m */; };
		44523E79A86DC66EC53801AE /* KalturaScheduledTaskClientPlugin.h in Headers */ = {isa = PBXBuildFile; fileRef = 26A7235CA1F27155A73BACAA /* KalturaScheduledTaskClientPlugin.h */; };
		19FCC8C0222E6C11443004AF /* KalturaScheduledTaskClientPlugin.m in Sources */ = {isa = PBXBuildFile; fileRef = AB86957CBA27CE87F973BC95 /* KalturaScheduledTaskClientPlugin.m */; };
		C92B65D08745B6BC5E8EA4DE /* KalturaScheduledTaskMetadataClientPlugin.h in Headers */ = {isa = PBXBuildFile; fileRef = AA0D886C7B8911388E66B5E4 /* KalturaScheduledTaskMetadataClientPlugin.h */; };
		0EE57DB8074619C5FF5114F2 /* KalturaScheduledTaskMetadataClientPlugin.m in Sources */ = {isa = PBXBuildFile; fileRef = D1632C35F29EA38FAC2E5AD9 /* KalturaScheduledTaskMetadataClientPlugin.m */; };
		1B018C05D8D27C3A06C6CBBB /* KalturaScheduledTaskEventNotificationClientPlugin.h in Headers */ = {isa = PBXBuildFile; fileRef = 382DF94DF08B9A781782B7E0 /* KalturaScheduledTaskEventNotificationClientPlugin.h */; };
		D2C30E078292554AD0A5E4E4 /* KalturaScheduledTaskEventNotificationClientPlugin.m in Sources */ = {isa = PBXBuildFile; fileRef = B80D35E014E5B50A0B52EE8F /* KalturaScheduledTaskEventNotificationClientPlugin.m */; };
		AB9B075FBCF439832F83A312 /* KalturaScheduledTaskContentDistributionClientPlugin.h in Headers */ = {isa = PBXBuildFile; fileRef = 88AA06A1C0FD7716C8B3BEE0 /* KalturaScheduledTaskContentDistributionClientPlugin.h */; };
		D87029F675D86ECDDAED29D1 /* KalturaScheduledTaskContentDistributionClientPlugin.m in Sources */ = {isa = PBXBuildFile; fileRef = 17EA90731DFACD2348E8910F /* KalturaScheduledTaskContentDistributionClientPlugin.m */; };
		95AEC8159230CDAD75E9FD0B /* KalturaFeedDropFolderClientPlugin.h in Headers */ = {isa = PBXBuildFile; fileRef = 3576869E2FF1D2EFCBBC9B2B /* KalturaFeedDropFolderClientPlugin.h */; };
		1D5EC1C9D53924C25DD7B314 /* KalturaFeedDropFolderClientPlugin.m in Sources */ = {isa = PBXBuildFile; fileRef = E922710787DE2BBEA3BF7CA5 /* KalturaFeedDropFolderClientPlugin.m */; };
		7EDE5BA04AE3095E31C7C875 /* KalturaIntegrationClientPlugin.h in Headers */ = {isa = PBXBuildFile; fileRef = 43F9D0524889839B466444AC /* KalturaIntegrationClientPlugin.h */; };
		23809F8CDB5F23C6401629D4 /* KalturaIntegrationClientPlugin.m in Sources */ = {isa = PBXBuildFile; fileRef = C7AE7D68F07D53DAC0B3D965 /* KalturaIntegrationClientPlugin.m */; };
		76B65E294DCFBAE632D55134 /* KalturaVoicebaseClientPlugin.h in Headers */ = {isa = PBXBuildFile; fileRef = A5FE7BB2AB8B3540E79C2C3D /* KalturaVoicebaseClientPlugin.h */; };
		DB46CD050D7E465697B457AC /* KalturaVoicebaseClientPlugin.m in Sources */ = {isa = PBXBuildFile; fileRef = E25D87097C1613A5E66AEA46 /* KalturaVoicebaseClientPlugin.m */; };
/* End PBXBuildFile section */

/* Begin PBXFileReference section */
		29133452149646BB006D8A8C /* libKalturaClient.a */ = {isa = PBXFileReference; explicitFileType = archive.ar; includeInIndex = 0; path = libKalturaClient.a; sourceTree = BUILT_PRODUCTS_DIR; };
		29133455149646BB006D8A8C /* Foundation.framework */ = {isa = PBXFileReference; lastKnownFileType = wrapper.framework; name = Foundation.framework; path = System/Library/Frameworks/Foundation.framework; sourceTree = SDKROOT; };
		29133459149646BB006D8A8C /* KalturaClient-Prefix.pch */ = {isa = PBXFileReference; lastKnownFileType = sourcecode.c.h; path = "KalturaClient-Prefix.pch"; sourceTree = "<group>"; };
		29133463149648C2006D8A8C /* ASIAuthenticationDialog.h */ = {isa = PBXFileReference; fileEncoding = 4; lastKnownFileType = sourcecode.c.h; path = ASIAuthenticationDialog.h; sourceTree = "<group>"; };
		29133464149648C2006D8A8C /* ASIAuthenticationDialog.m */ = {isa = PBXFileReference; fileEncoding = 4; lastKnownFileType = sourcecode.c.objc; path = ASIAuthenticationDialog.m; sourceTree = "<group>"; };
		29133465149648C2006D8A8C /* ASICacheDelegate.h */ = {isa = PBXFileReference; fileEncoding = 4; lastKnownFileType = sourcecode.c.h; path = ASICacheDelegate.h; sourceTree = "<group>"; };
		29133466149648C2006D8A8C /* ASIDataCompressor.h */ = {isa = PBXFileReference; fileEncoding = 4; lastKnownFileType = sourcecode.c.h; path = ASIDataCompressor.h; sourceTree = "<group>"; };
		29133467149648C2006D8A8C /* ASIDataCompressor.m */ = {isa = PBXFileReference; fileEncoding = 4; lastKnownFileType = sourcecode.c.objc; path = ASIDataCompressor.m; sourceTree = "<group>"; };
		29133468149648C2006D8A8C /* ASIDataDecompressor.h */ = {isa = PBXFileReference; fileEncoding = 4; lastKnownFileType = sourcecode.c.h; path = ASIDataDecompressor.h; sourceTree = "<group>"; };
		29133469149648C2006D8A8C /* ASIDataDecompressor.m */ = {isa = PBXFileReference; fileEncoding = 4; lastKnownFileType = sourcecode.c.objc; path = ASIDataDecompressor.m; sourceTree = "<group>"; };
		2913346A149648C2006D8A8C /* ASIDownloadCache.h */ = {isa = PBXFileReference; fileEncoding = 4; lastKnownFileType = sourcecode.c.h; path = ASIDownloadCache.h; sourceTree = "<group>"; };
		2913346B149648C2006D8A8C /* ASIDownloadCache.m */ = {isa = PBXFileReference; fileEncoding = 4; lastKnownFileType = sourcecode.c.objc; path = ASIDownloadCache.m; sourceTree = "<group>"; };
		2913346C149648C2006D8A8C /* ASIFormDataRequest.h */ = {isa = PBXFileReference; fileEncoding = 4; lastKnownFileType = sourcecode.c.h; path = ASIFormDataRequest.h; sourceTree = "<group>"; };
		2913346D149648C2006D8A8C /* ASIFormDataRequest.m */ = {isa = PBXFileReference; fileEncoding = 4; lastKnownFileType = sourcecode.c.objc; path = ASIFormDataRequest.m; sourceTree = "<group>"; };
		2913346E149648C2006D8A8C /* ASIHTTPRequest.h */ = {isa = PBXFileReference; fileEncoding = 4; lastKnownFileType = sourcecode.c.h; path = ASIHTTPRequest.h; sourceTree = "<group>"; };
		2913346F149648C2006D8A8C /* ASIHTTPRequest.m */ = {isa = PBXFileReference; fileEncoding = 4; lastKnownFileType = sourcecode.c.objc; path = ASIHTTPRequest.m; sourceTree = "<group>"; };
		29133470149648C2006D8A8C /* ASIHTTPRequestConfig.h */ = {isa = PBXFileReference; fileEncoding = 4; lastKnownFileType = sourcecode.c.h; path = ASIHTTPRequestConfig.h; sourceTree = "<group>"; };
		29133471149648C2006D8A8C /* ASIHTTPRequestDelegate.h */ = {isa = PBXFileReference; fileEncoding = 4; lastKnownFileType = sourcecode.c.h; path = ASIHTTPRequestDelegate.h; sourceTree = "<group>"; };
		29133472149648C2006D8A8C /* ASIInputStream.h */ = {isa = PBXFileReference; fileEncoding = 4; lastKnownFileType = sourcecode.c.h; path = ASIInputStream.h; sourceTree = "<group>"; };
		29133473149648C2006D8A8C /* ASIInputStream.m */ = {isa = PBXFileReference; fileEncoding = 4; lastKnownFileType = sourcecode.c.objc; path = ASIInputStream.m; sourceTree = "<group>"; };
		29133474149648C2006D8A8C /* ASINetworkQueue.h */ = {isa = PBXFileReference; fileEncoding = 4; lastKnownFileType = sourcecode.c.h; path = ASINetworkQueue.h; sourceTree = "<group>"; };
		29133475149648C2006D8A8C /* ASINetworkQueue.m */ = {isa = PBXFileReference; fileEncoding = 4; lastKnownFileType = sourcecode.c.objc; path = ASINetworkQueue.m; sourceTree = "<group>"; };
		29133476149648C2006D8A8C /* ASIProgressDelegate.h */ = {isa = PBXFileReference; fileEncoding = 4; lastKnownFileType = sourcecode.c.h; path = ASIProgressDelegate.h; sourceTree = "<group>"; };
		29133477149648C2006D8A8C /* LICENSE */ = {isa = PBXFileReference; fileEncoding = 4; lastKnownFileType = text; path = LICENSE; sourceTree = "<group>"; };
		29133478149648C2006D8A8C /* Reachability.h */ = {isa = PBXFileReference; fileEncoding = 4; lastKnownFileType = sourcecode.c.h; path = Reachability.h; sourceTree = "<group>"; };
		29133479149648C2006D8A8C /* Reachability.m */ = {isa = PBXFileReference; fileEncoding = 4; lastKnownFileType = sourcecode.c.objc; path = Reachability.m; sourceTree = "<group>"; };
		2913347A149648C2006D8A8C /* KalturaClient.h */ = {isa = PBXFileReference; fileEncoding = 4; lastKnownFileType = sourcecode.c.h; path = KalturaClient.h; sourceTree = "<group>"; };
		2913347B149648C2006D8A8C /* KalturaClient.m */ = {isa = PBXFileReference; fileEncoding = 4; lastKnownFileType = sourcecode.c.objc; path = KalturaClient.m; sourceTree = "<group>"; };
		2913347C149648C2006D8A8C /* KalturaClientBase.h */ = {isa = PBXFileReference; fileEncoding = 4; lastKnownFileType = sourcecode.c.h; path = KalturaClientBase.h; sourceTree = "<group>"; };
		2913347D149648C2006D8A8C /* KalturaClientBase.m */ = {isa = PBXFileReference; fileEncoding = 4; lastKnownFileType = sourcecode.c.objc; path = KalturaClientBase.m; sourceTree = "<group>"; };
		291334AB149648C2006D8A8C /* KalturaXmlParsers.h */ = {isa = PBXFileReference; fileEncoding = 4; lastKnownFileType = sourcecode.c.h; path = KalturaXmlParsers.h; sourceTree = "<group>"; };
		291334AC149648C2006D8A8C /* KalturaXmlParsers.m */ = {isa = PBXFileReference; fileEncoding = 4; lastKnownFileType = sourcecode.c.objc; path = KalturaXmlParsers.m; sourceTree = "<group>"; };
		6DC814478B6BCF9193EAA1C2 /* KalturaMetadataClientPlugin.h */ = {isa = PBXFileReference; fileEncoding = 4; lastKnownFileType = sourcecode.c.h; path = KalturaMetadataClientPlugin.h; sourceTree = "<group>"; };
		933F34F10B5412E9EF05CB82 /* KalturaMetadataClientPlugin.m */ = {isa = PBXFileReference; fileEncoding = 4; lastKnownFileType = sourcecode.c.objc; path = KalturaMetadataClientPlugin.m; sourceTree = "<group>"; };
		8C04470AF5DC9353D94F2B05 /* KalturaDocumentClientPlugin.h */ = {isa = PBXFileReference; fileEncoding = 4; lastKnownFileType = sourcecode.c.h; path = KalturaDocumentClientPlugin.h; sourceTree = "<group>"; };
		A89DF9D8A60C64B69A31E1B5 /* KalturaDocumentClientPlugin.m */ = {isa = PBXFileReference; fileEncoding = 4; lastKnownFileType = sourcecode.c.objc; path = KalturaDocumentClientPlugin.m; sourceTree = "<group>"; };
		8E50CFCF7B6068879BE44F8E /* KalturaFileSyncClientPlugin.h */ = {isa = PBXFileReference; fileEncoding = 4; lastKnownFileType = sourcecode.c.h; path = KalturaFileSyncClientPlugin.h; sourceTree = "<group>"; };
		FA93ABA0DDF66BDB57307013 /* KalturaFileSyncClientPlugin.m */ = {isa = PBXFileReference; fileEncoding = 4; lastKnownFileType = sourcecode.c.objc; path = KalturaFileSyncClientPlugin.m; sourceTree = "<group>"; };
		65CD1B2F2C21A737EA51FD87 /* KalturaSystemPartnerClientPlugin.h */ = {isa = PBXFileReference; fileEncoding = 4; lastKnownFileType = sourcecode.c.h; path = KalturaSystemPartnerClientPlugin.h; sourceTree = "<group>"; };
		6BC672DA1BB8A5D881DA923B /* KalturaSystemPartnerClientPlugin.m */ = {isa = PBXFileReference; fileEncoding = 4; lastKnownFileType = sourcecode.c.objc; path = KalturaSystemPartnerClientPlugin.m; sourceTree = "<group>"; };
		2045B45F3D2FA7E6D21EAE38 /* KalturaAdminConsoleClientPlugin.h */ = {isa = PBXFileReference; fileEncoding = 4; lastKnownFileType = sourcecode.c.h; path = KalturaAdminConsoleClientPlugin.h; sourceTree = "<group>"; };
		B3C3FEC7E79746ABB456A0E1 /* KalturaAdminConsoleClientPlugin.m */ = {isa = PBXFileReference; fileEncoding = 4; lastKnownFileType = sourcecode.c.objc; path = KalturaAdminConsoleClientPlugin.m; sourceTree = "<group>"; };
		797AF6C7A36711F1A9E01C45 /* KalturaKalturaInternalToolsClientPlugin.h */ = {isa = PBXFileReference; fileEncoding = 4; lastKnownFileType = sourcecode.c.h; path = KalturaKalturaInternalToolsClientPlugin.h; sourceTree = "<group>"; };
		E769C8ED1BBB26432791219A /* KalturaKalturaInternalToolsClientPlugin.m */ = {isa = PBXFileReference; fileEncoding = 4; lastKnownFileType = sourcecode.c.objc; path = KalturaKalturaInternalToolsClientPlugin.m; sourceTree = "<group>"; };
		1B4C64581EE09ACCFB4FBE18 /* KalturaVirusScanClientPlugin.h */ = {isa = PBXFileReference; fileEncoding = 4; lastKnownFileType = sourcecode.c.h; path = KalturaVirusScanClientPlugin.h; sourceTree = "<group>"; };
		016940DC480C7A21469CB83D /* KalturaVirusScanClientPlugin.m */ = {isa = PBXFileReference; fileEncoding = 4; lastKnownFileType = sourcecode.c.objc; path = KalturaVirusScanClientPlugin.m; sourceTree = "<group>"; };
		7ED1AE7C4C4049501A85663F /* KalturaContentDistributionClientPlugin.h */ = {isa = PBXFileReference; fileEncoding = 4; lastKnownFileType = sourcecode.c.h; path = KalturaContentDistributionClientPlugin.h; sourceTree = "<group>"; };
		1E5B0775A3EBAF338F527747 /* KalturaContentDistributionClientPlugin.m */ = {isa = PBXFileReference; fileEncoding = 4; lastKnownFileType = sourcecode.c.objc; path = KalturaContentDistributionClientPlugin.m; sourceTree = "<group>"; };
		9D12030E3804A06117ECCFE1 /* KalturaCuePointClientPlugin.h */ = {isa = PBXFileReference; fileEncoding = 4; lastKnownFileType = sourcecode.c.h; path = KalturaCuePointClientPlugin.h; sourceTree = "<group>"; };
		1C96AA50636B377817B0B085 /* KalturaCuePointClientPlugin.m */ = {isa = PBXFileReference; fileEncoding = 4; lastKnownFileType = sourcecode.c.objc; path = KalturaCuePointClientPlugin.m; sourceTree = "<group>"; };
		67F4F710C9E47944A12D6C36 /* KalturaEventCuePointClientPlugin.h */ = {isa = PBXFileReference; fileEncoding = 4; lastKnownFileType = sourcecode.c.h; path = KalturaEventCuePointClientPlugin.h; sourceTree = "<group>"; };
		9DDBCE5FDCCAFFC40627FC84 /* KalturaEventCuePointClientPlugin.m */ = {isa = PBXFileReference; fileEncoding = 4; lastKnownFileType = sourcecode.c.objc; path = KalturaEventCuePointClientPlugin.m; sourceTree = "<group>"; };
		2FBCE0DE1AB06606E489C098 /* KalturaAdCuePointClientPlugin.h */ = {isa = PBXFileReference; fileEncoding = 4; lastKnownFileType = sourcecode.c.h; path = KalturaAdCuePointClientPlugin.h; sourceTree = "<group>"; };
		F417BF2BF2B276856710DB43 /* KalturaAdCuePointClientPlugin.m */ = {isa = PBXFileReference; fileEncoding = 4; lastKnownFileType = sourcecode.c.objc; path = KalturaAdCuePointClientPlugin.m; sourceTree = "<group>"; };
		55CD8C53BCD2633D15890ED5 /* KalturaCodeCuePointClientPlugin.h */ = {isa = PBXFileReference; fileEncoding = 4; lastKnownFileType = sourcecode.c.h; path = KalturaCodeCuePointClientPlugin.h; sourceTree = "<group>"; };
		961632CC684B7FFC7856859B /* KalturaCodeCuePointClientPlugin.m */ = {isa = PBXFileReference; fileEncoding = 4; lastKnownFileType = sourcecode.c.objc; path = KalturaCodeCuePointClientPlugin.m; sourceTree = "<group>"; };
		E809D95C6DA066ADF33BD63C /* KalturaThumbCuePointClientPlugin.h */ = {isa = PBXFileReference; fileEncoding = 4; lastKnownFileType = sourcecode.c.h; path = KalturaThumbCuePointClientPlugin.h; sourceTree = "<group>"; };
		98D2A884A463AD1174359E72 /* KalturaThumbCuePointClientPlugin.m */ = {isa = PBXFileReference; fileEncoding = 4; lastKnownFileType = sourcecode.c.objc; path = KalturaThumbCuePointClientPlugin.m; sourceTree = "<group>"; };
		1425D1855C4B80DCC0E9FAD3 /* KalturaAnnotationClientPlugin.h */ = {isa = PBXFileReference; fileEncoding = 4; lastKnownFileType = sourcecode.c.h; path = KalturaAnnotationClientPlugin.h; sourceTree = "<group>"; };
		505BF11D94F03710D3B1DECB /* KalturaAnnotationClientPlugin.m */ = {isa = PBXFileReference; fileEncoding = 4; lastKnownFileType = sourcecode.c.objc; path = KalturaAnnotationClientPlugin.m; sourceTree = "<group>"; };
		7273FB69C4FF2EBFF240F97B /* KalturaQuizClientPlugin.h */ = {isa = PBXFileReference; fileEncoding = 4; lastKnownFileType = sourcecode.c.h; path = KalturaQuizClientPlugin.h; sourceTree = "<group>"; };
		630771D73941764409801DD6 /* KalturaQuizClientPlugin.m */ = {isa = PBXFileReference; fileEncoding = 4; lastKnownFileType = sourcecode.c.objc; path = KalturaQuizClientPlugin.m; sourceTree = "<group>"; };
		68B2821F94734D287160FD41 /* KalturaShortLinkClientPlugin.h */ = {isa = PBXFileReference; fileEncoding = 4; lastKnownFileType = sourcecode.c.h; path = KalturaShortLinkClientPlugin.h; sourceTree = "<group>"; };
		92EC88A0B5775FA4A1BC626C /* KalturaShortLinkClientPlugin.m */ = {isa = PBXFileReference; fileEncoding = 4; lastKnownFileType = sourcecode.c.objc; path = KalturaShortLinkClientPlugin.m; sourceTree = "<group>"; };
		B4A754DCC5FD7EE24B96970D /* KalturaBulkUploadClientPlugin.h */ = {isa = PBXFileReference; fileEncoding = 4; lastKnownFileType = sourcecode.c.h; path = KalturaBulkUploadClientPlugin.h; sourceTree = "<group>"; };
		E0875FE5DD4804891AF21C41 /* KalturaBulkUploadClientPlugin.m */ = {isa = PBXFileReference; fileEncoding = 4; lastKnownFileType = sourcecode.c.objc; path = KalturaBulkUploadClientPlugin.m; sourceTree = "<group>"; };
		D7E1357F63C645F56ECA6BB5 /* KalturaBulkUploadCsvClientPlugin.h */ = {isa = PBXFileReference; fileEncoding = 4; lastKnownFileType = sourcecode.c.h; path = KalturaBulkUploadCsvClientPlugin.h; sourceTree = "<group>"; };
		249FF064E48D475810F958F2 /* KalturaBulkUploadCsvClientPlugin.m */ = {isa = PBXFileReference; fileEncoding = 4; lastKnownFileType = sourcecode.c.objc; path = KalturaBulkUploadCsvClientPlugin.m; sourceTree = "<group>"; };
		FDA278A26A7D93E20664702A /* KalturaBulkUploadXmlClientPlugin.h */ = {isa = PBXFileReference; fileEncoding = 4; lastKnownFileType = sourcecode.c.h; path = KalturaBulkUploadXmlClientPlugin.h; sourceTree = "<group>"; };
		7F9329845C6D457855C70435 /* KalturaBulkUploadXmlClientPlugin.m */ = {isa = PBXFileReference; fileEncoding = 4; lastKnownFileType = sourcecode.c.objc; path = KalturaBulkUploadXmlClientPlugin.m; sourceTree = "<group>"; };
		C6BB67D8FA6FCA4A97C9FF37 /* KalturaBulkUploadFilterClientPlugin.h */ = {isa = PBXFileReference; fileEncoding = 4; lastKnownFileType = sourcecode.c.h; path = KalturaBulkUploadFilterClientPlugin.h; sourceTree = "<group>"; };
		F77799CEFA605832C1048916 /* KalturaBulkUploadFilterClientPlugin.m */ = {isa = PBXFileReference; fileEncoding = 4; lastKnownFileType = sourcecode.c.objc; path = KalturaBulkUploadFilterClientPlugin.m; sourceTree = "<group>"; };
		A0DB7240B88911239EAF2DC2 /* KalturaDropFolderClientPlugin.h */ = {isa = PBXFileReference; fileEncoding = 4; lastKnownFileType = sourcecode.c.h; path = KalturaDropFolderClientPlugin.h; sourceTree = "<group>"; };
		826DC057C59B32A8AD858280 /* KalturaDropFolderClientPlugin.m */ = {isa = PBXFileReference; fileEncoding = 4; lastKnownFileType = sourcecode.c.objc; path = KalturaDropFolderClientPlugin.m; sourceTree = "<group>"; };
		52C5A29FB08DF7F337362E0B /* KalturaDropFolderXmlBulkUploadClientPlugin.h */ = {isa = PBXFileReference; fileEncoding = 4; lastKnownFileType = sourcecode.c.h; path = KalturaDropFolderXmlBulkUploadClientPlugin.h; sourceTree = "<group>"; };
		DBAB38CAA1AFBF26F2D8B97D /* KalturaDropFolderXmlBulkUploadClientPlugin.m */ = {isa = PBXFileReference; fileEncoding = 4; lastKnownFileType = sourcecode.c.objc; path = KalturaDropFolderXmlBulkUploadClientPlugin.m; sourceTree = "<group>"; };
		114C32721F13B179E0094190 /* KalturaCaptionClientPlugin.h */ = {isa = PBXFileReference; fileEncoding = 4; lastKnownFileType = sourcecode.c.h; path = KalturaCaptionClientPlugin.h; sourceTree = "<group>"; };
		C54359BBEB096BA19B4A473E /* KalturaCaptionClientPlugin.m */ = {isa = PBXFileReference; fileEncoding = 4; lastKnownFileType = sourcecode.c.objc; path = KalturaCaptionClientPlugin.m; sourceTree = "<group>"; };
		DB4B24111D3C3A9CBBC56FE4 /* KalturaCaptionSearchClientPlugin.h */ = {isa = PBXFileReference; fileEncoding = 4; lastKnownFileType = sourcecode.c.h; path = KalturaCaptionSearchClientPlugin.h; sourceTree = "<group>"; };
		702469B6D8AB06AFC3146379 /* KalturaCaptionSearchClientPlugin.m */ = {isa = PBXFileReference; fileEncoding = 4; lastKnownFileType = sourcecode.c.objc; path = KalturaCaptionSearchClientPlugin.m; sourceTree = "<group>"; };
		AB005C16EA915A79396F483C /* KalturaAttachmentClientPlugin.h */ = {isa = PBXFileReference; fileEncoding = 4; lastKnownFileType = sourcecode.c.h; path = KalturaAttachmentClientPlugin.h; sourceTree = "<group>"; };
		B19B4BCA2A73709E41F28D8F /* KalturaAttachmentClientPlugin.m */ = {isa = PBXFileReference; fileEncoding = 4; lastKnownFileType = sourcecode.c.objc; path = KalturaAttachmentClientPlugin.m; sourceTree = "<group>"; };
		C90E2A6CC5C03254137969B0 /* KalturaTagSearchClientPlugin.h */ = {isa = PBXFileReference; fileEncoding = 4; lastKnownFileType = sourcecode.c.h; path = KalturaTagSearchClientPlugin.h; sourceTree = "<group>"; };
		297720F1CDE067A21C7CDE80 /* KalturaTagSearchClientPlugin.m */ = {isa = PBXFileReference; fileEncoding = 4; lastKnownFileType = sourcecode.c.objc; path = KalturaTagSearchClientPlugin.m; sourceTree = "<group>"; };
		DDA4C3C8AC0965FA7978C82F /* KalturaLikeClientPlugin.h */ = {isa = PBXFileReference; fileEncoding = 4; lastKnownFileType = sourcecode.c.h; path = KalturaLikeClientPlugin.h; sourceTree = "<group>"; };
		4FD5165E6586D5F61941E8D4 /* KalturaLikeClientPlugin.m */ = {isa = PBXFileReference; fileEncoding = 4; lastKnownFileType = sourcecode.c.objc; path = KalturaLikeClientPlugin.m; sourceTree = "<group>"; };
		06B16A9B9F8241E77538040E /* KalturaVarConsoleClientPlugin.h */ = {isa = PBXFileReference; fileEncoding = 4; lastKnownFileType = sourcecode.c.h; path = KalturaVarConsoleClientPlugin.h; sourceTree = "<group>"; };
		6635D72DCFF1799947FD58C3 /* KalturaVarConsoleClientPlugin.m */ = {isa = PBXFileReference; fileEncoding = 4; lastKnownFileType = sourcecode.c.objc; path = KalturaVarConsoleClientPlugin.m; sourceTree = "<group>"; };
		22C9CA5C7F00CF747444EE3B /* KalturaEventNotificationClientPlugin.h */ = {isa = PBXFileReference; fileEncoding = 4; lastKnownFileType = sourcecode.c.h; path = KalturaEventNotificationClientPlugin.h; sourceTree = "<group>"; };
		D0FA966321C0B0F1B8CCFF75 /* KalturaEventNotificationClientPlugin.m */ = {isa = PBXFileReference; fileEncoding = 4; lastKnownFileType = sourcecode.c.objc; path = KalturaEventNotificationClientPlugin.m; sourceTree = "<group>"; };
		DCF33C0CFE0EEA8B262DA7D4 /* KalturaEmailNotificationClientPlugin.h */ = {isa = PBXFileReference; fileEncoding = 4; lastKnownFileType = sourcecode.c.h; path = KalturaEmailNotificationClientPlugin.h; sourceTree = "<group>"; };
		2701D231089BB58E6E9CB7CE /* KalturaEmailNotificationClientPlugin.m */ = {isa = PBXFileReference; fileEncoding = 4; lastKnownFileType = sourcecode.c.objc; path = KalturaEmailNotificationClientPlugin.m; sourceTree = "<group>"; };
		EBE8CC8E0533AF238B2A1518 /* KalturaHttpNotificationClientPlugin.h */ = {isa = PBXFileReference; fileEncoding = 4; lastKnownFileType = sourcecode.c.h; path = KalturaHttpNotificationClientPlugin.h; sourceTree = "<group>"; };
		00248FE243439C2E8FA63ACA /* KalturaHttpNotificationClientPlugin.m */ = {isa = PBXFileReference; fileEncoding = 4; lastKnownFileType = sourcecode.c.objc; path = KalturaHttpNotificationClientPlugin.m; sourceTree = "<group>"; };
		3CFFC4B2D96FA9D12054CF6D /* KalturaExternalMediaClientPlugin.h */ = {isa = PBXFileReference; fileEncoding = 4; lastKnownFileType = sourcecode.c.h; path = KalturaExternalMediaClientPlugin.h; sourceTree = "<group>"; };
		E1B0861CEF330302A26059B5 /* KalturaExternalMediaClientPlugin.m */ = {isa = PBXFileReference; fileEncoding = 4; lastKnownFileType = sourcecode.c.objc; path = KalturaExternalMediaClientPlugin.m; sourceTree = "<group>"; };
		3C5C67CB5655797D7D469F88 /* KalturaKontikiClientPlugin.h */ = {isa = PBXFileReference; fileEncoding = 4; lastKnownFileType = sourcecode.c.h; path = KalturaKontikiClientPlugin.h; sourceTree = "<group>"; };
		7CC0DCBB441E97CAD6C039BF /* KalturaKontikiClientPlugin.m */ = {isa = PBXFileReference; fileEncoding = 4; lastKnownFileType = sourcecode.c.objc; path = KalturaKontikiClientPlugin.m; sourceTree = "<group>"; };
		DA5697E866225B62219651EC /* KalturaVelocixClientPlugin.h */ = {isa = PBXFileReference; fileEncoding = 4; lastKnownFileType = sourcecode.c.h; path = KalturaVelocixClientPlugin.h; sourceTree = "<group>"; };
		53BDA2B00E622F533E75AF69 /* KalturaVelocixClientPlugin.m */ = {isa = PBXFileReference; fileEncoding = 4; lastKnownFileType = sourcecode.c.objc; path = KalturaVelocixClientPlugin.m; sourceTree = "<group>"; };
		26A7235CA1F27155A73BACAA /* KalturaScheduledTaskClientPlugin.h */ = {isa = PBXFileReference; fileEncoding = 4; lastKnownFileType = sourcecode.c.h; path = KalturaScheduledTaskClientPlugin.h; sourceTree = "<group>"; };
		AB86957CBA27CE87F973BC95 /* KalturaScheduledTaskClientPlugin.m */ = {isa = PBXFileReference; fileEncoding = 4; lastKnownFileType = sourcecode.c.objc; path = KalturaScheduledTaskClientPlugin.m; sourceTree = "<group>"; };
		AA0D886C7B8911388E66B5E4 /* KalturaScheduledTaskMetadataClientPlugin.h */ = {isa = PBXFileReference; fileEncoding = 4; lastKnownFileType = sourcecode.c.h; path = KalturaScheduledTaskMetadataClientPlugin.h; sourceTree = "<group>"; };
		D1632C35F29EA38FAC2E5AD9 /* KalturaScheduledTaskMetadataClientPlugin.m */ = {isa = PBXFileReference; fileEncoding = 4; lastKnownFileType = sourcecode.c.objc; path = KalturaScheduledTaskMetadataClientPlugin.m; sourceTree = "<group>"; };
		382DF94DF08B9A781782B7E0 /* KalturaScheduledTaskEventNotificationClientPlugin.h */ = {isa = PBXFileReference; fileEncoding = 4; lastKnownFileType = sourcecode.c.h; path = KalturaScheduledTaskEventNotificationClientPlugin.h; sourceTree = "<group>"; };
		B80D35E014E5B50A0B52EE8F /* KalturaScheduledTaskEventNotificationClientPlugin.m */ = {isa = PBXFileReference; fileEncoding = 4; lastKnownFileType = sourcecode.c.objc; path = KalturaScheduledTaskEventNotificationClientPlugin.m; sourceTree = "<group>"; };
		88AA06A1C0FD7716C8B3BEE0 /* KalturaScheduledTaskContentDistributionClientPlugin.h */ = {isa = PBXFileReference; fileEncoding = 4; lastKnownFileType = sourcecode.c.h; path = KalturaScheduledTaskContentDistributionClientPlugin.h; sourceTree = "<group>"; };
		17EA90731DFACD2348E8910F /* KalturaScheduledTaskContentDistributionClientPlugin.m */ = {isa = PBXFileReference; fileEncoding = 4; lastKnownFileType = sourcecode.c.objc; path = KalturaScheduledTaskContentDistributionClientPlugin.m; sourceTree = "<group>"; };
		3576869E2FF1D2EFCBBC9B2B /* KalturaFeedDropFolderClientPlugin.h */ = {isa = PBXFileReference; fileEncoding = 4; lastKnownFileType = sourcecode.c.h; path = KalturaFeedDropFolderClientPlugin.h; sourceTree = "<group>"; };
		E922710787DE2BBEA3BF7CA5 /* KalturaFeedDropFolderClientPlugin.m */ = {isa = PBXFileReference; fileEncoding = 4; lastKnownFileType = sourcecode.c.objc; path = KalturaFeedDropFolderClientPlugin.m; sourceTree = "<group>"; };
		43F9D0524889839B466444AC /* KalturaIntegrationClientPlugin.h */ = {isa = PBXFileReference; fileEncoding = 4; lastKnownFileType = sourcecode.c.h; path = KalturaIntegrationClientPlugin.h; sourceTree = "<group>"; };
		C7AE7D68F07D53DAC0B3D965 /* KalturaIntegrationClientPlugin.m */ = {isa = PBXFileReference; fileEncoding = 4; lastKnownFileType = sourcecode.c.objc; path = KalturaIntegrationClientPlugin.m; sourceTree = "<group>"; };
		A5FE7BB2AB8B3540E79C2C3D /* KalturaVoicebaseClientPlugin.h */ = {isa = PBXFileReference; fileEncoding = 4; lastKnownFileType = sourcecode.c.h; path = KalturaVoicebaseClientPlugin.h; sourceTree = "<group>"; };
		E25D87097C1613A5E66AEA46 /* KalturaVoicebaseClientPlugin.m */ = {isa = PBXFileReference; fileEncoding = 4; lastKnownFileType = sourcecode.c.objc; path = KalturaVoicebaseClientPlugin.m; sourceTree = "<group>"; };
/* End PBXFileReference section */

/* Begin PBXFrameworksBuildPhase section */
		2913344F149646BB006D8A8C /* Frameworks */ = {
			isa = PBXFrameworksBuildPhase;
			buildActionMask = 2147483647;
			files = (
				29133456149646BB006D8A8C /* Foundation.framework in Frameworks */,
			);
			runOnlyForDeploymentPostprocessing = 0;
		};
/* End PBXFrameworksBuildPhase section */

/* Begin PBXGroup section */
		29133447149646BB006D8A8C = {
			isa = PBXGroup;
			children = (
				29133457149646BB006D8A8C /* KalturaClient */,
				29133454149646BB006D8A8C /* Frameworks */,
				29133453149646BB006D8A8C /* Products */,
			);
			sourceTree = "<group>";
		};
		29133453149646BB006D8A8C /* Products */ = {
			isa = PBXGroup;
			children = (
				29133452149646BB006D8A8C /* libKalturaClient.a */,
			);
			name = Products;
			sourceTree = "<group>";
		};
		29133454149646BB006D8A8C /* Frameworks */ = {
			isa = PBXGroup;
			children = (
				29133455149646BB006D8A8C /* Foundation.framework */,
			);
			name = Frameworks;
			sourceTree = "<group>";
		};
		29133457149646BB006D8A8C /* KalturaClient */ = {
			isa = PBXGroup;
			children = (
				29133462149648C2006D8A8C /* ASIHttpRequest */,
				2913347A149648C2006D8A8C /* KalturaClient.h */,
				2913347B149648C2006D8A8C /* KalturaClient.m */,
				2913347C149648C2006D8A8C /* KalturaClientBase.h */,
				2913347D149648C2006D8A8C /* KalturaClientBase.m */,
				2913347E149648C2006D8A8C /* KalturaPlugins */,
				291334AB149648C2006D8A8C /* KalturaXmlParsers.h */,
				291334AC149648C2006D8A8C /* KalturaXmlParsers.m */,
				29133458149646BB006D8A8C /* Supporting Files */,
			);
			path = KalturaClient;
			sourceTree = "<group>";
		};
		29133458149646BB006D8A8C /* Supporting Files */ = {
			isa = PBXGroup;
			children = (
				29133459149646BB006D8A8C /* KalturaClient-Prefix.pch */,
			);
			name = "Supporting Files";
			sourceTree = "<group>";
		};
		29133462149648C2006D8A8C /* ASIHttpRequest */ = {
			isa = PBXGroup;
			children = (
				29133463149648C2006D8A8C /* ASIAuthenticationDialog.h */,
				29133464149648C2006D8A8C /* ASIAuthenticationDialog.m */,
				29133465149648C2006D8A8C /* ASICacheDelegate.h */,
				29133466149648C2006D8A8C /* ASIDataCompressor.h */,
				29133467149648C2006D8A8C /* ASIDataCompressor.m */,
				29133468149648C2006D8A8C /* ASIDataDecompressor.h */,
				29133469149648C2006D8A8C /* ASIDataDecompressor.m */,
				2913346A149648C2006D8A8C /* ASIDownloadCache.h */,
				2913346B149648C2006D8A8C /* ASIDownloadCache.m */,
				2913346C149648C2006D8A8C /* ASIFormDataRequest.h */,
				2913346D149648C2006D8A8C /* ASIFormDataRequest.m */,
				2913346E149648C2006D8A8C /* ASIHTTPRequest.h */,
				2913346F149648C2006D8A8C /* ASIHTTPRequest.m */,
				29133470149648C2006D8A8C /* ASIHTTPRequestConfig.h */,
				29133471149648C2006D8A8C /* ASIHTTPRequestDelegate.h */,
				29133472149648C2006D8A8C /* ASIInputStream.h */,
				29133473149648C2006D8A8C /* ASIInputStream.m */,
				29133474149648C2006D8A8C /* ASINetworkQueue.h */,
				29133475149648C2006D8A8C /* ASINetworkQueue.m */,
				29133476149648C2006D8A8C /* ASIProgressDelegate.h */,
				29133477149648C2006D8A8C /* LICENSE */,
				29133478149648C2006D8A8C /* Reachability.h */,
				29133479149648C2006D8A8C /* Reachability.m */,
			);
			path = ASIHttpRequest;
			sourceTree = "<group>";
		};
		2913347E149648C2006D8A8C /* KalturaPlugins */ = {
			isa = PBXGroup;
			children = (
				6DC814478B6BCF9193EAA1C2 /* KalturaMetadataClientPlugin.h */,
				933F34F10B5412E9EF05CB82 /* KalturaMetadataClientPlugin.m */,
				8C04470AF5DC9353D94F2B05 /* KalturaDocumentClientPlugin.h */,
				A89DF9D8A60C64B69A31E1B5 /* KalturaDocumentClientPlugin.m */,
				8E50CFCF7B6068879BE44F8E /* KalturaFileSyncClientPlugin.h */,
				FA93ABA0DDF66BDB57307013 /* KalturaFileSyncClientPlugin.m */,
				65CD1B2F2C21A737EA51FD87 /* KalturaSystemPartnerClientPlugin.h */,
				6BC672DA1BB8A5D881DA923B /* KalturaSystemPartnerClientPlugin.m */,
				2045B45F3D2FA7E6D21EAE38 /* KalturaAdminConsoleClientPlugin.h */,
				B3C3FEC7E79746ABB456A0E1 /* KalturaAdminConsoleClientPlugin.m */,
				797AF6C7A36711F1A9E01C45 /* KalturaKalturaInternalToolsClientPlugin.h */,
				E769C8ED1BBB26432791219A /* KalturaKalturaInternalToolsClientPlugin.m */,
				1B4C64581EE09ACCFB4FBE18 /* KalturaVirusScanClientPlugin.h */,
				016940DC480C7A21469CB83D /* KalturaVirusScanClientPlugin.m */,
				7ED1AE7C4C4049501A85663F /* KalturaContentDistributionClientPlugin.h */,
				1E5B0775A3EBAF338F527747 /* KalturaContentDistributionClientPlugin.m */,
				9D12030E3804A06117ECCFE1 /* KalturaCuePointClientPlugin.h */,
				1C96AA50636B377817B0B085 /* KalturaCuePointClientPlugin.m */,
				67F4F710C9E47944A12D6C36 /* KalturaEventCuePointClientPlugin.h */,
				9DDBCE5FDCCAFFC40627FC84 /* KalturaEventCuePointClientPlugin.m */,
				2FBCE0DE1AB06606E489C098 /* KalturaAdCuePointClientPlugin.h */,
				F417BF2BF2B276856710DB43 /* KalturaAdCuePointClientPlugin.m */,
				55CD8C53BCD2633D15890ED5 /* KalturaCodeCuePointClientPlugin.h */,
				961632CC684B7FFC7856859B /* KalturaCodeCuePointClientPlugin.m */,
				E809D95C6DA066ADF33BD63C /* KalturaThumbCuePointClientPlugin.h */,
				98D2A884A463AD1174359E72 /* KalturaThumbCuePointClientPlugin.m */,
				1425D1855C4B80DCC0E9FAD3 /* KalturaAnnotationClientPlugin.h */,
				505BF11D94F03710D3B1DECB /* KalturaAnnotationClientPlugin.m */,
				7273FB69C4FF2EBFF240F97B /* KalturaQuizClientPlugin.h */,
				630771D73941764409801DD6 /* KalturaQuizClientPlugin.m */,
				68B2821F94734D287160FD41 /* KalturaShortLinkClientPlugin.h */,
				92EC88A0B5775FA4A1BC626C /* KalturaShortLinkClientPlugin.m */,
				B4A754DCC5FD7EE24B96970D /* KalturaBulkUploadClientPlugin.h */,
				E0875FE5DD4804891AF21C41 /* KalturaBulkUploadClientPlugin.m */,
				D7E1357F63C645F56ECA6BB5 /* KalturaBulkUploadCsvClientPlugin.h */,
				249FF064E48D475810F958F2 /* KalturaBulkUploadCsvClientPlugin.m */,
				FDA278A26A7D93E20664702A /* KalturaBulkUploadXmlClientPlugin.h */,
				7F9329845C6D457855C70435 /* KalturaBulkUploadXmlClientPlugin.m */,
				C6BB67D8FA6FCA4A97C9FF37 /* KalturaBulkUploadFilterClientPlugin.h */,
				F77799CEFA605832C1048916 /* KalturaBulkUploadFilterClientPlugin.m */,
				A0DB7240B88911239EAF2DC2 /* KalturaDropFolderClientPlugin.h */,
				826DC057C59B32A8AD858280 /* KalturaDropFolderClientPlugin.m */,
				52C5A29FB08DF7F337362E0B /* KalturaDropFolderXmlBulkUploadClientPlugin.h */,
				DBAB38CAA1AFBF26F2D8B97D /* KalturaDropFolderXmlBulkUploadClientPlugin.m */,
				114C32721F13B179E0094190 /* KalturaCaptionClientPlugin.h */,
				C54359BBEB096BA19B4A473E /* KalturaCaptionClientPlugin.m */,
				DB4B24111D3C3A9CBBC56FE4 /* KalturaCaptionSearchClientPlugin.h */,
				702469B6D8AB06AFC3146379 /* KalturaCaptionSearchClientPlugin.m */,
				AB005C16EA915A79396F483C /* KalturaAttachmentClientPlugin.h */,
				B19B4BCA2A73709E41F28D8F /* KalturaAttachmentClientPlugin.m */,
				C90E2A6CC5C03254137969B0 /* KalturaTagSearchClientPlugin.h */,
				297720F1CDE067A21C7CDE80 /* KalturaTagSearchClientPlugin.m */,
				DDA4C3C8AC0965FA7978C82F /* KalturaLikeClientPlugin.h */,
				4FD5165E6586D5F61941E8D4 /* KalturaLikeClientPlugin.m */,
				06B16A9B9F8241E77538040E /* KalturaVarConsoleClientPlugin.h */,
				6635D72DCFF1799947FD58C3 /* KalturaVarConsoleClientPlugin.m */,
				22C9CA5C7F00CF747444EE3B /* KalturaEventNotificationClientPlugin.h */,
				D0FA966321C0B0F1B8CCFF75 /* KalturaEventNotificationClientPlugin.m */,
				DCF33C0CFE0EEA8B262DA7D4 /* KalturaEmailNotificationClientPlugin.h */,
				2701D231089BB58E6E9CB7CE /* KalturaEmailNotificationClientPlugin.m */,
				EBE8CC8E0533AF238B2A1518 /* KalturaHttpNotificationClientPlugin.h */,
				00248FE243439C2E8FA63ACA /* KalturaHttpNotificationClientPlugin.m */,
				3CFFC4B2D96FA9D12054CF6D /* KalturaExternalMediaClientPlugin.h */,
				E1B0861CEF330302A26059B5 /* KalturaExternalMediaClientPlugin.m */,
				3C5C67CB5655797D7D469F88 /* KalturaKontikiClientPlugin.h */,
				7CC0DCBB441E97CAD6C039BF /* KalturaKontikiClientPlugin.m */,
				DA5697E866225B62219651EC /* KalturaVelocixClientPlugin.h */,
				53BDA2B00E622F533E75AF69 /* KalturaVelocixClientPlugin.m */,
				26A7235CA1F27155A73BACAA /* KalturaScheduledTaskClientPlugin.h */,
				AB86957CBA27CE87F973BC95 /* KalturaScheduledTaskClientPlugin.m */,
				AA0D886C7B8911388E66B5E4 /* KalturaScheduledTaskMetadataClientPlugin.h */,
				D1632C35F29EA38FAC2E5AD9 /* KalturaScheduledTaskMetadataClientPlugin.m */,
				382DF94DF08B9A781782B7E0 /* KalturaScheduledTaskEventNotificationClientPlugin.h */,
				B80D35E014E5B50A0B52EE8F /* KalturaScheduledTaskEventNotificationClientPlugin.m */,
				88AA06A1C0FD7716C8B3BEE0 /* KalturaScheduledTaskContentDistributionClientPlugin.h */,
				17EA90731DFACD2348E8910F /* KalturaScheduledTaskContentDistributionClientPlugin.m */,
				3576869E2FF1D2EFCBBC9B2B /* KalturaFeedDropFolderClientPlugin.h */,
				E922710787DE2BBEA3BF7CA5 /* KalturaFeedDropFolderClientPlugin.m */,
				43F9D0524889839B466444AC /* KalturaIntegrationClientPlugin.h */,
				C7AE7D68F07D53DAC0B3D965 /* KalturaIntegrationClientPlugin.m */,
				A5FE7BB2AB8B3540E79C2C3D /* KalturaVoicebaseClientPlugin.h */,
				E25D87097C1613A5E66AEA46 /* KalturaVoicebaseClientPlugin.m */,
			);
			path = KalturaPlugins;
			sourceTree = "<group>";
		};
/* End PBXGroup section */

/* Begin PBXHeadersBuildPhase section */
		29133450149646BB006D8A8C /* Headers */ = {
			isa = PBXHeadersBuildPhase;
			buildActionMask = 2147483647;
			files = (
				291334AD149648C2006D8A8C /* ASIAuthenticationDialog.h in Headers */,
				291334AF149648C2006D8A8C /* ASICacheDelegate.h in Headers */,
				291334B0149648C2006D8A8C /* ASIDataCompressor.h in Headers */,
				291334B2149648C2006D8A8C /* ASIDataDecompressor.h in Headers */,
				291334B4149648C2006D8A8C /* ASIDownloadCache.h in Headers */,
				291334B6149648C2006D8A8C /* ASIFormDataRequest.h in Headers */,
				291334B8149648C2006D8A8C /* ASIHTTPRequest.h in Headers */,
				291334BA149648C2006D8A8C /* ASIHTTPRequestConfig.h in Headers */,
				291334BB149648C2006D8A8C /* ASIHTTPRequestDelegate.h in Headers */,
				291334BC149648C2006D8A8C /* ASIInputStream.h in Headers */,
				291334BE149648C2006D8A8C /* ASINetworkQueue.h in Headers */,
				291334C0149648C2006D8A8C /* ASIProgressDelegate.h in Headers */,
				291334C1149648C2006D8A8C /* Reachability.h in Headers */,
				291334C3149648C2006D8A8C /* KalturaClient.h in Headers */,
				291334C5149648C2006D8A8C /* KalturaClientBase.h in Headers */,
				291334F3149648C2006D8A8C /* KalturaXmlParsers.h in Headers */,
				E73BDFAA90BDC5F519E45759 /* KalturaMetadataClientPlugin.h in Headers */,
				C2726ADEB51C2D14172F76F0 /* KalturaDocumentClientPlugin.h in Headers */,
				83EB5D852A31CDA85109E8BE /* KalturaFileSyncClientPlugin.h in Headers */,
				0EC79C083BCC9C9C32A5CEE0 /* KalturaSystemPartnerClientPlugin.h in Headers */,
				A8C7170B88857F92EE85A094 /* KalturaAdminConsoleClientPlugin.h in Headers */,
				22377479F2E0C9CFFB081D36 /* KalturaKalturaInternalToolsClientPlugin.h in Headers */,
				CE68CBEAAC8104B704D64F5F /* KalturaVirusScanClientPlugin.h in Headers */,
				95B9E773B86EC3BD3B3A7AC2 /* KalturaContentDistributionClientPlugin.h in Headers */,
				6827DC2D981949E348E8E551 /* KalturaCuePointClientPlugin.h in Headers */,
				8F30F14FA95F2804BB7E04D1 /* KalturaEventCuePointClientPlugin.h in Headers */,
				14A1928DD0A606B0AAFFF303 /* KalturaAdCuePointClientPlugin.h in Headers */,
				AA5028F66EB66BA0CA946F0B /* KalturaCodeCuePointClientPlugin.h in Headers */,
				BF3974E6F1640C7747FAD1F9 /* KalturaThumbCuePointClientPlugin.h in Headers */,
				188856C9248FAB9CCF5E9C82 /* KalturaAnnotationClientPlugin.h in Headers */,
				A1DCACB4C09FAD65508A6BE5 /* KalturaQuizClientPlugin.h in Headers */,
				730B8965FC34A13938147397 /* KalturaShortLinkClientPlugin.h in Headers */,
				A8A65A727EB76B589E84D4E0 /* KalturaBulkUploadClientPlugin.h in Headers */,
				809AE1DC49B2F50D1F8C869C /* KalturaBulkUploadCsvClientPlugin.h in Headers */,
				91C5FA5486607CE8BE6526A5 /* KalturaBulkUploadXmlClientPlugin.h in Headers */,
				E6C142EADAB24789C8DDE9A3 /* KalturaBulkUploadFilterClientPlugin.h in Headers */,
				41D9EFE0FF2FF81BECE3FADD /* KalturaDropFolderClientPlugin.h in Headers */,
				85F9986CD73A1DAA22B24518 /* KalturaDropFolderXmlBulkUploadClientPlugin.h in Headers */,
				876E39631C2CD0CE68C28B14 /* KalturaCaptionClientPlugin.h in Headers */,
				E7EA2A8D27BBA1C712C62366 /* KalturaCaptionSearchClientPlugin.h in Headers */,
				238BBD9763A0E36306DE3FEA /* KalturaAttachmentClientPlugin.h in Headers */,
				C582F7B9B912AF6DA6FE59C6 /* KalturaTagSearchClientPlugin.h in Headers */,
				312D3321A4F3ED648D46A6CD /* KalturaLikeClientPlugin.h in Headers */,
				5F6B206340428B92AD9C77D3 /* KalturaVarConsoleClientPlugin.h in Headers */,
				CDDAFF0E7BDBB7D6852681CF /* KalturaEventNotificationClientPlugin.h in Headers */,
				13443C710067F7756DB1505C /* KalturaEmailNotificationClientPlugin.h in Headers */,
				8C5322313D2570D750C12304 /* KalturaHttpNotificationClientPlugin.h in Headers */,
				1FEEEEC82BEFEBDF818E4CCA /* KalturaExternalMediaClientPlugin.h in Headers */,
				889656A2498D048DFCBD38CE /* KalturaKontikiClientPlugin.h in Headers */,
				6CE18D0E334E0F79A2504086 /* KalturaVelocixClientPlugin.h in Headers */,
				44523E79A86DC66EC53801AE /* KalturaScheduledTaskClientPlugin.h in Headers */,
				C92B65D08745B6BC5E8EA4DE /* KalturaScheduledTaskMetadataClientPlugin.h in Headers */,
				1B018C05D8D27C3A06C6CBBB /* KalturaScheduledTaskEventNotificationClientPlugin.h in Headers */,
				AB9B075FBCF439832F83A312 /* KalturaScheduledTaskContentDistributionClientPlugin.h in Headers */,
				95AEC8159230CDAD75E9FD0B /* KalturaFeedDropFolderClientPlugin.h in Headers */,
				7EDE5BA04AE3095E31C7C875 /* KalturaIntegrationClientPlugin.h in Headers */,
				76B65E294DCFBAE632D55134 /* KalturaVoicebaseClientPlugin.h in Headers */,
			);
			runOnlyForDeploymentPostprocessing = 0;
		};
/* End PBXHeadersBuildPhase section */

/* Begin PBXNativeTarget section */
		29133451149646BB006D8A8C /* KalturaClient */ = {
			isa = PBXNativeTarget;
			buildConfigurationList = 2913345F149646BB006D8A8C /* Build configuration list for PBXNativeTarget "KalturaClient" */;
			buildPhases = (
				2913344E149646BB006D8A8C /* Sources */,
				2913344F149646BB006D8A8C /* Frameworks */,
				29133450149646BB006D8A8C /* Headers */,
			);
			buildRules = (
			);
			dependencies = (
			);
			name = KalturaClient;
			productName = KalturaClient;
			productReference = 29133452149646BB006D8A8C /* libKalturaClient.a */;
			productType = "com.apple.product-type.library.static";
		};
/* End PBXNativeTarget section */

/* Begin PBXProject section */
		29133449149646BB006D8A8C /* Project object */ = {
			isa = PBXProject;
			attributes = {
				LastUpgradeCheck = 0610;
			};
			buildConfigurationList = 2913344C149646BB006D8A8C /* Build configuration list for PBXProject "KalturaClient" */;
			compatibilityVersion = "Xcode 3.2";
			developmentRegion = English;
			hasScannedForEncodings = 0;
			knownRegions = (
				en,
			);
			mainGroup = 29133447149646BB006D8A8C;
			productRefGroup = 29133453149646BB006D8A8C /* Products */;
			projectDirPath = "";
			projectRoot = "";
			targets = (
				29133451149646BB006D8A8C /* KalturaClient */,
			);
		};
/* End PBXProject section */

/* Begin PBXSourcesBuildPhase section */
		2913344E149646BB006D8A8C /* Sources */ = {
			isa = PBXSourcesBuildPhase;
			buildActionMask = 2147483647;
			files = (
				291334AE149648C2006D8A8C /* ASIAuthenticationDialog.m in Sources */,
				291334B1149648C2006D8A8C /* ASIDataCompressor.m in Sources */,
				291334B3149648C2006D8A8C /* ASIDataDecompressor.m in Sources */,
				291334B5149648C2006D8A8C /* ASIDownloadCache.m in Sources */,
				291334B7149648C2006D8A8C /* ASIFormDataRequest.m in Sources */,
				291334B9149648C2006D8A8C /* ASIHTTPRequest.m in Sources */,
				291334BD149648C2006D8A8C /* ASIInputStream.m in Sources */,
				291334BF149648C2006D8A8C /* ASINetworkQueue.m in Sources */,
				291334C2149648C2006D8A8C /* Reachability.m in Sources */,
				291334C4149648C2006D8A8C /* KalturaClient.m in Sources */,
				291334C6149648C2006D8A8C /* KalturaClientBase.m in Sources */,
				291334F4149648C2006D8A8C /* KalturaXmlParsers.m in Sources */,
				784D4D9BD23709B73A3B71ED /* KalturaMetadataClientPlugin.m in Sources */,
				ADA9784F96565110B93C39CB /* KalturaDocumentClientPlugin.m in Sources */,
				2AA3D0F1F4676A3D92CDF95D /* KalturaFileSyncClientPlugin.m in Sources */,
				B5220DE056336555887E95E5 /* KalturaSystemPartnerClientPlugin.m in Sources */,
				1DC060E120ABEC525FB7E7A2 /* KalturaAdminConsoleClientPlugin.m in Sources */,
				EADB9E1ED5A24670A2EE1A27 /* KalturaKalturaInternalToolsClientPlugin.m in Sources */,
				18126F2D3EE95EC18B69D0E4 /* KalturaVirusScanClientPlugin.m in Sources */,
				71CA5386D1121755CEF3ACCE /* KalturaContentDistributionClientPlugin.m in Sources */,
				223A545D23B36A4F9E522684 /* KalturaCuePointClientPlugin.m in Sources */,
				6759E0D92E23A08135AC1A0E /* KalturaEventCuePointClientPlugin.m in Sources */,
				605325D5456AD4DF77FB3866 /* KalturaAdCuePointClientPlugin.m in Sources */,
				E5B4F89EDB171C0E10C43B5D /* KalturaCodeCuePointClientPlugin.m in Sources */,
				7654580E57CA83428DCB03DA /* KalturaThumbCuePointClientPlugin.m in Sources */,
				44B9CBC57517F17E166AD560 /* KalturaAnnotationClientPlugin.m in Sources */,
				51368E78C54BB13A16979479 /* KalturaQuizClientPlugin.m in Sources */,
				EC895B8CE1C77969B4B191E0 /* KalturaShortLinkClientPlugin.m in Sources */,
				8F03AA4106E3BBD263A4B328 /* KalturaBulkUploadClientPlugin.m in Sources */,
				C952A0F0815C23E3B7EBEEFE /* KalturaBulkUploadCsvClientPlugin.m in Sources */,
				765E2C9800D49BEB14B5AB92 /* KalturaBulkUploadXmlClientPlugin.m in Sources */,
				8636B24E079C4498C803F511 /* KalturaBulkUploadFilterClientPlugin.m in Sources */,
				39DA11EC87F075277E0AC78B /* KalturaDropFolderClientPlugin.m in Sources */,
				CF728E88F410924E84B3BE72 /* KalturaDropFolderXmlBulkUploadClientPlugin.m in Sources */,
				908EA094E9B471A2C4FE263F /* KalturaCaptionClientPlugin.m in Sources */,
				6C882FB031BFFDBB4D495059 /* KalturaCaptionSearchClientPlugin.m in Sources */,
				5C317981DFB6BC3D9ABFAAA8 /* KalturaAttachmentClientPlugin.m in Sources */,
				AE37074F79BB9E9AADF51251 /* KalturaTagSearchClientPlugin.m in Sources */,
				4457D8175A1251EDF723E496 /* KalturaLikeClientPlugin.m in Sources */,
				11041A6B2778D60EDD4810B6 /* KalturaVarConsoleClientPlugin.m in Sources */,
				84A720FD717591D15619FD93 /* KalturaEventNotificationClientPlugin.m in Sources */,
				9BA18D1326FFB9BF530B2496 /* KalturaEmailNotificationClientPlugin.m in Sources */,
				FF9DAEDF7A99E78C99A3D372 /* KalturaHttpNotificationClientPlugin.m in Sources */,
				D2DACBBAF11A807D5DBD0385 /* KalturaExternalMediaClientPlugin.m in Sources */,
				8518144462CE0A92DEDA58C7 /* KalturaKontikiClientPlugin.m in Sources */,
				2956A2FA51A6FBB1C2AC1A74 /* KalturaVelocixClientPlugin.m in Sources */,
				19FCC8C0222E6C11443004AF /* KalturaScheduledTaskClientPlugin.m in Sources */,
				0EE57DB8074619C5FF5114F2 /* KalturaScheduledTaskMetadataClientPlugin.m in Sources */,
				D2C30E078292554AD0A5E4E4 /* KalturaScheduledTaskEventNotificationClientPlugin.m in Sources */,
				D87029F675D86ECDDAED29D1 /* KalturaScheduledTaskContentDistributionClientPlugin.m in Sources */,
				1D5EC1C9D53924C25DD7B314 /* KalturaFeedDropFolderClientPlugin.m in Sources */,
				23809F8CDB5F23C6401629D4 /* KalturaIntegrationClientPlugin.m in Sources */,
				DB46CD050D7E465697B457AC /* KalturaVoicebaseClientPlugin.m in Sources */,
			);
			runOnlyForDeploymentPostprocessing = 0;
		};
/* End PBXSourcesBuildPhase section */

/* Begin XCBuildConfiguration section */
		2913345D149646BB006D8A8C /* Debug */ = {
			isa = XCBuildConfiguration;
			buildSettings = {
				ALWAYS_SEARCH_USER_PATHS = NO;
				COPY_PHASE_STRIP = NO;
				GCC_C_LANGUAGE_STANDARD = gnu99;
				GCC_DYNAMIC_NO_PIC = NO;
				GCC_OPTIMIZATION_LEVEL = 0;
				GCC_PREPROCESSOR_DEFINITIONS = (
					"DEBUG=1",
					"$(inherited)",
				);
				GCC_SYMBOLS_PRIVATE_EXTERN = NO;
				GCC_VERSION = "";
				GCC_WARN_ABOUT_MISSING_PROTOTYPES = YES;
				GCC_WARN_ABOUT_RETURN_TYPE = YES;
				GCC_WARN_UNUSED_VARIABLE = YES;
				IPHONEOS_DEPLOYMENT_TARGET = 6.0;
				ONLY_ACTIVE_ARCH = YES;
				SDKROOT = iphoneos;
				VALID_ARCHS = "arm64 armv7";
			};
			name = Debug;
		};
		2913345E149646BB006D8A8C /* Release */ = {
			isa = XCBuildConfiguration;
			buildSettings = {
				ALWAYS_SEARCH_USER_PATHS = NO;
				COPY_PHASE_STRIP = YES;
				GCC_C_LANGUAGE_STANDARD = gnu99;
				GCC_VERSION = "";
				GCC_WARN_ABOUT_MISSING_PROTOTYPES = YES;
				GCC_WARN_ABOUT_RETURN_TYPE = YES;
				GCC_WARN_UNUSED_VARIABLE = YES;
				IPHONEOS_DEPLOYMENT_TARGET = 6.0;
				SDKROOT = iphoneos;
				VALIDATE_PRODUCT = YES;
				VALID_ARCHS = "arm64 armv7";
			};
			name = Release;
		};
		29133460149646BB006D8A8C /* Debug */ = {
			isa = XCBuildConfiguration;
			buildSettings = {
				DSTROOT = /tmp/KalturaClient.dst;
				GCC_PRECOMPILE_PREFIX_HEADER = YES;
				GCC_PREFIX_HEADER = "KalturaClient/KalturaClient-Prefix.pch";
				GCC_VERSION = "";
				HEADER_SEARCH_PATHS = /usr/include/libxml2;
				OTHER_LDFLAGS = "-ObjC";
				PRODUCT_NAME = "$(TARGET_NAME)";
				SKIP_INSTALL = YES;
			};
			name = Debug;
		};
		29133461149646BB006D8A8C /* Release */ = {
			isa = XCBuildConfiguration;
			buildSettings = {
				DSTROOT = /tmp/KalturaClient.dst;
				GCC_PRECOMPILE_PREFIX_HEADER = YES;
				GCC_PREFIX_HEADER = "KalturaClient/KalturaClient-Prefix.pch";
				GCC_VERSION = "";
				HEADER_SEARCH_PATHS = /usr/include/libxml2;
				OTHER_LDFLAGS = "-ObjC";
				PRODUCT_NAME = "$(TARGET_NAME)";
				SKIP_INSTALL = YES;
			};
			name = Release;
		};
/* End XCBuildConfiguration section */

/* Begin XCConfigurationList section */
		2913344C149646BB006D8A8C /* Build configuration list for PBXProject "KalturaClient" */ = {
			isa = XCConfigurationList;
			buildConfigurations = (
				2913345D149646BB006D8A8C /* Debug */,
				2913345E149646BB006D8A8C /* Release */,
			);
			defaultConfigurationIsVisible = 0;
			defaultConfigurationName = Release;
		};
		2913345F149646BB006D8A8C /* Build configuration list for PBXNativeTarget "KalturaClient" */ = {
			isa = XCConfigurationList;
			buildConfigurations = (
				29133460149646BB006D8A8C /* Debug */,
				29133461149646BB006D8A8C /* Release */,
			);
			defaultConfigurationIsVisible = 0;
			defaultConfigurationName = Release;
		};
/* End XCConfigurationList section */
	};
	rootObject = 29133449149646BB006D8A8C /* Project object */;
}
